<?xml version="1.0" encoding="utf-8"?>
<Project ToolsVersion="17.0" xmlns="http://schemas.microsoft.com/developer/msbuild/2003">
  <ItemGroup>
    <ClCompile Include="C:\Esenthel\ThirdPartyLibs\AOM\Windows\config\aom_config.c">
      <Filter>Source Files</Filter>
    </ClCompile>
    <ClCompile Include="C:\Esenthel\ThirdPartyLibs\AOM\lib\aom\src\aom_codec.c">
      <Filter>Source Files</Filter>
    </ClCompile>
    <ClCompile Include="C:\Esenthel\ThirdPartyLibs\AOM\lib\aom\src\aom_decoder.c">
      <Filter>Source Files</Filter>
    </ClCompile>
    <ClCompile Include="C:\Esenthel\ThirdPartyLibs\AOM\lib\aom\src\aom_encoder.c">
      <Filter>Source Files</Filter>
    </ClCompile>
    <ClCompile Include="C:\Esenthel\ThirdPartyLibs\AOM\lib\aom\src\aom_image.c">
      <Filter>Source Files</Filter>
    </ClCompile>
    <ClCompile Include="C:\Esenthel\ThirdPartyLibs\AOM\lib\aom\src\aom_integer.c">
      <Filter>Source Files</Filter>
    </ClCompile>
  </ItemGroup>
  <ItemGroup>
    <ClInclude Include="C:\Esenthel\ThirdPartyLibs\AOM\Windows\config\aom_config.h">
      <Filter>Header Files</Filter>
    </ClInclude>
    <ClInclude Include="C:\Esenthel\ThirdPartyLibs\AOM\lib\aom\aom.h">
      <Filter>Header Files</Filter>
    </ClInclude>
    <ClInclude Include="C:\Esenthel\ThirdPartyLibs\AOM\lib\aom\aom_codec.h">
      <Filter>Header Files</Filter>
    </ClInclude>
    <ClInclude Include="C:\Esenthel\ThirdPartyLibs\AOM\lib\aom\aom_decoder.h">
      <Filter>Header Files</Filter>
    </ClInclude>
    <ClInclude Include="C:\Esenthel\ThirdPartyLibs\AOM\lib\aom\aom_encoder.h">
      <Filter>Header Files</Filter>
    </ClInclude>
    <ClInclude Include="C:\Esenthel\ThirdPartyLibs\AOM\lib\aom\aom_external_partition.h">
      <Filter>Header Files</Filter>
    </ClInclude>
    <ClInclude Include="C:\Esenthel\ThirdPartyLibs\AOM\lib\aom\aom_frame_buffer.h">
      <Filter>Header Files</Filter>
    </ClInclude>
    <ClInclude Include="C:\Esenthel\ThirdPartyLibs\AOM\lib\aom\aom_image.h">
      <Filter>Header Files</Filter>
    </ClInclude>
    <ClInclude Include="C:\Esenthel\ThirdPartyLibs\AOM\lib\aom\aom_integer.h">
      <Filter>Header Files</Filter>
    </ClInclude>
    <ClInclude Include="C:\Esenthel\ThirdPartyLibs\AOM\lib\aom\aomcx.h">
      <Filter>Header Files</Filter>
    </ClInclude>
    <ClInclude Include="C:\Esenthel\ThirdPartyLibs\AOM\lib\aom\aomdx.h">
      <Filter>Header Files</Filter>
    </ClInclude>
    <ClInclude Include="C:\Esenthel\ThirdPartyLibs\AOM\lib\aom\internal\aom_codec_internal.h">
      <Filter>Header Files</Filter>
    </ClInclude>
    <ClInclude Include="C:\Esenthel\ThirdPartyLibs\AOM\lib\aom\internal\aom_image_internal.h">
      <Filter>Header Files</Filter>
    </ClInclude>
  </ItemGroup>
  <ItemGroup>
    <CustomBuild Include="C:\Esenthel\ThirdPartyLibs\AOM\Windows\CMakeFiles\7e00bf28be3bd553d4e0a315704c76e8\aom_high_subpixel_8t_sse2.asm.o.rule">
      <Filter>CMake Rules</Filter>
    </CustomBuild>
    <CustomBuild Include="C:\Esenthel\ThirdPartyLibs\AOM\Windows\CMakeFiles\7e00bf28be3bd553d4e0a315704c76e8\aom_high_subpixel_bilinear_sse2.asm.o.rule">
      <Filter>CMake Rules</Filter>
    </CustomBuild>
    <CustomBuild Include="C:\Esenthel\ThirdPartyLibs\AOM\Windows\CMakeFiles\7e00bf28be3bd553d4e0a315704c76e8\aom_subpixel_8t_sse2.asm.o.rule">
      <Filter>CMake Rules</Filter>
    </CustomBuild>
    <CustomBuild Include="C:\Esenthel\ThirdPartyLibs\AOM\Windows\CMakeFiles\7e00bf28be3bd553d4e0a315704c76e8\aom_subpixel_bilinear_sse2.asm.o.rule">
      <Filter>CMake Rules</Filter>
    </CustomBuild>
    <CustomBuild Include="C:\Esenthel\ThirdPartyLibs\AOM\Windows\CMakeFiles\7e00bf28be3bd553d4e0a315704c76e8\highbd_intrapred_asm_sse2.asm.o.rule">
      <Filter>CMake Rules</Filter>
    </CustomBuild>
    <CustomBuild Include="C:\Esenthel\ThirdPartyLibs\AOM\Windows\CMakeFiles\7e00bf28be3bd553d4e0a315704c76e8\intrapred_asm_sse2.asm.o.rule">
      <Filter>CMake Rules</Filter>
    </CustomBuild>
    <CustomBuild Include="C:\Esenthel\ThirdPartyLibs\AOM\Windows\CMakeFiles\7e00bf28be3bd553d4e0a315704c76e8\inv_wht_sse2.asm.o.rule">
      <Filter>CMake Rules</Filter>
    </CustomBuild>
    <CustomBuild Include="C:\Esenthel\ThirdPartyLibs\AOM\Windows\CMakeFiles\43df21840e54e25cf1b625e25f389233\sad4d_sse2.asm.o.rule">
      <Filter>CMake Rules</Filter>
    </CustomBuild>
    <CustomBuild Include="C:\Esenthel\ThirdPartyLibs\AOM\Windows\CMakeFiles\43df21840e54e25cf1b625e25f389233\sad_sse2.asm.o.rule">
      <Filter>CMake Rules</Filter>
    </CustomBuild>
    <CustomBuild Include="C:\Esenthel\ThirdPartyLibs\AOM\Windows\CMakeFiles\43df21840e54e25cf1b625e25f389233\subpel_variance_sse2.asm.o.rule">
      <Filter>CMake Rules</Filter>
    </CustomBuild>
    <CustomBuild Include="C:\Esenthel\ThirdPartyLibs\AOM\Windows\CMakeFiles\43df21840e54e25cf1b625e25f389233\subtract_sse2.asm.o.rule">
      <Filter>CMake Rules</Filter>
    </CustomBuild>
    <CustomBuild Include="C:\Esenthel\ThirdPartyLibs\AOM\Windows\CMakeFiles\43df21840e54e25cf1b625e25f389233\highbd_sad4d_sse2.asm.o.rule">
      <Filter>CMake Rules</Filter>
    </CustomBuild>
    <CustomBuild Include="C:\Esenthel\ThirdPartyLibs\AOM\Windows\CMakeFiles\43df21840e54e25cf1b625e25f389233\highbd_sad_sse2.asm.o.rule">
      <Filter>CMake Rules</Filter>
    </CustomBuild>
    <CustomBuild Include="C:\Esenthel\ThirdPartyLibs\AOM\Windows\CMakeFiles\43df21840e54e25cf1b625e25f389233\highbd_subpel_variance_impl_sse2.asm.o.rule">
      <Filter>CMake Rules</Filter>
    </CustomBuild>
    <CustomBuild Include="C:\Esenthel\ThirdPartyLibs\AOM\Windows\CMakeFiles\43df21840e54e25cf1b625e25f389233\highbd_variance_impl_sse2.asm.o.rule">
      <Filter>CMake Rules</Filter>
    </CustomBuild>
    <CustomBuild Include="C:\Esenthel\ThirdPartyLibs\AOM\Windows\CMakeFiles\43df21840e54e25cf1b625e25f389233\ssim_sse2_x86_64.asm.o.rule">
      <Filter>CMake Rules</Filter>
    </CustomBuild>
    <CustomBuild Include="C:\Esenthel\ThirdPartyLibs\AOM\Windows\CMakeFiles\96ddc950093dcae1a9408ea497cfba8f\aom_subpixel_8t_ssse3.asm.o.rule">
      <Filter>CMake Rules</Filter>
    </CustomBuild>
    <CustomBuild Include="C:\Esenthel\ThirdPartyLibs\AOM\Windows\CMakeFiles\96ddc950093dcae1a9408ea497cfba8f\aom_subpixel_bilinear_ssse3.asm.o.rule">
      <Filter>CMake Rules</Filter>
    </CustomBuild>
    <CustomBuild Include="C:\Esenthel\ThirdPartyLibs\AOM\Windows\CMakeFiles\ed69913e0f941503a14b597df2f3080b\fwd_txfm_ssse3_x86_64.asm.o.rule">
      <Filter>CMake Rules</Filter>
    </CustomBuild>
    <CustomBuild Include="C:\Esenthel\ThirdPartyLibs\AOM\Windows\CMakeFiles\ed69913e0f941503a14b597df2f3080b\quantize_ssse3_x86_64.asm.o.rule">
      <Filter>CMake Rules</Filter>
    </CustomBuild>
    <CustomBuild Include="C:\Esenthel\ThirdPartyLibs\AOM\Windows\CMakeFiles\ffe068704318f1b3fbbe1a9b518433dd\float.asm.o.rule">
      <Filter>CMake Rules</Filter>
    </CustomBuild>
    <CustomBuild Include="C:\Esenthel\ThirdPartyLibs\AOM\Windows\CMakeFiles\e5fb599f3be22066005c023cd47a31cd\dct_sse2.asm.o.rule">
      <Filter>CMake Rules</Filter>
    </CustomBuild>
    <CustomBuild Include="C:\Esenthel\ThirdPartyLibs\AOM\Windows\CMakeFiles\e5fb599f3be22066005c023cd47a31cd\error_sse2.asm.o.rule">
      <Filter>CMake Rules</Filter>
    </CustomBuild>
    <CustomBuild Include="C:\Esenthel\ThirdPartyLibs\AOM\Windows\CMakeFiles\cbeab54bf91e7a42de3c10fa6d81ca42\av1_quantize_ssse3_x86_64.asm.o.rule">
      <Filter>CMake Rules</Filter>
    </CustomBuild>
    <CustomBuild Include="C:\Esenthel\ThirdPartyLibs\AOM\lib\CMakeLists.txt" />
  </ItemGroup>
  <ItemGroup>
    <Object Include="C:\Esenthel\ThirdPartyLibs\AOM\Windows\aom_rtcd.dir\$(Configuration)\aom_dsp_rtcd.obj">
      <Filter>Object Libraries</Filter>
    </Object>
    <Object Include="C:\Esenthel\ThirdPartyLibs\AOM\Windows\aom_rtcd.dir\$(Configuration)\aom_scale_rtcd.obj">
      <Filter>Object Libraries</Filter>
    </Object>
    <Object Include="C:\Esenthel\ThirdPartyLibs\AOM\Windows\aom_rtcd.dir\$(Configuration)\av1_rtcd.obj">
      <Filter>Object Libraries</Filter>
    </Object>
    <Object Include="C:\Esenthel\ThirdPartyLibs\AOM\Windows\aom_dsp_common.dir\$(Configuration)\aom_convolve.obj">
      <Filter>Object Libraries</Filter>
    </Object>
    <Object Include="C:\Esenthel\ThirdPartyLibs\AOM\Windows\aom_dsp_common.dir\$(Configuration)\bitreader_buffer.obj">
      <Filter>Object Libraries</Filter>
    </Object>
    <Object Include="C:\Esenthel\ThirdPartyLibs\AOM\Windows\aom_dsp_common.dir\$(Configuration)\bitwriter_buffer.obj">
      <Filter>Object Libraries</Filter>
    </Object>
    <Object Include="C:\Esenthel\ThirdPartyLibs\AOM\Windows\aom_dsp_common.dir\$(Configuration)\blend_a64_hmask.obj">
      <Filter>Object Libraries</Filter>
    </Object>
    <Object Include="C:\Esenthel\ThirdPartyLibs\AOM\Windows\aom_dsp_common.dir\$(Configuration)\blend_a64_mask.obj">
      <Filter>Object Libraries</Filter>
    </Object>
    <Object Include="C:\Esenthel\ThirdPartyLibs\AOM\Windows\aom_dsp_common.dir\$(Configuration)\blend_a64_vmask.obj">
      <Filter>Object Libraries</Filter>
    </Object>
    <Object Include="C:\Esenthel\ThirdPartyLibs\AOM\Windows\aom_dsp_common.dir\$(Configuration)\entcode.obj">
      <Filter>Object Libraries</Filter>
    </Object>
    <Object Include="C:\Esenthel\ThirdPartyLibs\AOM\Windows\aom_dsp_common.dir\$(Configuration)\fft.obj">
      <Filter>Object Libraries</Filter>
    </Object>
    <Object Include="C:\Esenthel\ThirdPartyLibs\AOM\Windows\aom_dsp_common.dir\$(Configuration)\intrapred.obj">
      <Filter>Object Libraries</Filter>
    </Object>
    <Object Include="C:\Esenthel\ThirdPartyLibs\AOM\Windows\aom_dsp_common.dir\$(Configuration)\loopfilter.obj">
      <Filter>Object Libraries</Filter>
    </Object>
    <Object Include="C:\Esenthel\ThirdPartyLibs\AOM\Windows\aom_dsp_common.dir\$(Configuration)\odintrin.obj">
      <Filter>Object Libraries</Filter>
    </Object>
    <Object Include="C:\Esenthel\ThirdPartyLibs\AOM\Windows\aom_dsp_common.dir\$(Configuration)\subtract.obj">
      <Filter>Object Libraries</Filter>
    </Object>
    <Object Include="C:\Esenthel\ThirdPartyLibs\AOM\Windows\aom_dsp_decoder.dir\$(Configuration)\binary_codes_reader.obj">
      <Filter>Object Libraries</Filter>
    </Object>
    <Object Include="C:\Esenthel\ThirdPartyLibs\AOM\Windows\aom_dsp_decoder.dir\$(Configuration)\bitreader.obj">
      <Filter>Object Libraries</Filter>
    </Object>
    <Object Include="C:\Esenthel\ThirdPartyLibs\AOM\Windows\aom_dsp_decoder.dir\$(Configuration)\entdec.obj">
      <Filter>Object Libraries</Filter>
    </Object>
    <Object Include="C:\Esenthel\ThirdPartyLibs\AOM\Windows\aom_dsp_encoder.dir\$(Configuration)\avg.obj">
      <Filter>Object Libraries</Filter>
    </Object>
    <Object Include="C:\Esenthel\ThirdPartyLibs\AOM\Windows\aom_dsp_encoder.dir\$(Configuration)\binary_codes_writer.obj">
      <Filter>Object Libraries</Filter>
    </Object>
    <Object Include="C:\Esenthel\ThirdPartyLibs\AOM\Windows\aom_dsp_encoder.dir\$(Configuration)\bitwriter.obj">
      <Filter>Object Libraries</Filter>
    </Object>
    <Object Include="C:\Esenthel\ThirdPartyLibs\AOM\Windows\aom_dsp_encoder.dir\$(Configuration)\blk_sse_sum.obj">
      <Filter>Object Libraries</Filter>
    </Object>
    <Object Include="C:\Esenthel\ThirdPartyLibs\AOM\Windows\aom_dsp_encoder.dir\$(Configuration)\entenc.obj">
      <Filter>Object Libraries</Filter>
    </Object>
    <Object Include="C:\Esenthel\ThirdPartyLibs\AOM\Windows\aom_dsp_encoder.dir\$(Configuration)\fwd_txfm.obj">
      <Filter>Object Libraries</Filter>
    </Object>
    <Object Include="C:\Esenthel\ThirdPartyLibs\AOM\Windows\aom_dsp_encoder.dir\$(Configuration)\grain_table.obj">
      <Filter>Object Libraries</Filter>
    </Object>
    <Object Include="C:\Esenthel\ThirdPartyLibs\AOM\Windows\aom_dsp_encoder.dir\$(Configuration)\noise_model.obj">
      <Filter>Object Libraries</Filter>
    </Object>
    <Object Include="C:\Esenthel\ThirdPartyLibs\AOM\Windows\aom_dsp_encoder.dir\$(Configuration)\noise_util.obj">
      <Filter>Object Libraries</Filter>
    </Object>
    <Object Include="C:\Esenthel\ThirdPartyLibs\AOM\Windows\aom_dsp_encoder.dir\$(Configuration)\psnr.obj">
      <Filter>Object Libraries</Filter>
    </Object>
    <Object Include="C:\Esenthel\ThirdPartyLibs\AOM\Windows\aom_dsp_encoder.dir\$(Configuration)\quantize.obj">
      <Filter>Object Libraries</Filter>
    </Object>
    <Object Include="C:\Esenthel\ThirdPartyLibs\AOM\Windows\aom_dsp_encoder.dir\$(Configuration)\sad.obj">
      <Filter>Object Libraries</Filter>
    </Object>
    <Object Include="C:\Esenthel\ThirdPartyLibs\AOM\Windows\aom_dsp_encoder.dir\$(Configuration)\sad_av1.obj">
      <Filter>Object Libraries</Filter>
    </Object>
    <Object Include="C:\Esenthel\ThirdPartyLibs\AOM\Windows\aom_dsp_encoder.dir\$(Configuration)\sse.obj">
      <Filter>Object Libraries</Filter>
    </Object>
    <Object Include="C:\Esenthel\ThirdPartyLibs\AOM\Windows\aom_dsp_encoder.dir\$(Configuration)\ssim.obj">
      <Filter>Object Libraries</Filter>
    </Object>
    <Object Include="C:\Esenthel\ThirdPartyLibs\AOM\Windows\aom_dsp_encoder.dir\$(Configuration)\sum_squares.obj">
      <Filter>Object Libraries</Filter>
    </Object>
    <Object Include="C:\Esenthel\ThirdPartyLibs\AOM\Windows\aom_dsp_encoder.dir\$(Configuration)\variance.obj">
      <Filter>Object Libraries</Filter>
    </Object>
    <Object Include="C:\Esenthel\ThirdPartyLibs\AOM\Windows\aom_dsp_encoder.dir\$(Configuration)\corner_detect.obj">
      <Filter>Object Libraries</Filter>
    </Object>
    <Object Include="C:\Esenthel\ThirdPartyLibs\AOM\Windows\aom_dsp_encoder.dir\$(Configuration)\corner_match.obj">
      <Filter>Object Libraries</Filter>
    </Object>
    <Object Include="C:\Esenthel\ThirdPartyLibs\AOM\Windows\aom_dsp_encoder.dir\$(Configuration)\disflow.obj">
      <Filter>Object Libraries</Filter>
    </Object>
    <Object Include="C:\Esenthel\ThirdPartyLibs\AOM\Windows\aom_dsp_encoder.dir\$(Configuration)\flow_estimation.obj">
      <Filter>Object Libraries</Filter>
    </Object>
    <Object Include="C:\Esenthel\ThirdPartyLibs\AOM\Windows\aom_dsp_encoder.dir\$(Configuration)\ransac.obj">
      <Filter>Object Libraries</Filter>
    </Object>
    <Object Include="C:\Esenthel\ThirdPartyLibs\AOM\Windows\asm_objects\aom_dsp_common_sse2_static\aom_high_subpixel_8t_sse2.asm.o">
      <Filter>Object Files</Filter>
    </Object>
    <Object Include="C:\Esenthel\ThirdPartyLibs\AOM\Windows\asm_objects\aom_dsp_common_sse2_static\aom_high_subpixel_bilinear_sse2.asm.o">
      <Filter>Object Files</Filter>
    </Object>
    <Object Include="C:\Esenthel\ThirdPartyLibs\AOM\Windows\asm_objects\aom_dsp_common_sse2_static\aom_subpixel_8t_sse2.asm.o">
      <Filter>Object Files</Filter>
    </Object>
    <Object Include="C:\Esenthel\ThirdPartyLibs\AOM\Windows\asm_objects\aom_dsp_common_sse2_static\aom_subpixel_bilinear_sse2.asm.o">
      <Filter>Object Files</Filter>
    </Object>
    <Object Include="C:\Esenthel\ThirdPartyLibs\AOM\Windows\asm_objects\aom_dsp_common_sse2_static\highbd_intrapred_asm_sse2.asm.o">
      <Filter>Object Files</Filter>
    </Object>
    <Object Include="C:\Esenthel\ThirdPartyLibs\AOM\Windows\asm_objects\aom_dsp_common_sse2_static\intrapred_asm_sse2.asm.o">
      <Filter>Object Files</Filter>
    </Object>
    <Object Include="C:\Esenthel\ThirdPartyLibs\AOM\Windows\asm_objects\aom_dsp_common_sse2_static\inv_wht_sse2.asm.o">
      <Filter>Object Files</Filter>
    </Object>
    <Object Include="C:\Esenthel\ThirdPartyLibs\AOM\Windows\aom_dsp_common_sse2_intrinsics.dir\$(Configuration)\aom_convolve_copy_sse2.obj">
      <Filter>Object Libraries</Filter>
    </Object>
    <Object Include="C:\Esenthel\ThirdPartyLibs\AOM\Windows\aom_dsp_common_sse2_intrinsics.dir\$(Configuration)\aom_subpixel_8t_intrin_sse2.obj">
      <Filter>Object Libraries</Filter>
    </Object>
    <Object Include="C:\Esenthel\ThirdPartyLibs\AOM\Windows\aom_dsp_common_sse2_intrinsics.dir\$(Configuration)\aom_asm_stubs.obj">
      <Filter>Object Libraries</Filter>
    </Object>
    <Object Include="C:\Esenthel\ThirdPartyLibs\AOM\Windows\aom_dsp_common_sse2_intrinsics.dir\$(Configuration)\fft_sse2.obj">
      <Filter>Object Libraries</Filter>
    </Object>
    <Object Include="C:\Esenthel\ThirdPartyLibs\AOM\Windows\aom_dsp_common_sse2_intrinsics.dir\$(Configuration)\highbd_intrapred_sse2.obj">
      <Filter>Object Libraries</Filter>
    </Object>
    <Object Include="C:\Esenthel\ThirdPartyLibs\AOM\Windows\aom_dsp_common_sse2_intrinsics.dir\$(Configuration)\intrapred_sse2.obj">
      <Filter>Object Libraries</Filter>
    </Object>
    <Object Include="C:\Esenthel\ThirdPartyLibs\AOM\Windows\aom_dsp_common_sse2_intrinsics.dir\$(Configuration)\loopfilter_sse2.obj">
      <Filter>Object Libraries</Filter>
    </Object>
    <Object Include="C:\Esenthel\ThirdPartyLibs\AOM\Windows\aom_dsp_common_sse2_intrinsics.dir\$(Configuration)\highbd_convolve_sse2.obj">
      <Filter>Object Libraries</Filter>
    </Object>
    <Object Include="C:\Esenthel\ThirdPartyLibs\AOM\Windows\aom_dsp_common_sse2_intrinsics.dir\$(Configuration)\highbd_loopfilter_sse2.obj">
      <Filter>Object Libraries</Filter>
    </Object>
    <Object Include="C:\Esenthel\ThirdPartyLibs\AOM\Windows\asm_objects\aom_dsp_encoder_sse2_static\sad4d_sse2.asm.o">
      <Filter>Object Files</Filter>
    </Object>
    <Object Include="C:\Esenthel\ThirdPartyLibs\AOM\Windows\asm_objects\aom_dsp_encoder_sse2_static\sad_sse2.asm.o">
      <Filter>Object Files</Filter>
    </Object>
    <Object Include="C:\Esenthel\ThirdPartyLibs\AOM\Windows\asm_objects\aom_dsp_encoder_sse2_static\subpel_variance_sse2.asm.o">
      <Filter>Object Files</Filter>
    </Object>
    <Object Include="C:\Esenthel\ThirdPartyLibs\AOM\Windows\asm_objects\aom_dsp_encoder_sse2_static\subtract_sse2.asm.o">
      <Filter>Object Files</Filter>
    </Object>
    <Object Include="C:\Esenthel\ThirdPartyLibs\AOM\Windows\asm_objects\aom_dsp_encoder_sse2_static\highbd_sad4d_sse2.asm.o">
      <Filter>Object Files</Filter>
    </Object>
    <Object Include="C:\Esenthel\ThirdPartyLibs\AOM\Windows\asm_objects\aom_dsp_encoder_sse2_static\highbd_sad_sse2.asm.o">
      <Filter>Object Files</Filter>
    </Object>
    <Object Include="C:\Esenthel\ThirdPartyLibs\AOM\Windows\asm_objects\aom_dsp_encoder_sse2_static\highbd_subpel_variance_impl_sse2.asm.o">
      <Filter>Object Files</Filter>
    </Object>
    <Object Include="C:\Esenthel\ThirdPartyLibs\AOM\Windows\asm_objects\aom_dsp_encoder_sse2_static\highbd_variance_impl_sse2.asm.o">
      <Filter>Object Files</Filter>
    </Object>
    <Object Include="C:\Esenthel\ThirdPartyLibs\AOM\Windows\asm_objects\aom_dsp_encoder_sse2_static\ssim_sse2_x86_64.asm.o">
      <Filter>Object Files</Filter>
    </Object>
    <Object Include="C:\Esenthel\ThirdPartyLibs\AOM\Windows\aom_dsp_encoder_sse2_intrinsics.dir\$(Configuration)\avg_intrin_sse2.obj">
      <Filter>Object Libraries</Filter>
    </Object>
    <Object Include="C:\Esenthel\ThirdPartyLibs\AOM\Windows\aom_dsp_encoder_sse2_intrinsics.dir\$(Configuration)\fwd_txfm_sse2.obj">
      <Filter>Object Libraries</Filter>
    </Object>
    <Object Include="C:\Esenthel\ThirdPartyLibs\AOM\Windows\aom_dsp_encoder_sse2_intrinsics.dir\$(Configuration)\quantize_sse2.obj">
      <Filter>Object Libraries</Filter>
    </Object>
    <Object Include="C:\Esenthel\ThirdPartyLibs\AOM\Windows\aom_dsp_encoder_sse2_intrinsics.dir\$(Configuration)\adaptive_quantize_sse2.obj">
      <Filter>Object Libraries</Filter>
    </Object>
    <Object Include="C:\Esenthel\ThirdPartyLibs\AOM\Windows\aom_dsp_encoder_sse2_intrinsics.dir\$(Configuration)\blk_sse_sum_sse2.obj">
      <Filter>Object Libraries</Filter>
    </Object>
    <Object Include="C:\Esenthel\ThirdPartyLibs\AOM\Windows\aom_dsp_encoder_sse2_intrinsics.dir\$(Configuration)\sum_squares_sse2.obj">
      <Filter>Object Libraries</Filter>
    </Object>
    <Object Include="C:\Esenthel\ThirdPartyLibs\AOM\Windows\aom_dsp_encoder_sse2_intrinsics.dir\$(Configuration)\variance_sse2.obj">
      <Filter>Object Libraries</Filter>
    </Object>
    <Object Include="C:\Esenthel\ThirdPartyLibs\AOM\Windows\aom_dsp_encoder_sse2_intrinsics.dir\$(Configuration)\highbd_adaptive_quantize_sse2.obj">
      <Filter>Object Libraries</Filter>
    </Object>
    <Object Include="C:\Esenthel\ThirdPartyLibs\AOM\Windows\aom_dsp_encoder_sse2_intrinsics.dir\$(Configuration)\highbd_quantize_intrin_sse2.obj">
      <Filter>Object Libraries</Filter>
    </Object>
    <Object Include="C:\Esenthel\ThirdPartyLibs\AOM\Windows\aom_dsp_encoder_sse2_intrinsics.dir\$(Configuration)\highbd_subtract_sse2.obj">
      <Filter>Object Libraries</Filter>
    </Object>
    <Object Include="C:\Esenthel\ThirdPartyLibs\AOM\Windows\aom_dsp_encoder_sse2_intrinsics.dir\$(Configuration)\highbd_variance_sse2.obj">
      <Filter>Object Libraries</Filter>
    </Object>
    <Object Include="C:\Esenthel\ThirdPartyLibs\AOM\Windows\asm_objects\aom_dsp_common_ssse3_static\aom_subpixel_8t_ssse3.asm.o">
      <Filter>Object Files</Filter>
    </Object>
    <Object Include="C:\Esenthel\ThirdPartyLibs\AOM\Windows\asm_objects\aom_dsp_common_ssse3_static\aom_subpixel_bilinear_ssse3.asm.o">
      <Filter>Object Files</Filter>
    </Object>
    <Object Include="C:\Esenthel\ThirdPartyLibs\AOM\Windows\aom_dsp_common_ssse3_intrinsics.dir\$(Configuration)\aom_subpixel_8t_intrin_ssse3.obj">
      <Filter>Object Libraries</Filter>
    </Object>
    <Object Include="C:\Esenthel\ThirdPartyLibs\AOM\Windows\aom_dsp_common_ssse3_intrinsics.dir\$(Configuration)\intrapred_ssse3.obj">
      <Filter>Object Libraries</Filter>
    </Object>
    <Object Include="C:\Esenthel\ThirdPartyLibs\AOM\Windows\aom_dsp_common_ssse3_intrinsics.dir\$(Configuration)\highbd_convolve_ssse3.obj">
      <Filter>Object Libraries</Filter>
    </Object>
    <Object Include="C:\Esenthel\ThirdPartyLibs\AOM\Windows\asm_objects\aom_dsp_encoder_ssse3_static\fwd_txfm_ssse3_x86_64.asm.o">
      <Filter>Object Files</Filter>
    </Object>
    <Object Include="C:\Esenthel\ThirdPartyLibs\AOM\Windows\asm_objects\aom_dsp_encoder_ssse3_static\quantize_ssse3_x86_64.asm.o">
      <Filter>Object Files</Filter>
    </Object>
    <Object Include="C:\Esenthel\ThirdPartyLibs\AOM\Windows\aom_dsp_encoder_ssse3_intrinsics.dir\$(Configuration)\masked_sad_intrin_ssse3.obj">
      <Filter>Object Libraries</Filter>
    </Object>
    <Object Include="C:\Esenthel\ThirdPartyLibs\AOM\Windows\aom_dsp_encoder_ssse3_intrinsics.dir\$(Configuration)\masked_sad4d_ssse3.obj">
      <Filter>Object Libraries</Filter>
    </Object>
    <Object Include="C:\Esenthel\ThirdPartyLibs\AOM\Windows\aom_dsp_encoder_ssse3_intrinsics.dir\$(Configuration)\masked_variance_intrin_ssse3.obj">
      <Filter>Object Libraries</Filter>
    </Object>
    <Object Include="C:\Esenthel\ThirdPartyLibs\AOM\Windows\aom_dsp_encoder_ssse3_intrinsics.dir\$(Configuration)\quantize_ssse3.obj">
      <Filter>Object Libraries</Filter>
    </Object>
    <Object Include="C:\Esenthel\ThirdPartyLibs\AOM\Windows\aom_dsp_encoder_ssse3_intrinsics.dir\$(Configuration)\variance_impl_ssse3.obj">
      <Filter>Object Libraries</Filter>
    </Object>
    <Object Include="C:\Esenthel\ThirdPartyLibs\AOM\Windows\aom_dsp_encoder_ssse3_intrinsics.dir\$(Configuration)\jnt_variance_ssse3.obj">
      <Filter>Object Libraries</Filter>
    </Object>
    <Object Include="C:\Esenthel\ThirdPartyLibs\AOM\Windows\aom_dsp_encoder_ssse3_intrinsics.dir\$(Configuration)\jnt_sad_ssse3.obj">
      <Filter>Object Libraries</Filter>
    </Object>
    <Object Include="C:\Esenthel\ThirdPartyLibs\AOM\Windows\aom_dsp_common_sse4_1_intrinsics.dir\$(Configuration)\blend_a64_hmask_sse4.obj">
      <Filter>Object Libraries</Filter>
    </Object>
    <Object Include="C:\Esenthel\ThirdPartyLibs\AOM\Windows\aom_dsp_common_sse4_1_intrinsics.dir\$(Configuration)\blend_a64_mask_sse4.obj">
      <Filter>Object Libraries</Filter>
    </Object>
    <Object Include="C:\Esenthel\ThirdPartyLibs\AOM\Windows\aom_dsp_common_sse4_1_intrinsics.dir\$(Configuration)\blend_a64_vmask_sse4.obj">
      <Filter>Object Libraries</Filter>
    </Object>
    <Object Include="C:\Esenthel\ThirdPartyLibs\AOM\Windows\aom_dsp_common_sse4_1_intrinsics.dir\$(Configuration)\intrapred_sse4.obj">
      <Filter>Object Libraries</Filter>
    </Object>
    <Object Include="C:\Esenthel\ThirdPartyLibs\AOM\Windows\aom_dsp_encoder_sse4_1_intrinsics.dir\$(Configuration)\corner_match_sse4.obj">
      <Filter>Object Libraries</Filter>
    </Object>
    <Object Include="C:\Esenthel\ThirdPartyLibs\AOM\Windows\aom_dsp_encoder_sse4_1_intrinsics.dir\$(Configuration)\avg_intrin_sse4.obj">
      <Filter>Object Libraries</Filter>
    </Object>
    <Object Include="C:\Esenthel\ThirdPartyLibs\AOM\Windows\aom_dsp_encoder_sse4_1_intrinsics.dir\$(Configuration)\sse_sse4.obj">
      <Filter>Object Libraries</Filter>
    </Object>
    <Object Include="C:\Esenthel\ThirdPartyLibs\AOM\Windows\aom_dsp_encoder_sse4_1_intrinsics.dir\$(Configuration)\obmc_sad_sse4.obj">
      <Filter>Object Libraries</Filter>
    </Object>
    <Object Include="C:\Esenthel\ThirdPartyLibs\AOM\Windows\aom_dsp_encoder_sse4_1_intrinsics.dir\$(Configuration)\obmc_variance_sse4.obj">
      <Filter>Object Libraries</Filter>
    </Object>
    <Object Include="C:\Esenthel\ThirdPartyLibs\AOM\Windows\aom_dsp_encoder_sse4_1_intrinsics.dir\$(Configuration)\highbd_variance_sse4.obj">
      <Filter>Object Libraries</Filter>
    </Object>
    <Object Include="C:\Esenthel\ThirdPartyLibs\AOM\Windows\aom_dsp_encoder_avx_intrinsics.dir\$(Configuration)\aom_quantize_avx.obj">
      <Filter>Object Libraries</Filter>
    </Object>
    <Object Include="C:\Esenthel\ThirdPartyLibs\AOM\Windows\aom_dsp_common_avx2_intrinsics.dir\$(Configuration)\aom_convolve_copy_avx2.obj">
      <Filter>Object Libraries</Filter>
    </Object>
    <Object Include="C:\Esenthel\ThirdPartyLibs\AOM\Windows\aom_dsp_common_avx2_intrinsics.dir\$(Configuration)\aom_subpixel_8t_intrin_avx2.obj">
      <Filter>Object Libraries</Filter>
    </Object>
    <Object Include="C:\Esenthel\ThirdPartyLibs\AOM\Windows\aom_dsp_common_avx2_intrinsics.dir\$(Configuration)\fft_avx2.obj">
      <Filter>Object Libraries</Filter>
    </Object>
    <Object Include="C:\Esenthel\ThirdPartyLibs\AOM\Windows\aom_dsp_common_avx2_intrinsics.dir\$(Configuration)\intrapred_avx2.obj">
      <Filter>Object Libraries</Filter>
    </Object>
    <Object Include="C:\Esenthel\ThirdPartyLibs\AOM\Windows\aom_dsp_common_avx2_intrinsics.dir\$(Configuration)\loopfilter_avx2.obj">
      <Filter>Object Libraries</Filter>
    </Object>
    <Object Include="C:\Esenthel\ThirdPartyLibs\AOM\Windows\aom_dsp_common_avx2_intrinsics.dir\$(Configuration)\blend_a64_mask_avx2.obj">
      <Filter>Object Libraries</Filter>
    </Object>
    <Object Include="C:\Esenthel\ThirdPartyLibs\AOM\Windows\aom_dsp_common_avx2_intrinsics.dir\$(Configuration)\highbd_convolve_avx2.obj">
      <Filter>Object Libraries</Filter>
    </Object>
    <Object Include="C:\Esenthel\ThirdPartyLibs\AOM\Windows\aom_dsp_common_avx2_intrinsics.dir\$(Configuration)\highbd_loopfilter_avx2.obj">
      <Filter>Object Libraries</Filter>
    </Object>
    <Object Include="C:\Esenthel\ThirdPartyLibs\AOM\Windows\aom_dsp_encoder_avx2_intrinsics.dir\$(Configuration)\corner_match_avx2.obj">
      <Filter>Object Libraries</Filter>
    </Object>
    <Object Include="C:\Esenthel\ThirdPartyLibs\AOM\Windows\aom_dsp_encoder_avx2_intrinsics.dir\$(Configuration)\avg_intrin_avx2.obj">
      <Filter>Object Libraries</Filter>
    </Object>
    <Object Include="C:\Esenthel\ThirdPartyLibs\AOM\Windows\aom_dsp_encoder_avx2_intrinsics.dir\$(Configuration)\masked_sad_intrin_avx2.obj">
      <Filter>Object Libraries</Filter>
    </Object>
    <Object Include="C:\Esenthel\ThirdPartyLibs\AOM\Windows\aom_dsp_encoder_avx2_intrinsics.dir\$(Configuration)\subtract_avx2.obj">
      <Filter>Object Libraries</Filter>
    </Object>
    <Object Include="C:\Esenthel\ThirdPartyLibs\AOM\Windows\aom_dsp_encoder_avx2_intrinsics.dir\$(Configuration)\highbd_quantize_intrin_avx2.obj">
      <Filter>Object Libraries</Filter>
    </Object>
    <Object Include="C:\Esenthel\ThirdPartyLibs\AOM\Windows\aom_dsp_encoder_avx2_intrinsics.dir\$(Configuration)\adaptive_quantize_avx2.obj">
      <Filter>Object Libraries</Filter>
    </Object>
    <Object Include="C:\Esenthel\ThirdPartyLibs\AOM\Windows\aom_dsp_encoder_avx2_intrinsics.dir\$(Configuration)\highbd_adaptive_quantize_avx2.obj">
      <Filter>Object Libraries</Filter>
    </Object>
    <Object Include="C:\Esenthel\ThirdPartyLibs\AOM\Windows\aom_dsp_encoder_avx2_intrinsics.dir\$(Configuration)\quantize_avx2.obj">
      <Filter>Object Libraries</Filter>
    </Object>
    <Object Include="C:\Esenthel\ThirdPartyLibs\AOM\Windows\aom_dsp_encoder_avx2_intrinsics.dir\$(Configuration)\sad4d_avx2.obj">
      <Filter>Object Libraries</Filter>
    </Object>
    <Object Include="C:\Esenthel\ThirdPartyLibs\AOM\Windows\aom_dsp_encoder_avx2_intrinsics.dir\$(Configuration)\sad_avx2.obj">
      <Filter>Object Libraries</Filter>
    </Object>
    <Object Include="C:\Esenthel\ThirdPartyLibs\AOM\Windows\aom_dsp_encoder_avx2_intrinsics.dir\$(Configuration)\highbd_sad_avx2.obj">
      <Filter>Object Libraries</Filter>
    </Object>
    <Object Include="C:\Esenthel\ThirdPartyLibs\AOM\Windows\aom_dsp_encoder_avx2_intrinsics.dir\$(Configuration)\sad_impl_avx2.obj">
      <Filter>Object Libraries</Filter>
    </Object>
    <Object Include="C:\Esenthel\ThirdPartyLibs\AOM\Windows\aom_dsp_encoder_avx2_intrinsics.dir\$(Configuration)\variance_avx2.obj">
      <Filter>Object Libraries</Filter>
    </Object>
    <Object Include="C:\Esenthel\ThirdPartyLibs\AOM\Windows\aom_dsp_encoder_avx2_intrinsics.dir\$(Configuration)\sse_avx2.obj">
      <Filter>Object Libraries</Filter>
    </Object>
    <Object Include="C:\Esenthel\ThirdPartyLibs\AOM\Windows\aom_dsp_encoder_avx2_intrinsics.dir\$(Configuration)\variance_impl_avx2.obj">
      <Filter>Object Libraries</Filter>
    </Object>
    <Object Include="C:\Esenthel\ThirdPartyLibs\AOM\Windows\aom_dsp_encoder_avx2_intrinsics.dir\$(Configuration)\obmc_sad_avx2.obj">
      <Filter>Object Libraries</Filter>
    </Object>
    <Object Include="C:\Esenthel\ThirdPartyLibs\AOM\Windows\aom_dsp_encoder_avx2_intrinsics.dir\$(Configuration)\obmc_variance_avx2.obj">
      <Filter>Object Libraries</Filter>
    </Object>
    <Object Include="C:\Esenthel\ThirdPartyLibs\AOM\Windows\aom_dsp_encoder_avx2_intrinsics.dir\$(Configuration)\blk_sse_sum_avx2.obj">
      <Filter>Object Libraries</Filter>
    </Object>
    <Object Include="C:\Esenthel\ThirdPartyLibs\AOM\Windows\aom_dsp_encoder_avx2_intrinsics.dir\$(Configuration)\sum_squares_avx2.obj">
      <Filter>Object Libraries</Filter>
    </Object>
    <Object Include="C:\Esenthel\ThirdPartyLibs\AOM\Windows\aom_dsp_encoder_avx2_intrinsics.dir\$(Configuration)\highbd_variance_avx2.obj">
      <Filter>Object Libraries</Filter>
    </Object>
    <Object Include="C:\Esenthel\ThirdPartyLibs\AOM\Windows\aom_dsp.dir\$(Configuration)\aom_av1_dummy.obj">
      <Filter>Object Libraries</Filter>
    </Object>
    <Object Include="C:\Esenthel\ThirdPartyLibs\AOM\Windows\aom_dsp.dir\$(Configuration)\aom_dsp_dummy.obj">
      <Filter>Object Libraries</Filter>
    </Object>
    <Object Include="C:\Esenthel\ThirdPartyLibs\AOM\Windows\aom_mem.dir\$(Configuration)\aom_mem.obj">
      <Filter>Object Libraries</Filter>
    </Object>
    <Object Include="C:\Esenthel\ThirdPartyLibs\AOM\Windows\asm_objects\aom_ports_static\float.asm.o">
      <Filter>Object Files</Filter>
    </Object>
    <Object Include="C:\Esenthel\ThirdPartyLibs\AOM\Windows\aom_util.dir\$(Configuration)\aom_thread.obj">
      <Filter>Object Libraries</Filter>
    </Object>
    <Object Include="C:\Esenthel\ThirdPartyLibs\AOM\Windows\aom_util.dir\$(Configuration)\debug_util.obj">
      <Filter>Object Libraries</Filter>
    </Object>
    <Object Include="C:\Esenthel\ThirdPartyLibs\AOM\Windows\aom_scale.dir\$(Configuration)\aom_scale.obj">
      <Filter>Object Libraries</Filter>
    </Object>
    <Object Include="C:\Esenthel\ThirdPartyLibs\AOM\Windows\aom_scale.dir\$(Configuration)\gen_scalers.obj">
      <Filter>Object Libraries</Filter>
    </Object>
    <Object Include="C:\Esenthel\ThirdPartyLibs\AOM\Windows\aom_scale.dir\$(Configuration)\yv12config.obj">
      <Filter>Object Libraries</Filter>
    </Object>
    <Object Include="C:\Esenthel\ThirdPartyLibs\AOM\Windows\aom_scale.dir\$(Configuration)\yv12extend.obj">
      <Filter>Object Libraries</Filter>
    </Object>
    <Object Include="C:\Esenthel\ThirdPartyLibs\AOM\Windows\aom_av1_common.dir\$(Configuration)\args_helper.obj">
      <Filter>Object Libraries</Filter>
    </Object>
    <Object Include="C:\Esenthel\ThirdPartyLibs\AOM\Windows\aom_av1_common.dir\$(Configuration)\arg_defs.obj">
      <Filter>Object Libraries</Filter>
    </Object>
    <Object Include="C:\Esenthel\ThirdPartyLibs\AOM\Windows\aom_av1_common.dir\$(Configuration)\alloccommon.obj">
      <Filter>Object Libraries</Filter>
    </Object>
    <Object Include="C:\Esenthel\ThirdPartyLibs\AOM\Windows\aom_av1_common.dir\$(Configuration)\av1_inv_txfm1d.obj">
      <Filter>Object Libraries</Filter>
    </Object>
    <Object Include="C:\Esenthel\ThirdPartyLibs\AOM\Windows\aom_av1_common.dir\$(Configuration)\av1_inv_txfm2d.obj">
      <Filter>Object Libraries</Filter>
    </Object>
    <Object Include="C:\Esenthel\ThirdPartyLibs\AOM\Windows\aom_av1_common.dir\$(Configuration)\av1_loopfilter.obj">
      <Filter>Object Libraries</Filter>
    </Object>
    <Object Include="C:\Esenthel\ThirdPartyLibs\AOM\Windows\aom_av1_common.dir\$(Configuration)\av1_txfm.obj">
      <Filter>Object Libraries</Filter>
    </Object>
    <Object Include="C:\Esenthel\ThirdPartyLibs\AOM\Windows\aom_av1_common.dir\$(Configuration)\blockd.obj">
      <Filter>Object Libraries</Filter>
    </Object>
    <Object Include="C:\Esenthel\ThirdPartyLibs\AOM\Windows\aom_av1_common.dir\$(Configuration)\cdef.obj">
      <Filter>Object Libraries</Filter>
    </Object>
    <Object Include="C:\Esenthel\ThirdPartyLibs\AOM\Windows\aom_av1_common.dir\$(Configuration)\cdef_block.obj">
      <Filter>Object Libraries</Filter>
    </Object>
    <Object Include="C:\Esenthel\ThirdPartyLibs\AOM\Windows\aom_av1_common.dir\$(Configuration)\cfl.obj">
      <Filter>Object Libraries</Filter>
    </Object>
    <Object Include="C:\Esenthel\ThirdPartyLibs\AOM\Windows\aom_av1_common.dir\$(Configuration)\common_data.obj">
      <Filter>Object Libraries</Filter>
    </Object>
    <Object Include="C:\Esenthel\ThirdPartyLibs\AOM\Windows\aom_av1_common.dir\$(Configuration)\convolve.obj">
      <Filter>Object Libraries</Filter>
    </Object>
    <Object Include="C:\Esenthel\ThirdPartyLibs\AOM\Windows\aom_av1_common.dir\$(Configuration)\debugmodes.obj">
      <Filter>Object Libraries</Filter>
    </Object>
    <Object Include="C:\Esenthel\ThirdPartyLibs\AOM\Windows\aom_av1_common.dir\$(Configuration)\entropy.obj">
      <Filter>Object Libraries</Filter>
    </Object>
    <Object Include="C:\Esenthel\ThirdPartyLibs\AOM\Windows\aom_av1_common.dir\$(Configuration)\entropymode.obj">
      <Filter>Object Libraries</Filter>
    </Object>
    <Object Include="C:\Esenthel\ThirdPartyLibs\AOM\Windows\aom_av1_common.dir\$(Configuration)\entropymv.obj">
      <Filter>Object Libraries</Filter>
    </Object>
    <Object Include="C:\Esenthel\ThirdPartyLibs\AOM\Windows\aom_av1_common.dir\$(Configuration)\frame_buffers.obj">
      <Filter>Object Libraries</Filter>
    </Object>
    <Object Include="C:\Esenthel\ThirdPartyLibs\AOM\Windows\aom_av1_common.dir\$(Configuration)\idct.obj">
      <Filter>Object Libraries</Filter>
    </Object>
    <Object Include="C:\Esenthel\ThirdPartyLibs\AOM\Windows\aom_av1_common.dir\$(Configuration)\mvref_common.obj">
      <Filter>Object Libraries</Filter>
    </Object>
    <Object Include="C:\Esenthel\ThirdPartyLibs\AOM\Windows\aom_av1_common.dir\$(Configuration)\obu_util.obj">
      <Filter>Object Libraries</Filter>
    </Object>
    <Object Include="C:\Esenthel\ThirdPartyLibs\AOM\Windows\aom_av1_common.dir\$(Configuration)\pred_common.obj">
      <Filter>Object Libraries</Filter>
    </Object>
    <Object Include="C:\Esenthel\ThirdPartyLibs\AOM\Windows\aom_av1_common.dir\$(Configuration)\quant_common.obj">
      <Filter>Object Libraries</Filter>
    </Object>
    <Object Include="C:\Esenthel\ThirdPartyLibs\AOM\Windows\aom_av1_common.dir\$(Configuration)\reconinter.obj">
      <Filter>Object Libraries</Filter>
    </Object>
    <Object Include="C:\Esenthel\ThirdPartyLibs\AOM\Windows\aom_av1_common.dir\$(Configuration)\reconintra.obj">
      <Filter>Object Libraries</Filter>
    </Object>
    <Object Include="C:\Esenthel\ThirdPartyLibs\AOM\Windows\aom_av1_common.dir\$(Configuration)\resize.obj">
      <Filter>Object Libraries</Filter>
    </Object>
    <Object Include="C:\Esenthel\ThirdPartyLibs\AOM\Windows\aom_av1_common.dir\$(Configuration)\restoration.obj">
      <Filter>Object Libraries</Filter>
    </Object>
    <Object Include="C:\Esenthel\ThirdPartyLibs\AOM\Windows\aom_av1_common.dir\$(Configuration)\scale.obj">
      <Filter>Object Libraries</Filter>
    </Object>
    <Object Include="C:\Esenthel\ThirdPartyLibs\AOM\Windows\aom_av1_common.dir\$(Configuration)\scan.obj">
      <Filter>Object Libraries</Filter>
    </Object>
    <Object Include="C:\Esenthel\ThirdPartyLibs\AOM\Windows\aom_av1_common.dir\$(Configuration)\seg_common.obj">
      <Filter>Object Libraries</Filter>
    </Object>
    <Object Include="C:\Esenthel\ThirdPartyLibs\AOM\Windows\aom_av1_common.dir\$(Configuration)\thread_common.obj">
      <Filter>Object Libraries</Filter>
    </Object>
    <Object Include="C:\Esenthel\ThirdPartyLibs\AOM\Windows\aom_av1_common.dir\$(Configuration)\tile_common.obj">
      <Filter>Object Libraries</Filter>
    </Object>
    <Object Include="C:\Esenthel\ThirdPartyLibs\AOM\Windows\aom_av1_common.dir\$(Configuration)\timing.obj">
      <Filter>Object Libraries</Filter>
    </Object>
    <Object Include="C:\Esenthel\ThirdPartyLibs\AOM\Windows\aom_av1_common.dir\$(Configuration)\txb_common.obj">
      <Filter>Object Libraries</Filter>
    </Object>
    <Object Include="C:\Esenthel\ThirdPartyLibs\AOM\Windows\aom_av1_common.dir\$(Configuration)\warped_motion.obj">
      <Filter>Object Libraries</Filter>
    </Object>
    <Object Include="C:\Esenthel\ThirdPartyLibs\AOM\Windows\aom_av1_decoder.dir\$(Configuration)\av1_dx_iface.obj">
      <Filter>Object Libraries</Filter>
    </Object>
    <Object Include="C:\Esenthel\ThirdPartyLibs\AOM\Windows\aom_av1_decoder.dir\$(Configuration)\decodeframe.obj">
      <Filter>Object Libraries</Filter>
    </Object>
    <Object Include="C:\Esenthel\ThirdPartyLibs\AOM\Windows\aom_av1_decoder.dir\$(Configuration)\decodemv.obj">
      <Filter>Object Libraries</Filter>
    </Object>
    <Object Include="C:\Esenthel\ThirdPartyLibs\AOM\Windows\aom_av1_decoder.dir\$(Configuration)\decoder.obj">
      <Filter>Object Libraries</Filter>
    </Object>
    <Object Include="C:\Esenthel\ThirdPartyLibs\AOM\Windows\aom_av1_decoder.dir\$(Configuration)\decodetxb.obj">
      <Filter>Object Libraries</Filter>
    </Object>
    <Object Include="C:\Esenthel\ThirdPartyLibs\AOM\Windows\aom_av1_decoder.dir\$(Configuration)\detokenize.obj">
      <Filter>Object Libraries</Filter>
    </Object>
    <Object Include="C:\Esenthel\ThirdPartyLibs\AOM\Windows\aom_av1_decoder.dir\$(Configuration)\grain_synthesis.obj">
      <Filter>Object Libraries</Filter>
    </Object>
    <Object Include="C:\Esenthel\ThirdPartyLibs\AOM\Windows\aom_av1_decoder.dir\$(Configuration)\obu.obj">
      <Filter>Object Libraries</Filter>
    </Object>
    <Object Include="C:\Esenthel\ThirdPartyLibs\AOM\Windows\aom_av1_encoder.dir\$(Configuration)\av1_cx_iface.obj">
      <Filter>Object Libraries</Filter>
    </Object>
    <Object Include="C:\Esenthel\ThirdPartyLibs\AOM\Windows\aom_av1_encoder.dir\$(Configuration)\aq_complexity.obj">
      <Filter>Object Libraries</Filter>
    </Object>
    <Object Include="C:\Esenthel\ThirdPartyLibs\AOM\Windows\aom_av1_encoder.dir\$(Configuration)\aq_cyclicrefresh.obj">
      <Filter>Object Libraries</Filter>
    </Object>
    <Object Include="C:\Esenthel\ThirdPartyLibs\AOM\Windows\aom_av1_encoder.dir\$(Configuration)\aq_variance.obj">
      <Filter>Object Libraries</Filter>
    </Object>
    <Object Include="C:\Esenthel\ThirdPartyLibs\AOM\Windows\aom_av1_encoder.dir\$(Configuration)\allintra_vis.obj">
      <Filter>Object Libraries</Filter>
    </Object>
    <Object Include="C:\Esenthel\ThirdPartyLibs\AOM\Windows\aom_av1_encoder.dir\$(Configuration)\av1_fwd_txfm1d.obj">
      <Filter>Object Libraries</Filter>
    </Object>
    <Object Include="C:\Esenthel\ThirdPartyLibs\AOM\Windows\aom_av1_encoder.dir\$(Configuration)\av1_fwd_txfm2d.obj">
      <Filter>Object Libraries</Filter>
    </Object>
    <Object Include="C:\Esenthel\ThirdPartyLibs\AOM\Windows\aom_av1_encoder.dir\$(Configuration)\av1_quantize.obj">
      <Filter>Object Libraries</Filter>
    </Object>
    <Object Include="C:\Esenthel\ThirdPartyLibs\AOM\Windows\aom_av1_encoder.dir\$(Configuration)\bitstream.obj">
      <Filter>Object Libraries</Filter>
    </Object>
    <Object Include="C:\Esenthel\ThirdPartyLibs\AOM\Windows\aom_av1_encoder.dir\$(Configuration)\cnn.obj">
      <Filter>Object Libraries</Filter>
    </Object>
    <Object Include="C:\Esenthel\ThirdPartyLibs\AOM\Windows\aom_av1_encoder.dir\$(Configuration)\compound_type.obj">
      <Filter>Object Libraries</Filter>
    </Object>
    <Object Include="C:\Esenthel\ThirdPartyLibs\AOM\Windows\aom_av1_encoder.dir\$(Configuration)\context_tree.obj">
      <Filter>Object Libraries</Filter>
    </Object>
    <Object Include="C:\Esenthel\ThirdPartyLibs\AOM\Windows\aom_av1_encoder.dir\$(Configuration)\cost.obj">
      <Filter>Object Libraries</Filter>
    </Object>
    <Object Include="C:\Esenthel\ThirdPartyLibs\AOM\Windows\aom_av1_encoder.dir\$(Configuration)\encodeframe.obj">
      <Filter>Object Libraries</Filter>
    </Object>
    <Object Include="C:\Esenthel\ThirdPartyLibs\AOM\Windows\aom_av1_encoder.dir\$(Configuration)\encodeframe_utils.obj">
      <Filter>Object Libraries</Filter>
    </Object>
    <Object Include="C:\Esenthel\ThirdPartyLibs\AOM\Windows\aom_av1_encoder.dir\$(Configuration)\encodemb.obj">
      <Filter>Object Libraries</Filter>
    </Object>
    <Object Include="C:\Esenthel\ThirdPartyLibs\AOM\Windows\aom_av1_encoder.dir\$(Configuration)\encodemv.obj">
      <Filter>Object Libraries</Filter>
    </Object>
    <Object Include="C:\Esenthel\ThirdPartyLibs\AOM\Windows\aom_av1_encoder.dir\$(Configuration)\encode_strategy.obj">
      <Filter>Object Libraries</Filter>
    </Object>
    <Object Include="C:\Esenthel\ThirdPartyLibs\AOM\Windows\aom_av1_encoder.dir\$(Configuration)\encoder.obj">
      <Filter>Object Libraries</Filter>
    </Object>
    <Object Include="C:\Esenthel\ThirdPartyLibs\AOM\Windows\aom_av1_encoder.dir\$(Configuration)\encoder_utils.obj">
      <Filter>Object Libraries</Filter>
    </Object>
    <Object Include="C:\Esenthel\ThirdPartyLibs\AOM\Windows\aom_av1_encoder.dir\$(Configuration)\encodetxb.obj">
      <Filter>Object Libraries</Filter>
    </Object>
    <Object Include="C:\Esenthel\ThirdPartyLibs\AOM\Windows\aom_av1_encoder.dir\$(Configuration)\ethread.obj">
      <Filter>Object Libraries</Filter>
    </Object>
    <Object Include="C:\Esenthel\ThirdPartyLibs\AOM\Windows\aom_av1_encoder.dir\$(Configuration)\extend.obj">
      <Filter>Object Libraries</Filter>
    </Object>
    <Object Include="C:\Esenthel\ThirdPartyLibs\AOM\Windows\aom_av1_encoder.dir\$(Configuration)\external_partition.obj">
      <Filter>Object Libraries</Filter>
    </Object>
    <Object Include="C:\Esenthel\ThirdPartyLibs\AOM\Windows\aom_av1_encoder.dir\$(Configuration)\firstpass.obj">
      <Filter>Object Libraries</Filter>
    </Object>
    <Object Include="C:\Esenthel\ThirdPartyLibs\AOM\Windows\aom_av1_encoder.dir\$(Configuration)\global_motion.obj">
      <Filter>Object Libraries</Filter>
    </Object>
    <Object Include="C:\Esenthel\ThirdPartyLibs\AOM\Windows\aom_av1_encoder.dir\$(Configuration)\global_motion_facade.obj">
      <Filter>Object Libraries</Filter>
    </Object>
    <Object Include="C:\Esenthel\ThirdPartyLibs\AOM\Windows\aom_av1_encoder.dir\$(Configuration)\gop_structure.obj">
      <Filter>Object Libraries</Filter>
    </Object>
    <Object Include="C:\Esenthel\ThirdPartyLibs\AOM\Windows\aom_av1_encoder.dir\$(Configuration)\hash.obj">
      <Filter>Object Libraries</Filter>
    </Object>
    <Object Include="C:\Esenthel\ThirdPartyLibs\AOM\Windows\aom_av1_encoder.dir\$(Configuration)\hash_motion.obj">
      <Filter>Object Libraries</Filter>
    </Object>
    <Object Include="C:\Esenthel\ThirdPartyLibs\AOM\Windows\aom_av1_encoder.dir\$(Configuration)\hybrid_fwd_txfm.obj">
      <Filter>Object Libraries</Filter>
    </Object>
    <Object Include="C:\Esenthel\ThirdPartyLibs\AOM\Windows\aom_av1_encoder.dir\$(Configuration)\interp_search.obj">
      <Filter>Object Libraries</Filter>
    </Object>
    <Object Include="C:\Esenthel\ThirdPartyLibs\AOM\Windows\aom_av1_encoder.dir\$(Configuration)\level.obj">
      <Filter>Object Libraries</Filter>
    </Object>
    <Object Include="C:\Esenthel\ThirdPartyLibs\AOM\Windows\aom_av1_encoder.dir\$(Configuration)\lookahead.obj">
      <Filter>Object Libraries</Filter>
    </Object>
    <Object Include="C:\Esenthel\ThirdPartyLibs\AOM\Windows\aom_av1_encoder.dir\$(Configuration)\mcomp.obj">
      <Filter>Object Libraries</Filter>
    </Object>
    <Object Include="C:\Esenthel\ThirdPartyLibs\AOM\Windows\aom_av1_encoder.dir\$(Configuration)\ml.obj">
      <Filter>Object Libraries</Filter>
    </Object>
    <Object Include="C:\Esenthel\ThirdPartyLibs\AOM\Windows\aom_av1_encoder.dir\$(Configuration)\motion_search_facade.obj">
      <Filter>Object Libraries</Filter>
    </Object>
    <Object Include="C:\Esenthel\ThirdPartyLibs\AOM\Windows\aom_av1_encoder.dir\$(Configuration)\mv_prec.obj">
      <Filter>Object Libraries</Filter>
    </Object>
    <Object Include="C:\Esenthel\ThirdPartyLibs\AOM\Windows\aom_av1_encoder.dir\$(Configuration)\palette.obj">
      <Filter>Object Libraries</Filter>
    </Object>
    <Object Include="C:\Esenthel\ThirdPartyLibs\AOM\Windows\aom_av1_encoder.dir\$(Configuration)\partition_search.obj">
      <Filter>Object Libraries</Filter>
    </Object>
    <Object Include="C:\Esenthel\ThirdPartyLibs\AOM\Windows\aom_av1_encoder.dir\$(Configuration)\partition_strategy.obj">
      <Filter>Object Libraries</Filter>
    </Object>
    <Object Include="C:\Esenthel\ThirdPartyLibs\AOM\Windows\aom_av1_encoder.dir\$(Configuration)\pass2_strategy.obj">
      <Filter>Object Libraries</Filter>
    </Object>
    <Object Include="C:\Esenthel\ThirdPartyLibs\AOM\Windows\aom_av1_encoder.dir\$(Configuration)\pickcdef.obj">
      <Filter>Object Libraries</Filter>
    </Object>
    <Object Include="C:\Esenthel\ThirdPartyLibs\AOM\Windows\aom_av1_encoder.dir\$(Configuration)\picklpf.obj">
      <Filter>Object Libraries</Filter>
    </Object>
    <Object Include="C:\Esenthel\ThirdPartyLibs\AOM\Windows\aom_av1_encoder.dir\$(Configuration)\pickrst.obj">
      <Filter>Object Libraries</Filter>
    </Object>
    <Object Include="C:\Esenthel\ThirdPartyLibs\AOM\Windows\aom_av1_encoder.dir\$(Configuration)\ratectrl.obj">
      <Filter>Object Libraries</Filter>
    </Object>
    <Object Include="C:\Esenthel\ThirdPartyLibs\AOM\Windows\aom_av1_encoder.dir\$(Configuration)\rd.obj">
      <Filter>Object Libraries</Filter>
    </Object>
    <Object Include="C:\Esenthel\ThirdPartyLibs\AOM\Windows\aom_av1_encoder.dir\$(Configuration)\rdopt.obj">
      <Filter>Object Libraries</Filter>
    </Object>
    <Object Include="C:\Esenthel\ThirdPartyLibs\AOM\Windows\aom_av1_encoder.dir\$(Configuration)\nonrd_pickmode.obj">
      <Filter>Object Libraries</Filter>
    </Object>
    <Object Include="C:\Esenthel\ThirdPartyLibs\AOM\Windows\aom_av1_encoder.dir\$(Configuration)\reconinter_enc.obj">
      <Filter>Object Libraries</Filter>
    </Object>
    <Object Include="C:\Esenthel\ThirdPartyLibs\AOM\Windows\aom_av1_encoder.dir\$(Configuration)\segmentation.obj">
      <Filter>Object Libraries</Filter>
    </Object>
    <Object Include="C:\Esenthel\ThirdPartyLibs\AOM\Windows\aom_av1_encoder.dir\$(Configuration)\speed_features.obj">
      <Filter>Object Libraries</Filter>
    </Object>
    <Object Include="C:\Esenthel\ThirdPartyLibs\AOM\Windows\aom_av1_encoder.dir\$(Configuration)\superres_scale.obj">
      <Filter>Object Libraries</Filter>
    </Object>
    <Object Include="C:\Esenthel\ThirdPartyLibs\AOM\Windows\aom_av1_encoder.dir\$(Configuration)\svc_layercontext.obj">
      <Filter>Object Libraries</Filter>
    </Object>
    <Object Include="C:\Esenthel\ThirdPartyLibs\AOM\Windows\aom_av1_encoder.dir\$(Configuration)\temporal_filter.obj">
      <Filter>Object Libraries</Filter>
    </Object>
    <Object Include="C:\Esenthel\ThirdPartyLibs\AOM\Windows\aom_av1_encoder.dir\$(Configuration)\thirdpass.obj">
      <Filter>Object Libraries</Filter>
    </Object>
    <Object Include="C:\Esenthel\ThirdPartyLibs\AOM\Windows\aom_av1_encoder.dir\$(Configuration)\tokenize.obj">
      <Filter>Object Libraries</Filter>
    </Object>
    <Object Include="C:\Esenthel\ThirdPartyLibs\AOM\Windows\aom_av1_encoder.dir\$(Configuration)\tpl_model.obj">
      <Filter>Object Libraries</Filter>
    </Object>
    <Object Include="C:\Esenthel\ThirdPartyLibs\AOM\Windows\aom_av1_encoder.dir\$(Configuration)\tx_search.obj">
      <Filter>Object Libraries</Filter>
    </Object>
    <Object Include="C:\Esenthel\ThirdPartyLibs\AOM\Windows\aom_av1_encoder.dir\$(Configuration)\txb_rdopt.obj">
      <Filter>Object Libraries</Filter>
    </Object>
    <Object Include="C:\Esenthel\ThirdPartyLibs\AOM\Windows\aom_av1_encoder.dir\$(Configuration)\intra_mode_search.obj">
      <Filter>Object Libraries</Filter>
    </Object>
    <Object Include="C:\Esenthel\ThirdPartyLibs\AOM\Windows\aom_av1_encoder.dir\$(Configuration)\wedge_utils.obj">
      <Filter>Object Libraries</Filter>
    </Object>
    <Object Include="C:\Esenthel\ThirdPartyLibs\AOM\Windows\aom_av1_encoder.dir\$(Configuration)\var_based_part.obj">
      <Filter>Object Libraries</Filter>
    </Object>
    <Object Include="C:\Esenthel\ThirdPartyLibs\AOM\Windows\aom_av1_encoder.dir\$(Configuration)\av1_noise_estimate.obj">
      <Filter>Object Libraries</Filter>
    </Object>
    <Object Include="C:\Esenthel\ThirdPartyLibs\AOM\Windows\aom_av1_encoder.dir\$(Configuration)\fast.obj">
      <Filter>Object Libraries</Filter>
    </Object>
    <Object Include="C:\Esenthel\ThirdPartyLibs\AOM\Windows\aom_av1_encoder.dir\$(Configuration)\fast_9.obj">
      <Filter>Object Libraries</Filter>
    </Object>
    <Object Include="C:\Esenthel\ThirdPartyLibs\AOM\Windows\aom_av1_encoder.dir\$(Configuration)\nonmax.obj">
      <Filter>Object Libraries</Filter>
    </Object>
    <Object Include="C:\Esenthel\ThirdPartyLibs\AOM\Windows\aom_av1_encoder.dir\$(Configuration)\vector.obj">
      <Filter>Object Libraries</Filter>
    </Object>
    <Object Include="C:\Esenthel\ThirdPartyLibs\AOM\Windows\aom_av1_encoder.dir\$(Configuration)\dwt.obj">
      <Filter>Object Libraries</Filter>
    </Object>
    <Object Include="C:\Esenthel\ThirdPartyLibs\AOM\Windows\aom_av1_common_sse2_intrinsics.dir\$(Configuration)\cdef_block_sse2.obj">
      <Filter>Object Libraries</Filter>
    </Object>
    <Object Include="C:\Esenthel\ThirdPartyLibs\AOM\Windows\aom_av1_common_sse2_intrinsics.dir\$(Configuration)\cfl_sse2.obj">
      <Filter>Object Libraries</Filter>
    </Object>
    <Object Include="C:\Esenthel\ThirdPartyLibs\AOM\Windows\aom_av1_common_sse2_intrinsics.dir\$(Configuration)\convolve_2d_sse2.obj">
      <Filter>Object Libraries</Filter>
    </Object>
    <Object Include="C:\Esenthel\ThirdPartyLibs\AOM\Windows\aom_av1_common_sse2_intrinsics.dir\$(Configuration)\convolve_sse2.obj">
      <Filter>Object Libraries</Filter>
    </Object>
    <Object Include="C:\Esenthel\ThirdPartyLibs\AOM\Windows\aom_av1_common_sse2_intrinsics.dir\$(Configuration)\jnt_convolve_sse2.obj">
      <Filter>Object Libraries</Filter>
    </Object>
    <Object Include="C:\Esenthel\ThirdPartyLibs\AOM\Windows\aom_av1_common_sse2_intrinsics.dir\$(Configuration)\warp_plane_sse2.obj">
      <Filter>Object Libraries</Filter>
    </Object>
    <Object Include="C:\Esenthel\ThirdPartyLibs\AOM\Windows\aom_av1_common_sse2_intrinsics.dir\$(Configuration)\wiener_convolve_sse2.obj">
      <Filter>Object Libraries</Filter>
    </Object>
    <Object Include="C:\Esenthel\ThirdPartyLibs\AOM\Windows\asm_objects\aom_av1_encoder_sse2_static\dct_sse2.asm.o">
      <Filter>Object Files</Filter>
    </Object>
    <Object Include="C:\Esenthel\ThirdPartyLibs\AOM\Windows\asm_objects\aom_av1_encoder_sse2_static\error_sse2.asm.o">
      <Filter>Object Files</Filter>
    </Object>
    <Object Include="C:\Esenthel\ThirdPartyLibs\AOM\Windows\aom_av1_encoder_sse2_intrinsics.dir\$(Configuration)\av1_fwd_txfm_sse2.obj">
      <Filter>Object Libraries</Filter>
    </Object>
    <Object Include="C:\Esenthel\ThirdPartyLibs\AOM\Windows\aom_av1_encoder_sse2_intrinsics.dir\$(Configuration)\av1_k_means_sse2.obj">
      <Filter>Object Libraries</Filter>
    </Object>
    <Object Include="C:\Esenthel\ThirdPartyLibs\AOM\Windows\aom_av1_encoder_sse2_intrinsics.dir\$(Configuration)\av1_quantize_sse2.obj">
      <Filter>Object Libraries</Filter>
    </Object>
    <Object Include="C:\Esenthel\ThirdPartyLibs\AOM\Windows\aom_av1_encoder_sse2_intrinsics.dir\$(Configuration)\encodetxb_sse2.obj">
      <Filter>Object Libraries</Filter>
    </Object>
    <Object Include="C:\Esenthel\ThirdPartyLibs\AOM\Windows\aom_av1_encoder_sse2_intrinsics.dir\$(Configuration)\error_intrin_sse2.obj">
      <Filter>Object Libraries</Filter>
    </Object>
    <Object Include="C:\Esenthel\ThirdPartyLibs\AOM\Windows\aom_av1_encoder_sse2_intrinsics.dir\$(Configuration)\reconinter_enc_sse2.obj">
      <Filter>Object Libraries</Filter>
    </Object>
    <Object Include="C:\Esenthel\ThirdPartyLibs\AOM\Windows\aom_av1_encoder_sse2_intrinsics.dir\$(Configuration)\temporal_filter_sse2.obj">
      <Filter>Object Libraries</Filter>
    </Object>
    <Object Include="C:\Esenthel\ThirdPartyLibs\AOM\Windows\aom_av1_encoder_sse2_intrinsics.dir\$(Configuration)\wedge_utils_sse2.obj">
      <Filter>Object Libraries</Filter>
    </Object>
    <Object Include="C:\Esenthel\ThirdPartyLibs\AOM\Windows\aom_av1_encoder_sse2_intrinsics.dir\$(Configuration)\highbd_block_error_intrin_sse2.obj">
      <Filter>Object Libraries</Filter>
    </Object>
    <Object Include="C:\Esenthel\ThirdPartyLibs\AOM\Windows\aom_av1_encoder_sse2_intrinsics.dir\$(Configuration)\highbd_temporal_filter_sse2.obj">
      <Filter>Object Libraries</Filter>
    </Object>
    <Object Include="C:\Esenthel\ThirdPartyLibs\AOM\Windows\aom_av1_encoder_sse3_intrinsics.dir\$(Configuration)\ml_sse3.obj">
      <Filter>Object Libraries</Filter>
    </Object>
    <Object Include="C:\Esenthel\ThirdPartyLibs\AOM\Windows\aom_av1_common_ssse3_intrinsics.dir\$(Configuration)\av1_inv_txfm_ssse3.obj">
      <Filter>Object Libraries</Filter>
    </Object>
    <Object Include="C:\Esenthel\ThirdPartyLibs\AOM\Windows\aom_av1_common_ssse3_intrinsics.dir\$(Configuration)\cdef_block_ssse3.obj">
      <Filter>Object Libraries</Filter>
    </Object>
    <Object Include="C:\Esenthel\ThirdPartyLibs\AOM\Windows\aom_av1_common_ssse3_intrinsics.dir\$(Configuration)\cfl_ssse3.obj">
      <Filter>Object Libraries</Filter>
    </Object>
    <Object Include="C:\Esenthel\ThirdPartyLibs\AOM\Windows\aom_av1_common_ssse3_intrinsics.dir\$(Configuration)\jnt_convolve_ssse3.obj">
      <Filter>Object Libraries</Filter>
    </Object>
    <Object Include="C:\Esenthel\ThirdPartyLibs\AOM\Windows\aom_av1_common_ssse3_intrinsics.dir\$(Configuration)\resize_ssse3.obj">
      <Filter>Object Libraries</Filter>
    </Object>
    <Object Include="C:\Esenthel\ThirdPartyLibs\AOM\Windows\aom_av1_common_ssse3_intrinsics.dir\$(Configuration)\highbd_convolve_2d_ssse3.obj">
      <Filter>Object Libraries</Filter>
    </Object>
    <Object Include="C:\Esenthel\ThirdPartyLibs\AOM\Windows\aom_av1_common_ssse3_intrinsics.dir\$(Configuration)\highbd_wiener_convolve_ssse3.obj">
      <Filter>Object Libraries</Filter>
    </Object>
    <Object Include="C:\Esenthel\ThirdPartyLibs\AOM\Windows\aom_av1_common_ssse3_intrinsics.dir\$(Configuration)\reconinter_ssse3.obj">
      <Filter>Object Libraries</Filter>
    </Object>
    <Object Include="C:\Esenthel\ThirdPartyLibs\AOM\Windows\aom_av1_encoder_ssse3_intrinsics.dir\$(Configuration)\reconinter_enc_ssse3.obj">
      <Filter>Object Libraries</Filter>
    </Object>
    <Object Include="C:\Esenthel\ThirdPartyLibs\AOM\Windows\aom_av1_common_sse4_intrinsics.dir\$(Configuration)\av1_convolve_horiz_rs_sse4.obj">
      <Filter>Object Libraries</Filter>
    </Object>
    <Object Include="C:\Esenthel\ThirdPartyLibs\AOM\Windows\aom_av1_common_sse4_intrinsics.dir\$(Configuration)\av1_convolve_scale_sse4.obj">
      <Filter>Object Libraries</Filter>
    </Object>
    <Object Include="C:\Esenthel\ThirdPartyLibs\AOM\Windows\aom_av1_common_sse4_intrinsics.dir\$(Configuration)\av1_txfm_sse4.obj">
      <Filter>Object Libraries</Filter>
    </Object>
    <Object Include="C:\Esenthel\ThirdPartyLibs\AOM\Windows\aom_av1_common_sse4_intrinsics.dir\$(Configuration)\cdef_block_sse4.obj">
      <Filter>Object Libraries</Filter>
    </Object>
    <Object Include="C:\Esenthel\ThirdPartyLibs\AOM\Windows\aom_av1_common_sse4_intrinsics.dir\$(Configuration)\filterintra_sse4.obj">
      <Filter>Object Libraries</Filter>
    </Object>
    <Object Include="C:\Esenthel\ThirdPartyLibs\AOM\Windows\aom_av1_common_sse4_intrinsics.dir\$(Configuration)\highbd_inv_txfm_sse4.obj">
      <Filter>Object Libraries</Filter>
    </Object>
    <Object Include="C:\Esenthel\ThirdPartyLibs\AOM\Windows\aom_av1_common_sse4_intrinsics.dir\$(Configuration)\intra_edge_sse4.obj">
      <Filter>Object Libraries</Filter>
    </Object>
    <Object Include="C:\Esenthel\ThirdPartyLibs\AOM\Windows\aom_av1_common_sse4_intrinsics.dir\$(Configuration)\reconinter_sse4.obj">
      <Filter>Object Libraries</Filter>
    </Object>
    <Object Include="C:\Esenthel\ThirdPartyLibs\AOM\Windows\aom_av1_common_sse4_intrinsics.dir\$(Configuration)\selfguided_sse4.obj">
      <Filter>Object Libraries</Filter>
    </Object>
    <Object Include="C:\Esenthel\ThirdPartyLibs\AOM\Windows\aom_av1_common_sse4_intrinsics.dir\$(Configuration)\warp_plane_sse4.obj">
      <Filter>Object Libraries</Filter>
    </Object>
    <Object Include="C:\Esenthel\ThirdPartyLibs\AOM\Windows\aom_av1_common_sse4_intrinsics.dir\$(Configuration)\highbd_convolve_2d_sse4.obj">
      <Filter>Object Libraries</Filter>
    </Object>
    <Object Include="C:\Esenthel\ThirdPartyLibs\AOM\Windows\aom_av1_common_sse4_intrinsics.dir\$(Configuration)\highbd_jnt_convolve_sse4.obj">
      <Filter>Object Libraries</Filter>
    </Object>
    <Object Include="C:\Esenthel\ThirdPartyLibs\AOM\Windows\aom_av1_common_sse4_intrinsics.dir\$(Configuration)\highbd_warp_plane_sse4.obj">
      <Filter>Object Libraries</Filter>
    </Object>
    <Object Include="C:\Esenthel\ThirdPartyLibs\AOM\Windows\asm_objects\aom_av1_encoder_ssse3_static\av1_quantize_ssse3_x86_64.asm.o">
      <Filter>Object Files</Filter>
    </Object>
    <Object Include="C:\Esenthel\ThirdPartyLibs\AOM\Windows\aom_av1_encoder_sse4_intrinsics.dir\$(Configuration)\av1_fwd_txfm1d_sse4.obj">
      <Filter>Object Libraries</Filter>
    </Object>
    <Object Include="C:\Esenthel\ThirdPartyLibs\AOM\Windows\aom_av1_encoder_sse4_intrinsics.dir\$(Configuration)\av1_fwd_txfm2d_sse4.obj">
      <Filter>Object Libraries</Filter>
    </Object>
    <Object Include="C:\Esenthel\ThirdPartyLibs\AOM\Windows\aom_av1_encoder_sse4_intrinsics.dir\$(Configuration)\encodetxb_sse4.obj">
      <Filter>Object Libraries</Filter>
    </Object>
    <Object Include="C:\Esenthel\ThirdPartyLibs\AOM\Windows\aom_av1_encoder_sse4_intrinsics.dir\$(Configuration)\highbd_fwd_txfm_sse4.obj">
      <Filter>Object Libraries</Filter>
    </Object>
    <Object Include="C:\Esenthel\ThirdPartyLibs\AOM\Windows\aom_av1_encoder_sse4_intrinsics.dir\$(Configuration)\rdopt_sse4.obj">
      <Filter>Object Libraries</Filter>
    </Object>
    <Object Include="C:\Esenthel\ThirdPartyLibs\AOM\Windows\aom_av1_encoder_sse4_intrinsics.dir\$(Configuration)\pickrst_sse4.obj">
      <Filter>Object Libraries</Filter>
    </Object>
    <Object Include="C:\Esenthel\ThirdPartyLibs\AOM\Windows\aom_av1_encoder_sse4_intrinsics.dir\$(Configuration)\av1_highbd_quantize_sse4.obj">
      <Filter>Object Libraries</Filter>
    </Object>
    <Object Include="C:\Esenthel\ThirdPartyLibs\AOM\Windows\aom_av1_encoder_sse42_intrinsics.dir\$(Configuration)\hash_sse42.obj">
      <Filter>Object Libraries</Filter>
    </Object>
    <Object Include="C:\Esenthel\ThirdPartyLibs\AOM\Windows\aom_av1_common_avx2_intrinsics.dir\$(Configuration)\av1_inv_txfm_avx2.obj">
      <Filter>Object Libraries</Filter>
    </Object>
    <Object Include="C:\Esenthel\ThirdPartyLibs\AOM\Windows\aom_av1_common_avx2_intrinsics.dir\$(Configuration)\cdef_block_avx2.obj">
      <Filter>Object Libraries</Filter>
    </Object>
    <Object Include="C:\Esenthel\ThirdPartyLibs\AOM\Windows\aom_av1_common_avx2_intrinsics.dir\$(Configuration)\cfl_avx2.obj">
      <Filter>Object Libraries</Filter>
    </Object>
    <Object Include="C:\Esenthel\ThirdPartyLibs\AOM\Windows\aom_av1_common_avx2_intrinsics.dir\$(Configuration)\convolve_2d_avx2.obj">
      <Filter>Object Libraries</Filter>
    </Object>
    <Object Include="C:\Esenthel\ThirdPartyLibs\AOM\Windows\aom_av1_common_avx2_intrinsics.dir\$(Configuration)\convolve_avx2.obj">
      <Filter>Object Libraries</Filter>
    </Object>
    <Object Include="C:\Esenthel\ThirdPartyLibs\AOM\Windows\aom_av1_common_avx2_intrinsics.dir\$(Configuration)\highbd_inv_txfm_avx2.obj">
      <Filter>Object Libraries</Filter>
    </Object>
    <Object Include="C:\Esenthel\ThirdPartyLibs\AOM\Windows\aom_av1_common_avx2_intrinsics.dir\$(Configuration)\jnt_convolve_avx2.obj">
      <Filter>Object Libraries</Filter>
    </Object>
    <Object Include="C:\Esenthel\ThirdPartyLibs\AOM\Windows\aom_av1_common_avx2_intrinsics.dir\$(Configuration)\reconinter_avx2.obj">
      <Filter>Object Libraries</Filter>
    </Object>
    <Object Include="C:\Esenthel\ThirdPartyLibs\AOM\Windows\aom_av1_common_avx2_intrinsics.dir\$(Configuration)\selfguided_avx2.obj">
      <Filter>Object Libraries</Filter>
    </Object>
    <Object Include="C:\Esenthel\ThirdPartyLibs\AOM\Windows\aom_av1_common_avx2_intrinsics.dir\$(Configuration)\warp_plane_avx2.obj">
      <Filter>Object Libraries</Filter>
    </Object>
    <Object Include="C:\Esenthel\ThirdPartyLibs\AOM\Windows\aom_av1_common_avx2_intrinsics.dir\$(Configuration)\wiener_convolve_avx2.obj">
      <Filter>Object Libraries</Filter>
    </Object>
    <Object Include="C:\Esenthel\ThirdPartyLibs\AOM\Windows\aom_av1_common_avx2_intrinsics.dir\$(Configuration)\highbd_convolve_2d_avx2.obj">
      <Filter>Object Libraries</Filter>
    </Object>
    <Object Include="C:\Esenthel\ThirdPartyLibs\AOM\Windows\aom_av1_common_avx2_intrinsics.dir\$(Configuration)\highbd_jnt_convolve_avx2.obj">
      <Filter>Object Libraries</Filter>
    </Object>
    <Object Include="C:\Esenthel\ThirdPartyLibs\AOM\Windows\aom_av1_common_avx2_intrinsics.dir\$(Configuration)\highbd_wiener_convolve_avx2.obj">
      <Filter>Object Libraries</Filter>
    </Object>
    <Object Include="C:\Esenthel\ThirdPartyLibs\AOM\Windows\aom_av1_common_avx2_intrinsics.dir\$(Configuration)\highbd_warp_affine_avx2.obj">
      <Filter>Object Libraries</Filter>
    </Object>
    <Object Include="C:\Esenthel\ThirdPartyLibs\AOM\Windows\aom_av1_encoder_avx2_intrinsics.dir\$(Configuration)\av1_quantize_avx2.obj">
      <Filter>Object Libraries</Filter>
    </Object>
    <Object Include="C:\Esenthel\ThirdPartyLibs\AOM\Windows\aom_av1_encoder_avx2_intrinsics.dir\$(Configuration)\error_intrin_avx2.obj">
      <Filter>Object Libraries</Filter>
    </Object>
    <Object Include="C:\Esenthel\ThirdPartyLibs\AOM\Windows\aom_av1_encoder_avx2_intrinsics.dir\$(Configuration)\av1_fwd_txfm2d_avx2.obj">
      <Filter>Object Libraries</Filter>
    </Object>
    <Object Include="C:\Esenthel\ThirdPartyLibs\AOM\Windows\aom_av1_encoder_avx2_intrinsics.dir\$(Configuration)\highbd_fwd_txfm_avx2.obj">
      <Filter>Object Libraries</Filter>
    </Object>
    <Object Include="C:\Esenthel\ThirdPartyLibs\AOM\Windows\aom_av1_encoder_avx2_intrinsics.dir\$(Configuration)\wedge_utils_avx2.obj">
      <Filter>Object Libraries</Filter>
    </Object>
    <Object Include="C:\Esenthel\ThirdPartyLibs\AOM\Windows\aom_av1_encoder_avx2_intrinsics.dir\$(Configuration)\encodetxb_avx2.obj">
      <Filter>Object Libraries</Filter>
    </Object>
    <Object Include="C:\Esenthel\ThirdPartyLibs\AOM\Windows\aom_av1_encoder_avx2_intrinsics.dir\$(Configuration)\rdopt_avx2.obj">
      <Filter>Object Libraries</Filter>
    </Object>
    <Object Include="C:\Esenthel\ThirdPartyLibs\AOM\Windows\aom_av1_encoder_avx2_intrinsics.dir\$(Configuration)\av1_k_means_avx2.obj">
      <Filter>Object Libraries</Filter>
    </Object>
    <Object Include="C:\Esenthel\ThirdPartyLibs\AOM\Windows\aom_av1_encoder_avx2_intrinsics.dir\$(Configuration)\temporal_filter_avx2.obj">
      <Filter>Object Libraries</Filter>
    </Object>
    <Object Include="C:\Esenthel\ThirdPartyLibs\AOM\Windows\aom_av1_encoder_avx2_intrinsics.dir\$(Configuration)\pickrst_avx2.obj">
      <Filter>Object Libraries</Filter>
    </Object>
    <Object Include="C:\Esenthel\ThirdPartyLibs\AOM\Windows\aom_av1_encoder_avx2_intrinsics.dir\$(Configuration)\cnn_avx2.obj">
      <Filter>Object Libraries</Filter>
    </Object>
    <Object Include="C:\Esenthel\ThirdPartyLibs\AOM\Windows\aom_av1_encoder_avx2_intrinsics.dir\$(Configuration)\av1_highbd_quantize_avx2.obj">
      <Filter>Object Libraries</Filter>
    </Object>
    <Object Include="C:\Esenthel\ThirdPartyLibs\AOM\Windows\aom_av1_encoder_avx2_intrinsics.dir\$(Configuration)\highbd_block_error_intrin_avx2.obj">
      <Filter>Object Libraries</Filter>
    </Object>
    <Object Include="C:\Esenthel\ThirdPartyLibs\AOM\Windows\aom_av1_encoder_avx2_intrinsics.dir\$(Configuration)\highbd_temporal_filter_avx2.obj">
      <Filter>Object Libraries</Filter>
    </Object>
  </ItemGroup>
  <ItemGroup>
    <Filter Include="CMake Rules">
      <UniqueIdentifier>{1C1131DC-4BFB-351A-847A-AA7151C5D69C}</UniqueIdentifier>
    </Filter>
    <Filter Include="Header Files">
      <UniqueIdentifier>{18934A30-BB89-380C-804E-29EDD78FFBDB}</UniqueIdentifier>
    </Filter>
    <Filter Include="Object Files">
      <UniqueIdentifier>{B20D42FB-9DA5-34E4-9D14-0683C42536A0}</UniqueIdentifier>
    </Filter>
    <Filter Include="Object Libraries">
      <UniqueIdentifier>{FADF3990-8B04-366E-96A9-30EB18578212}</UniqueIdentifier>
    </Filter>
    <Filter Include="Source Files">
      <UniqueIdentifier>{717B8D52-B115-3C96-AB4A-ACDCFB794AB1}</UniqueIdentifier>
    </Filter>
  </ItemGroup>
</Project>
