<?xml version="1.0" encoding="utf-8"?>
<Project ToolsVersion="17.0" xmlns="http://schemas.microsoft.com/developer/msbuild/2003">
  <ItemGroup>
    <ClCompile Include="C:\Esenthel\ThirdPartyLibs\AOM\lib\av1\av1_dx_iface.c">
      <Filter>Source Files</Filter>
    </ClCompile>
    <ClCompile Include="C:\Esenthel\ThirdPartyLibs\AOM\lib\av1\decoder\decodeframe.c">
      <Filter>Source Files</Filter>
    </ClCompile>
    <ClCompile Include="C:\Esenthel\ThirdPartyLibs\AOM\lib\av1\decoder\decodemv.c">
      <Filter>Source Files</Filter>
    </ClCompile>
    <ClCompile Include="C:\Esenthel\ThirdPartyLibs\AOM\lib\av1\decoder\decoder.c">
      <Filter>Source Files</Filter>
    </ClCompile>
    <ClCompile Include="C:\Esenthel\ThirdPartyLibs\AOM\lib\av1\decoder\decodetxb.c">
      <Filter>Source Files</Filter>
    </ClCompile>
    <ClCompile Include="C:\Esenthel\ThirdPartyLibs\AOM\lib\av1\decoder\detokenize.c">
      <Filter>Source Files</Filter>
    </ClCompile>
    <ClCompile Include="C:\Esenthel\ThirdPartyLibs\AOM\lib\av1\decoder\grain_synthesis.c">
      <Filter>Source Files</Filter>
    </ClCompile>
    <ClCompile Include="C:\Esenthel\ThirdPartyLibs\AOM\lib\av1\decoder\obu.c">
      <Filter>Source Files</Filter>
    </ClCompile>
  </ItemGroup>
  <ItemGroup>
    <ClInclude Include="C:\Esenthel\ThirdPartyLibs\AOM\lib\av1\decoder\decodeframe.h">
      <Filter>Header Files</Filter>
    </ClInclude>
    <ClInclude Include="C:\Esenthel\ThirdPartyLibs\AOM\lib\av1\decoder\decodemv.h">
      <Filter>Header Files</Filter>
    </ClInclude>
    <ClInclude Include="C:\Esenthel\ThirdPartyLibs\AOM\lib\av1\decoder\decoder.h">
      <Filter>Header Files</Filter>
    </ClInclude>
    <ClInclude Include="C:\Esenthel\ThirdPartyLibs\AOM\lib\av1\decoder\decodetxb.h">
      <Filter>Header Files</Filter>
    </ClInclude>
    <ClInclude Include="C:\Esenthel\ThirdPartyLibs\AOM\lib\av1\decoder\detokenize.h">
      <Filter>Header Files</Filter>
    </ClInclude>
    <ClInclude Include="C:\Esenthel\ThirdPartyLibs\AOM\lib\av1\decoder\dthread.h">
      <Filter>Header Files</Filter>
    </ClInclude>
    <ClInclude Include="C:\Esenthel\ThirdPartyLibs\AOM\lib\av1\decoder\grain_synthesis.h">
      <Filter>Header Files</Filter>
    </ClInclude>
    <ClInclude Include="C:\Esenthel\ThirdPartyLibs\AOM\lib\av1\decoder\obu.h">
      <Filter>Header Files</Filter>
    </ClInclude>
  </ItemGroup>
  <ItemGroup>
    <CustomBuild Include="C:\Esenthel\ThirdPartyLibs\AOM\lib\CMakeLists.txt" />
  </ItemGroup>
  <ItemGroup>
    <Filter Include="Header Files">
      <UniqueIdentifier>{18934A30-BB89-380C-804E-29EDD78FFBDB}</UniqueIdentifier>
    </Filter>
    <Filter Include="Source Files">
      <UniqueIdentifier>{717B8D52-B115-3C96-AB4A-ACDCFB794AB1}</UniqueIdentifier>
    </Filter>
  </ItemGroup>
</Project>
