<?xml version="1.0" encoding="utf-8"?>
<Project ToolsVersion="17.0" xmlns="http://schemas.microsoft.com/developer/msbuild/2003">
  <ItemGroup>
    <ClCompile Include="C:\Esenthel\ThirdPartyLibs\AOM\lib\av1\common\x86\cdef_block_sse2.c">
      <Filter>Source Files</Filter>
    </ClCompile>
    <ClCompile Include="C:\Esenthel\ThirdPartyLibs\AOM\lib\av1\common\x86\cfl_sse2.c">
      <Filter>Source Files</Filter>
    </ClCompile>
    <ClCompile Include="C:\Esenthel\ThirdPartyLibs\AOM\lib\av1\common\x86\convolve_2d_sse2.c">
      <Filter>Source Files</Filter>
    </ClCompile>
    <ClCompile Include="C:\Esenthel\ThirdPartyLibs\AOM\lib\av1\common\x86\convolve_sse2.c">
      <Filter>Source Files</Filter>
    </ClCompile>
    <ClCompile Include="C:\Esenthel\ThirdPartyLibs\AOM\lib\av1\common\x86\jnt_convolve_sse2.c">
      <Filter>Source Files</Filter>
    </ClCompile>
    <ClCompile Include="C:\Esenthel\ThirdPartyLibs\AOM\lib\av1\common\x86\warp_plane_sse2.c">
      <Filter>Source Files</Filter>
    </ClCompile>
    <ClCompile Include="C:\Esenthel\ThirdPartyLibs\AOM\lib\av1\common\x86\wiener_convolve_sse2.c">
      <Filter>Source Files</Filter>
    </ClCompile>
  </ItemGroup>
  <ItemGroup>
    <ClInclude Include="C:\Esenthel\ThirdPartyLibs\AOM\lib\av1\common\x86\av1_txfm_sse2.h">
      <Filter>Header Files</Filter>
    </ClInclude>
  </ItemGroup>
  <ItemGroup>
    <CustomBuild Include="C:\Esenthel\ThirdPartyLibs\AOM\lib\CMakeLists.txt" />
  </ItemGroup>
  <ItemGroup>
    <Filter Include="Header Files">
      <UniqueIdentifier>{18934A30-BB89-380C-804E-29EDD78FFBDB}</UniqueIdentifier>
    </Filter>
    <Filter Include="Source Files">
      <UniqueIdentifier>{717B8D52-B115-3C96-AB4A-ACDCFB794AB1}</UniqueIdentifier>
    </Filter>
  </ItemGroup>
</Project>
