
Microsoft Visual Studio Solution File, Format Version 12.00
# Visual Studio Version 17
VisualStudioVersion = 17.2.32616.157
MinimumVisualStudioVersion = 10.0.40219.1
Project("{2150E333-8FDC-42A3-9474-1A3956D46DE8}") = "CMakePredefinedTargets", "CMakePredefinedTargets", "{ADEF05BB-B0BB-34D2-98D2-BECD1C4FCC9A}"
EndProject
Project("{2150E333-8FDC-42A3-9474-1A3956D46DE8}") = "x86_64", "x86_64", "{65BA8234-AE3D-3288-8BBB-4BB08782C62A}"
EndProject
Project("{8BC9CEB8-8B4A-11D0-8D11-00A0C91BC942}") = "ALL_BUILD", "ALL_BUILD.vcxproj", "{23BF88D9-0273-3BD3-A0D6-B0B30369DCB6}"
	ProjectSection(ProjectDependencies) = postProject
		{D77FEEC3-45E5-3ACE-83A7-B2CC55A1A4A5} = {D77FEEC3-45E5-3ACE-83A7-B2CC55A1A4A5}
		{B448D4A8-EEF6-3A0D-AE2A-F3FA7F2B639E} = {B448D4A8-EEF6-3A0D-AE2A-F3FA7F2B639E}
		{8A1EF4B6-06AE-3735-912A-766D182AA2DD} = {8A1EF4B6-06AE-3735-912A-766D182AA2DD}
		{AAC08713-C9A3-333B-9F02-F55C844C1979} = {AAC08713-C9A3-333B-9F02-F55C844C1979}
		{931E5383-D2C9-3D9A-816D-879B94AE7120} = {931E5383-D2C9-3D9A-816D-879B94AE7120}
		{6F494950-76F3-376A-8313-2C04378E2636} = {6F494950-76F3-376A-8313-2C04378E2636}
		{3FC25DD0-7E03-3C67-AF1B-18E25691D316} = {3FC25DD0-7E03-3C67-AF1B-18E25691D316}
		{2F5FB902-8120-3AE7-AC21-E81A1974D39F} = {2F5FB902-8120-3AE7-AC21-E81A1974D39F}
		{ACCB9CBF-98D3-3960-BF0E-AB7B3CE39423} = {ACCB9CBF-98D3-3960-BF0E-AB7B3CE39423}
		{8808F4C5-04C8-3798-A3ED-81FBAB198FB5} = {8808F4C5-04C8-3798-A3ED-81FBAB198FB5}
		{C41B53D5-C5EF-376D-9214-8E4523BFCBBD} = {C41B53D5-C5EF-376D-9214-8E4523BFCBBD}
		{B892366D-36A7-39C0-B447-199429701C7E} = {B892366D-36A7-39C0-B447-199429701C7E}
		{980B194E-9D72-3355-A6C1-89BF7EBCEC34} = {980B194E-9D72-3355-A6C1-89BF7EBCEC34}
		{DEFA5681-1732-3EFE-A3FE-F62C6541D475} = {DEFA5681-1732-3EFE-A3FE-F62C6541D475}
		{AB7EDB92-249A-34F0-8515-9AD815CB4BA9} = {AB7EDB92-249A-34F0-8515-9AD815CB4BA9}
		{E80EDDF7-A067-3F2E-86A6-09D61556DA16} = {E80EDDF7-A067-3F2E-86A6-09D61556DA16}
		{A78E9557-06A8-3EFC-BEB3-3B212CE25C61} = {A78E9557-06A8-3EFC-BEB3-3B212CE25C61}
		{6D662EA7-5416-3459-8182-C3AB9445361A} = {6D662EA7-5416-3459-8182-C3AB9445361A}
		{CCECECD4-3A18-3AB0-9223-88AF184227AC} = {CCECECD4-3A18-3AB0-9223-88AF184227AC}
		{86BE5417-23C9-3643-94C2-5562C0E7A710} = {86BE5417-23C9-3643-94C2-5562C0E7A710}
		{658C238F-873B-3A76-894D-51A1058FDA8D} = {658C238F-873B-3A76-894D-51A1058FDA8D}
	EndProjectSection
EndProject
Project("{8BC9CEB8-8B4A-11D0-8D11-00A0C91BC942}") = "INSTALL", "INSTALL.vcxproj", "{A64D5AB1-6553-348C-B664-5E3B28EC39DA}"
	ProjectSection(ProjectDependencies) = postProject
		{23BF88D9-0273-3BD3-A0D6-B0B30369DCB6} = {23BF88D9-0273-3BD3-A0D6-B0B30369DCB6}
	EndProjectSection
EndProject
Project("{8BC9CEB8-8B4A-11D0-8D11-00A0C91BC942}") = "aom", "aom.vcxproj", "{D77FEEC3-45E5-3ACE-83A7-B2CC55A1A4A5}"
	ProjectSection(ProjectDependencies) = postProject
		{B448D4A8-EEF6-3A0D-AE2A-F3FA7F2B639E} = {B448D4A8-EEF6-3A0D-AE2A-F3FA7F2B639E}
		{8A1EF4B6-06AE-3735-912A-766D182AA2DD} = {8A1EF4B6-06AE-3735-912A-766D182AA2DD}
		{AAC08713-C9A3-333B-9F02-F55C844C1979} = {AAC08713-C9A3-333B-9F02-F55C844C1979}
		{931E5383-D2C9-3D9A-816D-879B94AE7120} = {931E5383-D2C9-3D9A-816D-879B94AE7120}
		{6F494950-76F3-376A-8313-2C04378E2636} = {6F494950-76F3-376A-8313-2C04378E2636}
		{3FC25DD0-7E03-3C67-AF1B-18E25691D316} = {3FC25DD0-7E03-3C67-AF1B-18E25691D316}
		{2F5FB902-8120-3AE7-AC21-E81A1974D39F} = {2F5FB902-8120-3AE7-AC21-E81A1974D39F}
		{ACCB9CBF-98D3-3960-BF0E-AB7B3CE39423} = {ACCB9CBF-98D3-3960-BF0E-AB7B3CE39423}
		{8808F4C5-04C8-3798-A3ED-81FBAB198FB5} = {8808F4C5-04C8-3798-A3ED-81FBAB198FB5}
		{C41B53D5-C5EF-376D-9214-8E4523BFCBBD} = {C41B53D5-C5EF-376D-9214-8E4523BFCBBD}
		{B892366D-36A7-39C0-B447-199429701C7E} = {B892366D-36A7-39C0-B447-199429701C7E}
		{980B194E-9D72-3355-A6C1-89BF7EBCEC34} = {980B194E-9D72-3355-A6C1-89BF7EBCEC34}
		{E80EDDF7-A067-3F2E-86A6-09D61556DA16} = {E80EDDF7-A067-3F2E-86A6-09D61556DA16}
		{A78E9557-06A8-3EFC-BEB3-3B212CE25C61} = {A78E9557-06A8-3EFC-BEB3-3B212CE25C61}
		{6D662EA7-5416-3459-8182-C3AB9445361A} = {6D662EA7-5416-3459-8182-C3AB9445361A}
	EndProjectSection
EndProject
Project("{8BC9CEB8-8B4A-11D0-8D11-00A0C91BC942}") = "aom_av1_common", "aom_av1_common.vcxproj", "{B448D4A8-EEF6-3A0D-AE2A-F3FA7F2B639E}"
	ProjectSection(ProjectDependencies) = postProject
		{E80EDDF7-A067-3F2E-86A6-09D61556DA16} = {E80EDDF7-A067-3F2E-86A6-09D61556DA16}
	EndProjectSection
EndProject
Project("{8BC9CEB8-8B4A-11D0-8D11-00A0C91BC942}") = "aom_av1_common_neon_intrinsics", "aom_av1_common_neon_intrinsics.vcxproj", "{8A1EF4B6-06AE-3735-912A-766D182AA2DD}"
	ProjectSection(ProjectDependencies) = postProject
		{E80EDDF7-A067-3F2E-86A6-09D61556DA16} = {E80EDDF7-A067-3F2E-86A6-09D61556DA16}
	EndProjectSection
EndProject
Project("{8BC9CEB8-8B4A-11D0-8D11-00A0C91BC942}") = "aom_av1_decoder", "aom_av1_decoder.vcxproj", "{AAC08713-C9A3-333B-9F02-F55C844C1979}"
	ProjectSection(ProjectDependencies) = postProject
		{E80EDDF7-A067-3F2E-86A6-09D61556DA16} = {E80EDDF7-A067-3F2E-86A6-09D61556DA16}
	EndProjectSection
EndProject
Project("{8BC9CEB8-8B4A-11D0-8D11-00A0C91BC942}") = "aom_av1_encoder", "aom_av1_encoder.vcxproj", "{931E5383-D2C9-3D9A-816D-879B94AE7120}"
	ProjectSection(ProjectDependencies) = postProject
		{E80EDDF7-A067-3F2E-86A6-09D61556DA16} = {E80EDDF7-A067-3F2E-86A6-09D61556DA16}
	EndProjectSection
EndProject
Project("{8BC9CEB8-8B4A-11D0-8D11-00A0C91BC942}") = "aom_av1_encoder_neon_intrinsics", "aom_av1_encoder_neon_intrinsics.vcxproj", "{6F494950-76F3-376A-8313-2C04378E2636}"
	ProjectSection(ProjectDependencies) = postProject
		{E80EDDF7-A067-3F2E-86A6-09D61556DA16} = {E80EDDF7-A067-3F2E-86A6-09D61556DA16}
	EndProjectSection
EndProject
Project("{8BC9CEB8-8B4A-11D0-8D11-00A0C91BC942}") = "aom_dsp", "aom_dsp.vcxproj", "{3FC25DD0-7E03-3C67-AF1B-18E25691D316}"
	ProjectSection(ProjectDependencies) = postProject
		{E80EDDF7-A067-3F2E-86A6-09D61556DA16} = {E80EDDF7-A067-3F2E-86A6-09D61556DA16}
	EndProjectSection
EndProject
Project("{8BC9CEB8-8B4A-11D0-8D11-00A0C91BC942}") = "aom_dsp_common", "aom_dsp_common.vcxproj", "{2F5FB902-8120-3AE7-AC21-E81A1974D39F}"
	ProjectSection(ProjectDependencies) = postProject
		{E80EDDF7-A067-3F2E-86A6-09D61556DA16} = {E80EDDF7-A067-3F2E-86A6-09D61556DA16}
	EndProjectSection
EndProject
Project("{8BC9CEB8-8B4A-11D0-8D11-00A0C91BC942}") = "aom_dsp_common_neon_intrinsics", "aom_dsp_common_neon_intrinsics.vcxproj", "{ACCB9CBF-98D3-3960-BF0E-AB7B3CE39423}"
	ProjectSection(ProjectDependencies) = postProject
		{E80EDDF7-A067-3F2E-86A6-09D61556DA16} = {E80EDDF7-A067-3F2E-86A6-09D61556DA16}
	EndProjectSection
EndProject
Project("{8BC9CEB8-8B4A-11D0-8D11-00A0C91BC942}") = "aom_dsp_decoder", "aom_dsp_decoder.vcxproj", "{8808F4C5-04C8-3798-A3ED-81FBAB198FB5}"
	ProjectSection(ProjectDependencies) = postProject
		{E80EDDF7-A067-3F2E-86A6-09D61556DA16} = {E80EDDF7-A067-3F2E-86A6-09D61556DA16}
	EndProjectSection
EndProject
Project("{8BC9CEB8-8B4A-11D0-8D11-00A0C91BC942}") = "aom_dsp_encoder", "aom_dsp_encoder.vcxproj", "{C41B53D5-C5EF-376D-9214-8E4523BFCBBD}"
	ProjectSection(ProjectDependencies) = postProject
		{E80EDDF7-A067-3F2E-86A6-09D61556DA16} = {E80EDDF7-A067-3F2E-86A6-09D61556DA16}
	EndProjectSection
EndProject
Project("{8BC9CEB8-8B4A-11D0-8D11-00A0C91BC942}") = "aom_dsp_encoder_neon_intrinsics", "aom_dsp_encoder_neon_intrinsics.vcxproj", "{B892366D-36A7-39C0-B447-199429701C7E}"
	ProjectSection(ProjectDependencies) = postProject
		{E80EDDF7-A067-3F2E-86A6-09D61556DA16} = {E80EDDF7-A067-3F2E-86A6-09D61556DA16}
	EndProjectSection
EndProject
Project("{8BC9CEB8-8B4A-11D0-8D11-00A0C91BC942}") = "aom_mem", "aom_mem.vcxproj", "{980B194E-9D72-3355-A6C1-89BF7EBCEC34}"
	ProjectSection(ProjectDependencies) = postProject
		{E80EDDF7-A067-3F2E-86A6-09D61556DA16} = {E80EDDF7-A067-3F2E-86A6-09D61556DA16}
	EndProjectSection
EndProject
Project("{8BC9CEB8-8B4A-11D0-8D11-00A0C91BC942}") = "aom_pc", "aom_pc.vcxproj", "{DEFA5681-1732-3EFE-A3FE-F62C6541D475}"
	ProjectSection(ProjectDependencies) = postProject
		{CCECECD4-3A18-3AB0-9223-88AF184227AC} = {CCECECD4-3A18-3AB0-9223-88AF184227AC}
	EndProjectSection
EndProject
Project("{8BC9CEB8-8B4A-11D0-8D11-00A0C91BC942}") = "aom_ports_static", "aom_ports_static.vcxproj", "{AB7EDB92-249A-34F0-8515-9AD815CB4BA9}"
	ProjectSection(ProjectDependencies) = postProject
		{E80EDDF7-A067-3F2E-86A6-09D61556DA16} = {E80EDDF7-A067-3F2E-86A6-09D61556DA16}
	EndProjectSection
EndProject
Project("{8BC9CEB8-8B4A-11D0-8D11-00A0C91BC942}") = "aom_rtcd", "aom_rtcd.vcxproj", "{E80EDDF7-A067-3F2E-86A6-09D61556DA16}"
	ProjectSection(ProjectDependencies) = postProject
		{CCECECD4-3A18-3AB0-9223-88AF184227AC} = {CCECECD4-3A18-3AB0-9223-88AF184227AC}
	EndProjectSection
EndProject
Project("{8BC9CEB8-8B4A-11D0-8D11-00A0C91BC942}") = "aom_scale", "aom_scale.vcxproj", "{A78E9557-06A8-3EFC-BEB3-3B212CE25C61}"
	ProjectSection(ProjectDependencies) = postProject
		{E80EDDF7-A067-3F2E-86A6-09D61556DA16} = {E80EDDF7-A067-3F2E-86A6-09D61556DA16}
	EndProjectSection
EndProject
Project("{8BC9CEB8-8B4A-11D0-8D11-00A0C91BC942}") = "aom_util", "aom_util.vcxproj", "{6D662EA7-5416-3459-8182-C3AB9445361A}"
	ProjectSection(ProjectDependencies) = postProject
		{E80EDDF7-A067-3F2E-86A6-09D61556DA16} = {E80EDDF7-A067-3F2E-86A6-09D61556DA16}
	EndProjectSection
EndProject
Project("{8BC9CEB8-8B4A-11D0-8D11-00A0C91BC942}") = "aom_version", "aom_version.vcxproj", "{CCECECD4-3A18-3AB0-9223-88AF184227AC}"
	ProjectSection(ProjectDependencies) = postProject
		{E8ECA0D7-1B1E-3027-A330-1F759378AFE9} = {E8ECA0D7-1B1E-3027-A330-1F759378AFE9}
	EndProjectSection
EndProject
Project("{8BC9CEB8-8B4A-11D0-8D11-00A0C91BC942}") = "aom_version_check", "aom_version_check.vcxproj", "{E8ECA0D7-1B1E-3027-A330-1F759378AFE9}"
EndProject
Project("{8BC9CEB8-8B4A-11D0-8D11-00A0C91BC942}") = "av1_rc_qmode", "av1_rc_qmode.vcxproj", "{86BE5417-23C9-3643-94C2-5562C0E7A710}"
	ProjectSection(ProjectDependencies) = postProject
		{D77FEEC3-45E5-3ACE-83A7-B2CC55A1A4A5} = {D77FEEC3-45E5-3ACE-83A7-B2CC55A1A4A5}
		{E80EDDF7-A067-3F2E-86A6-09D61556DA16} = {E80EDDF7-A067-3F2E-86A6-09D61556DA16}
	EndProjectSection
EndProject
Project("{8BC9CEB8-8B4A-11D0-8D11-00A0C91BC942}") = "dist", "dist.vcxproj", "{882E25EC-903A-32EA-98D0-890D6550B362}"
	ProjectSection(ProjectDependencies) = postProject
		{D77FEEC3-45E5-3ACE-83A7-B2CC55A1A4A5} = {D77FEEC3-45E5-3ACE-83A7-B2CC55A1A4A5}
	EndProjectSection
EndProject
Project("{8BC9CEB8-8B4A-11D0-8D11-00A0C91BC942}") = "yuv", "yuv.vcxproj", "{658C238F-873B-3A76-894D-51A1058FDA8D}"
EndProject
Global
	GlobalSection(SolutionConfigurationPlatforms) = preSolution
		Debug|Android-arm64-v8a = Debug|Android-arm64-v8a
		Debug|ARM64 = Debug|ARM64
		MinSizeRel|Android-arm64-v8a = MinSizeRel|Android-arm64-v8a
		MinSizeRel|ARM64 = MinSizeRel|ARM64
		Release|Android-arm64-v8a = Release|Android-arm64-v8a
		Release|ARM64 = Release|ARM64
		RelWithDebInfo|Android-arm64-v8a = RelWithDebInfo|Android-arm64-v8a
		RelWithDebInfo|ARM64 = RelWithDebInfo|ARM64
	EndGlobalSection
	GlobalSection(ProjectConfigurationPlatforms) = postSolution
		{23BF88D9-0273-3BD3-A0D6-B0B30369DCB6}.Debug|Android-arm64-v8a.ActiveCfg = Debug|Android-arm64-v8a
		{23BF88D9-0273-3BD3-A0D6-B0B30369DCB6}.Debug|Android-arm64-v8a.Build.0 = Debug|Android-arm64-v8a
		{23BF88D9-0273-3BD3-A0D6-B0B30369DCB6}.Debug|ARM64.ActiveCfg = Debug|ARM64
		{23BF88D9-0273-3BD3-A0D6-B0B30369DCB6}.Debug|ARM64.Build.0 = Debug|ARM64
		{23BF88D9-0273-3BD3-A0D6-B0B30369DCB6}.MinSizeRel|Android-arm64-v8a.ActiveCfg = MinSizeRel|Android-arm64-v8a
		{23BF88D9-0273-3BD3-A0D6-B0B30369DCB6}.MinSizeRel|Android-arm64-v8a.Build.0 = MinSizeRel|Android-arm64-v8a
		{23BF88D9-0273-3BD3-A0D6-B0B30369DCB6}.MinSizeRel|ARM64.ActiveCfg = MinSizeRel|ARM64
		{23BF88D9-0273-3BD3-A0D6-B0B30369DCB6}.MinSizeRel|ARM64.Build.0 = MinSizeRel|ARM64
		{23BF88D9-0273-3BD3-A0D6-B0B30369DCB6}.Release|Android-arm64-v8a.ActiveCfg = Release|Android-arm64-v8a
		{23BF88D9-0273-3BD3-A0D6-B0B30369DCB6}.Release|Android-arm64-v8a.Build.0 = Release|Android-arm64-v8a
		{23BF88D9-0273-3BD3-A0D6-B0B30369DCB6}.Release|ARM64.ActiveCfg = Release|ARM64
		{23BF88D9-0273-3BD3-A0D6-B0B30369DCB6}.Release|ARM64.Build.0 = Release|ARM64
		{23BF88D9-0273-3BD3-A0D6-B0B30369DCB6}.RelWithDebInfo|Android-arm64-v8a.ActiveCfg = RelWithDebInfo|Android-arm64-v8a
		{23BF88D9-0273-3BD3-A0D6-B0B30369DCB6}.RelWithDebInfo|Android-arm64-v8a.Build.0 = RelWithDebInfo|Android-arm64-v8a
		{23BF88D9-0273-3BD3-A0D6-B0B30369DCB6}.RelWithDebInfo|ARM64.ActiveCfg = RelWithDebInfo|ARM64
		{23BF88D9-0273-3BD3-A0D6-B0B30369DCB6}.RelWithDebInfo|ARM64.Build.0 = RelWithDebInfo|ARM64
		{A64D5AB1-6553-348C-B664-5E3B28EC39DA}.Debug|Android-arm64-v8a.ActiveCfg = Debug|Android-arm64-v8a
		{A64D5AB1-6553-348C-B664-5E3B28EC39DA}.Debug|ARM64.ActiveCfg = Debug|ARM64
		{A64D5AB1-6553-348C-B664-5E3B28EC39DA}.MinSizeRel|Android-arm64-v8a.ActiveCfg = MinSizeRel|Android-arm64-v8a
		{A64D5AB1-6553-348C-B664-5E3B28EC39DA}.MinSizeRel|ARM64.ActiveCfg = MinSizeRel|ARM64
		{A64D5AB1-6553-348C-B664-5E3B28EC39DA}.Release|Android-arm64-v8a.ActiveCfg = Release|Android-arm64-v8a
		{A64D5AB1-6553-348C-B664-5E3B28EC39DA}.Release|ARM64.ActiveCfg = Release|ARM64
		{A64D5AB1-6553-348C-B664-5E3B28EC39DA}.RelWithDebInfo|Android-arm64-v8a.ActiveCfg = RelWithDebInfo|Android-arm64-v8a
		{A64D5AB1-6553-348C-B664-5E3B28EC39DA}.RelWithDebInfo|ARM64.ActiveCfg = RelWithDebInfo|ARM64
		{D77FEEC3-45E5-3ACE-83A7-B2CC55A1A4A5}.Debug|Android-arm64-v8a.ActiveCfg = Debug|Android-arm64-v8a
		{D77FEEC3-45E5-3ACE-83A7-B2CC55A1A4A5}.Debug|Android-arm64-v8a.Build.0 = Debug|Android-arm64-v8a
		{D77FEEC3-45E5-3ACE-83A7-B2CC55A1A4A5}.Debug|ARM64.ActiveCfg = Debug|ARM64
		{D77FEEC3-45E5-3ACE-83A7-B2CC55A1A4A5}.Debug|ARM64.Build.0 = Debug|ARM64
		{D77FEEC3-45E5-3ACE-83A7-B2CC55A1A4A5}.MinSizeRel|Android-arm64-v8a.ActiveCfg = MinSizeRel|Android-arm64-v8a
		{D77FEEC3-45E5-3ACE-83A7-B2CC55A1A4A5}.MinSizeRel|Android-arm64-v8a.Build.0 = MinSizeRel|Android-arm64-v8a
		{D77FEEC3-45E5-3ACE-83A7-B2CC55A1A4A5}.MinSizeRel|ARM64.ActiveCfg = MinSizeRel|ARM64
		{D77FEEC3-45E5-3ACE-83A7-B2CC55A1A4A5}.MinSizeRel|ARM64.Build.0 = MinSizeRel|ARM64
		{D77FEEC3-45E5-3ACE-83A7-B2CC55A1A4A5}.Release|Android-arm64-v8a.ActiveCfg = Release|Android-arm64-v8a
		{D77FEEC3-45E5-3ACE-83A7-B2CC55A1A4A5}.Release|Android-arm64-v8a.Build.0 = Release|Android-arm64-v8a
		{D77FEEC3-45E5-3ACE-83A7-B2CC55A1A4A5}.Release|ARM64.ActiveCfg = Release|ARM64
		{D77FEEC3-45E5-3ACE-83A7-B2CC55A1A4A5}.Release|ARM64.Build.0 = Release|ARM64
		{D77FEEC3-45E5-3ACE-83A7-B2CC55A1A4A5}.RelWithDebInfo|Android-arm64-v8a.ActiveCfg = RelWithDebInfo|Android-arm64-v8a
		{D77FEEC3-45E5-3ACE-83A7-B2CC55A1A4A5}.RelWithDebInfo|Android-arm64-v8a.Build.0 = RelWithDebInfo|Android-arm64-v8a
		{D77FEEC3-45E5-3ACE-83A7-B2CC55A1A4A5}.RelWithDebInfo|ARM64.ActiveCfg = RelWithDebInfo|ARM64
		{D77FEEC3-45E5-3ACE-83A7-B2CC55A1A4A5}.RelWithDebInfo|ARM64.Build.0 = RelWithDebInfo|ARM64
		{B448D4A8-EEF6-3A0D-AE2A-F3FA7F2B639E}.Debug|Android-arm64-v8a.ActiveCfg = Debug|Android-arm64-v8a
		{B448D4A8-EEF6-3A0D-AE2A-F3FA7F2B639E}.Debug|Android-arm64-v8a.Build.0 = Debug|Android-arm64-v8a
		{B448D4A8-EEF6-3A0D-AE2A-F3FA7F2B639E}.Debug|ARM64.ActiveCfg = Debug|ARM64
		{B448D4A8-EEF6-3A0D-AE2A-F3FA7F2B639E}.Debug|ARM64.Build.0 = Debug|ARM64
		{B448D4A8-EEF6-3A0D-AE2A-F3FA7F2B639E}.MinSizeRel|Android-arm64-v8a.ActiveCfg = MinSizeRel|Android-arm64-v8a
		{B448D4A8-EEF6-3A0D-AE2A-F3FA7F2B639E}.MinSizeRel|Android-arm64-v8a.Build.0 = MinSizeRel|Android-arm64-v8a
		{B448D4A8-EEF6-3A0D-AE2A-F3FA7F2B639E}.MinSizeRel|ARM64.ActiveCfg = MinSizeRel|ARM64
		{B448D4A8-EEF6-3A0D-AE2A-F3FA7F2B639E}.MinSizeRel|ARM64.Build.0 = MinSizeRel|ARM64
		{B448D4A8-EEF6-3A0D-AE2A-F3FA7F2B639E}.Release|Android-arm64-v8a.ActiveCfg = Release|Android-arm64-v8a
		{B448D4A8-EEF6-3A0D-AE2A-F3FA7F2B639E}.Release|Android-arm64-v8a.Build.0 = Release|Android-arm64-v8a
		{B448D4A8-EEF6-3A0D-AE2A-F3FA7F2B639E}.Release|ARM64.ActiveCfg = Release|ARM64
		{B448D4A8-EEF6-3A0D-AE2A-F3FA7F2B639E}.Release|ARM64.Build.0 = Release|ARM64
		{B448D4A8-EEF6-3A0D-AE2A-F3FA7F2B639E}.RelWithDebInfo|Android-arm64-v8a.ActiveCfg = RelWithDebInfo|Android-arm64-v8a
		{B448D4A8-EEF6-3A0D-AE2A-F3FA7F2B639E}.RelWithDebInfo|Android-arm64-v8a.Build.0 = RelWithDebInfo|Android-arm64-v8a
		{B448D4A8-EEF6-3A0D-AE2A-F3FA7F2B639E}.RelWithDebInfo|ARM64.ActiveCfg = RelWithDebInfo|ARM64
		{B448D4A8-EEF6-3A0D-AE2A-F3FA7F2B639E}.RelWithDebInfo|ARM64.Build.0 = RelWithDebInfo|ARM64
		{8A1EF4B6-06AE-3735-912A-766D182AA2DD}.Debug|Android-arm64-v8a.ActiveCfg = Debug|Android-arm64-v8a
		{8A1EF4B6-06AE-3735-912A-766D182AA2DD}.Debug|Android-arm64-v8a.Build.0 = Debug|Android-arm64-v8a
		{8A1EF4B6-06AE-3735-912A-766D182AA2DD}.Debug|ARM64.ActiveCfg = Debug|ARM64
		{8A1EF4B6-06AE-3735-912A-766D182AA2DD}.Debug|ARM64.Build.0 = Debug|ARM64
		{8A1EF4B6-06AE-3735-912A-766D182AA2DD}.MinSizeRel|Android-arm64-v8a.ActiveCfg = MinSizeRel|Android-arm64-v8a
		{8A1EF4B6-06AE-3735-912A-766D182AA2DD}.MinSizeRel|Android-arm64-v8a.Build.0 = MinSizeRel|Android-arm64-v8a
		{8A1EF4B6-06AE-3735-912A-766D182AA2DD}.MinSizeRel|ARM64.ActiveCfg = MinSizeRel|ARM64
		{8A1EF4B6-06AE-3735-912A-766D182AA2DD}.MinSizeRel|ARM64.Build.0 = MinSizeRel|ARM64
		{8A1EF4B6-06AE-3735-912A-766D182AA2DD}.Release|Android-arm64-v8a.ActiveCfg = Release|Android-arm64-v8a
		{8A1EF4B6-06AE-3735-912A-766D182AA2DD}.Release|Android-arm64-v8a.Build.0 = Release|Android-arm64-v8a
		{8A1EF4B6-06AE-3735-912A-766D182AA2DD}.Release|ARM64.ActiveCfg = Release|ARM64
		{8A1EF4B6-06AE-3735-912A-766D182AA2DD}.Release|ARM64.Build.0 = Release|ARM64
		{8A1EF4B6-06AE-3735-912A-766D182AA2DD}.RelWithDebInfo|Android-arm64-v8a.ActiveCfg = RelWithDebInfo|Android-arm64-v8a
		{8A1EF4B6-06AE-3735-912A-766D182AA2DD}.RelWithDebInfo|Android-arm64-v8a.Build.0 = RelWithDebInfo|Android-arm64-v8a
		{8A1EF4B6-06AE-3735-912A-766D182AA2DD}.RelWithDebInfo|ARM64.ActiveCfg = RelWithDebInfo|ARM64
		{8A1EF4B6-06AE-3735-912A-766D182AA2DD}.RelWithDebInfo|ARM64.Build.0 = RelWithDebInfo|ARM64
		{AAC08713-C9A3-333B-9F02-F55C844C1979}.Debug|Android-arm64-v8a.ActiveCfg = Debug|Android-arm64-v8a
		{AAC08713-C9A3-333B-9F02-F55C844C1979}.Debug|Android-arm64-v8a.Build.0 = Debug|Android-arm64-v8a
		{AAC08713-C9A3-333B-9F02-F55C844C1979}.Debug|ARM64.ActiveCfg = Debug|ARM64
		{AAC08713-C9A3-333B-9F02-F55C844C1979}.Debug|ARM64.Build.0 = Debug|ARM64
		{AAC08713-C9A3-333B-9F02-F55C844C1979}.MinSizeRel|Android-arm64-v8a.ActiveCfg = MinSizeRel|Android-arm64-v8a
		{AAC08713-C9A3-333B-9F02-F55C844C1979}.MinSizeRel|Android-arm64-v8a.Build.0 = MinSizeRel|Android-arm64-v8a
		{AAC08713-C9A3-333B-9F02-F55C844C1979}.MinSizeRel|ARM64.ActiveCfg = MinSizeRel|ARM64
		{AAC08713-C9A3-333B-9F02-F55C844C1979}.MinSizeRel|ARM64.Build.0 = MinSizeRel|ARM64
		{AAC08713-C9A3-333B-9F02-F55C844C1979}.Release|Android-arm64-v8a.ActiveCfg = Release|Android-arm64-v8a
		{AAC08713-C9A3-333B-9F02-F55C844C1979}.Release|Android-arm64-v8a.Build.0 = Release|Android-arm64-v8a
		{AAC08713-C9A3-333B-9F02-F55C844C1979}.Release|ARM64.ActiveCfg = Release|ARM64
		{AAC08713-C9A3-333B-9F02-F55C844C1979}.Release|ARM64.Build.0 = Release|ARM64
		{AAC08713-C9A3-333B-9F02-F55C844C1979}.RelWithDebInfo|Android-arm64-v8a.ActiveCfg = RelWithDebInfo|Android-arm64-v8a
		{AAC08713-C9A3-333B-9F02-F55C844C1979}.RelWithDebInfo|Android-arm64-v8a.Build.0 = RelWithDebInfo|Android-arm64-v8a
		{AAC08713-C9A3-333B-9F02-F55C844C1979}.RelWithDebInfo|ARM64.ActiveCfg = RelWithDebInfo|ARM64
		{AAC08713-C9A3-333B-9F02-F55C844C1979}.RelWithDebInfo|ARM64.Build.0 = RelWithDebInfo|ARM64
		{931E5383-D2C9-3D9A-816D-879B94AE7120}.Debug|Android-arm64-v8a.ActiveCfg = Debug|Android-arm64-v8a
		{931E5383-D2C9-3D9A-816D-879B94AE7120}.Debug|Android-arm64-v8a.Build.0 = Debug|Android-arm64-v8a
		{931E5383-D2C9-3D9A-816D-879B94AE7120}.Debug|ARM64.ActiveCfg = Debug|ARM64
		{931E5383-D2C9-3D9A-816D-879B94AE7120}.Debug|ARM64.Build.0 = Debug|ARM64
		{931E5383-D2C9-3D9A-816D-879B94AE7120}.MinSizeRel|Android-arm64-v8a.ActiveCfg = MinSizeRel|Android-arm64-v8a
		{931E5383-D2C9-3D9A-816D-879B94AE7120}.MinSizeRel|Android-arm64-v8a.Build.0 = MinSizeRel|Android-arm64-v8a
		{931E5383-D2C9-3D9A-816D-879B94AE7120}.MinSizeRel|ARM64.ActiveCfg = MinSizeRel|ARM64
		{931E5383-D2C9-3D9A-816D-879B94AE7120}.MinSizeRel|ARM64.Build.0 = MinSizeRel|ARM64
		{931E5383-D2C9-3D9A-816D-879B94AE7120}.Release|Android-arm64-v8a.ActiveCfg = Release|Android-arm64-v8a
		{931E5383-D2C9-3D9A-816D-879B94AE7120}.Release|Android-arm64-v8a.Build.0 = Release|Android-arm64-v8a
		{931E5383-D2C9-3D9A-816D-879B94AE7120}.Release|ARM64.ActiveCfg = Release|ARM64
		{931E5383-D2C9-3D9A-816D-879B94AE7120}.Release|ARM64.Build.0 = Release|ARM64
		{931E5383-D2C9-3D9A-816D-879B94AE7120}.RelWithDebInfo|Android-arm64-v8a.ActiveCfg = RelWithDebInfo|Android-arm64-v8a
		{931E5383-D2C9-3D9A-816D-879B94AE7120}.RelWithDebInfo|Android-arm64-v8a.Build.0 = RelWithDebInfo|Android-arm64-v8a
		{931E5383-D2C9-3D9A-816D-879B94AE7120}.RelWithDebInfo|ARM64.ActiveCfg = RelWithDebInfo|ARM64
		{931E5383-D2C9-3D9A-816D-879B94AE7120}.RelWithDebInfo|ARM64.Build.0 = RelWithDebInfo|ARM64
		{6F494950-76F3-376A-8313-2C04378E2636}.Debug|Android-arm64-v8a.ActiveCfg = Debug|Android-arm64-v8a
		{6F494950-76F3-376A-8313-2C04378E2636}.Debug|Android-arm64-v8a.Build.0 = Debug|Android-arm64-v8a
		{6F494950-76F3-376A-8313-2C04378E2636}.Debug|ARM64.ActiveCfg = Debug|ARM64
		{6F494950-76F3-376A-8313-2C04378E2636}.Debug|ARM64.Build.0 = Debug|ARM64
		{6F494950-76F3-376A-8313-2C04378E2636}.MinSizeRel|Android-arm64-v8a.ActiveCfg = MinSizeRel|Android-arm64-v8a
		{6F494950-76F3-376A-8313-2C04378E2636}.MinSizeRel|Android-arm64-v8a.Build.0 = MinSizeRel|Android-arm64-v8a
		{6F494950-76F3-376A-8313-2C04378E2636}.MinSizeRel|ARM64.ActiveCfg = MinSizeRel|ARM64
		{6F494950-76F3-376A-8313-2C04378E2636}.MinSizeRel|ARM64.Build.0 = MinSizeRel|ARM64
		{6F494950-76F3-376A-8313-2C04378E2636}.Release|Android-arm64-v8a.ActiveCfg = Release|Android-arm64-v8a
		{6F494950-76F3-376A-8313-2C04378E2636}.Release|Android-arm64-v8a.Build.0 = Release|Android-arm64-v8a
		{6F494950-76F3-376A-8313-2C04378E2636}.Release|ARM64.ActiveCfg = Release|ARM64
		{6F494950-76F3-376A-8313-2C04378E2636}.Release|ARM64.Build.0 = Release|ARM64
		{6F494950-76F3-376A-8313-2C04378E2636}.RelWithDebInfo|Android-arm64-v8a.ActiveCfg = RelWithDebInfo|Android-arm64-v8a
		{6F494950-76F3-376A-8313-2C04378E2636}.RelWithDebInfo|Android-arm64-v8a.Build.0 = RelWithDebInfo|Android-arm64-v8a
		{6F494950-76F3-376A-8313-2C04378E2636}.RelWithDebInfo|ARM64.ActiveCfg = RelWithDebInfo|ARM64
		{6F494950-76F3-376A-8313-2C04378E2636}.RelWithDebInfo|ARM64.Build.0 = RelWithDebInfo|ARM64
		{3FC25DD0-7E03-3C67-AF1B-18E25691D316}.Debug|Android-arm64-v8a.ActiveCfg = Debug|Android-arm64-v8a
		{3FC25DD0-7E03-3C67-AF1B-18E25691D316}.Debug|Android-arm64-v8a.Build.0 = Debug|Android-arm64-v8a
		{3FC25DD0-7E03-3C67-AF1B-18E25691D316}.Debug|ARM64.ActiveCfg = Debug|ARM64
		{3FC25DD0-7E03-3C67-AF1B-18E25691D316}.Debug|ARM64.Build.0 = Debug|ARM64
		{3FC25DD0-7E03-3C67-AF1B-18E25691D316}.MinSizeRel|Android-arm64-v8a.ActiveCfg = MinSizeRel|Android-arm64-v8a
		{3FC25DD0-7E03-3C67-AF1B-18E25691D316}.MinSizeRel|Android-arm64-v8a.Build.0 = MinSizeRel|Android-arm64-v8a
		{3FC25DD0-7E03-3C67-AF1B-18E25691D316}.MinSizeRel|ARM64.ActiveCfg = MinSizeRel|ARM64
		{3FC25DD0-7E03-3C67-AF1B-18E25691D316}.MinSizeRel|ARM64.Build.0 = MinSizeRel|ARM64
		{3FC25DD0-7E03-3C67-AF1B-18E25691D316}.Release|Android-arm64-v8a.ActiveCfg = Release|Android-arm64-v8a
		{3FC25DD0-7E03-3C67-AF1B-18E25691D316}.Release|Android-arm64-v8a.Build.0 = Release|Android-arm64-v8a
		{3FC25DD0-7E03-3C67-AF1B-18E25691D316}.Release|ARM64.ActiveCfg = Release|ARM64
		{3FC25DD0-7E03-3C67-AF1B-18E25691D316}.Release|ARM64.Build.0 = Release|ARM64
		{3FC25DD0-7E03-3C67-AF1B-18E25691D316}.RelWithDebInfo|Android-arm64-v8a.ActiveCfg = RelWithDebInfo|Android-arm64-v8a
		{3FC25DD0-7E03-3C67-AF1B-18E25691D316}.RelWithDebInfo|Android-arm64-v8a.Build.0 = RelWithDebInfo|Android-arm64-v8a
		{3FC25DD0-7E03-3C67-AF1B-18E25691D316}.RelWithDebInfo|ARM64.ActiveCfg = RelWithDebInfo|ARM64
		{3FC25DD0-7E03-3C67-AF1B-18E25691D316}.RelWithDebInfo|ARM64.Build.0 = RelWithDebInfo|ARM64
		{2F5FB902-8120-3AE7-AC21-E81A1974D39F}.Debug|Android-arm64-v8a.ActiveCfg = Debug|Android-arm64-v8a
		{2F5FB902-8120-3AE7-AC21-E81A1974D39F}.Debug|Android-arm64-v8a.Build.0 = Debug|Android-arm64-v8a
		{2F5FB902-8120-3AE7-AC21-E81A1974D39F}.Debug|ARM64.ActiveCfg = Debug|ARM64
		{2F5FB902-8120-3AE7-AC21-E81A1974D39F}.Debug|ARM64.Build.0 = Debug|ARM64
		{2F5FB902-8120-3AE7-AC21-E81A1974D39F}.MinSizeRel|Android-arm64-v8a.ActiveCfg = MinSizeRel|Android-arm64-v8a
		{2F5FB902-8120-3AE7-AC21-E81A1974D39F}.MinSizeRel|Android-arm64-v8a.Build.0 = MinSizeRel|Android-arm64-v8a
		{2F5FB902-8120-3AE7-AC21-E81A1974D39F}.MinSizeRel|ARM64.ActiveCfg = MinSizeRel|ARM64
		{2F5FB902-8120-3AE7-AC21-E81A1974D39F}.MinSizeRel|ARM64.Build.0 = MinSizeRel|ARM64
		{2F5FB902-8120-3AE7-AC21-E81A1974D39F}.Release|Android-arm64-v8a.ActiveCfg = Release|Android-arm64-v8a
		{2F5FB902-8120-3AE7-AC21-E81A1974D39F}.Release|Android-arm64-v8a.Build.0 = Release|Android-arm64-v8a
		{2F5FB902-8120-3AE7-AC21-E81A1974D39F}.Release|ARM64.ActiveCfg = Release|ARM64
		{2F5FB902-8120-3AE7-AC21-E81A1974D39F}.Release|ARM64.Build.0 = Release|ARM64
		{2F5FB902-8120-3AE7-AC21-E81A1974D39F}.RelWithDebInfo|Android-arm64-v8a.ActiveCfg = RelWithDebInfo|Android-arm64-v8a
		{2F5FB902-8120-3AE7-AC21-E81A1974D39F}.RelWithDebInfo|Android-arm64-v8a.Build.0 = RelWithDebInfo|Android-arm64-v8a
		{2F5FB902-8120-3AE7-AC21-E81A1974D39F}.RelWithDebInfo|ARM64.ActiveCfg = RelWithDebInfo|ARM64
		{2F5FB902-8120-3AE7-AC21-E81A1974D39F}.RelWithDebInfo|ARM64.Build.0 = RelWithDebInfo|ARM64
		{ACCB9CBF-98D3-3960-BF0E-AB7B3CE39423}.Debug|Android-arm64-v8a.ActiveCfg = Debug|Android-arm64-v8a
		{ACCB9CBF-98D3-3960-BF0E-AB7B3CE39423}.Debug|Android-arm64-v8a.Build.0 = Debug|Android-arm64-v8a
		{ACCB9CBF-98D3-3960-BF0E-AB7B3CE39423}.Debug|ARM64.ActiveCfg = Debug|ARM64
		{ACCB9CBF-98D3-3960-BF0E-AB7B3CE39423}.Debug|ARM64.Build.0 = Debug|ARM64
		{ACCB9CBF-98D3-3960-BF0E-AB7B3CE39423}.MinSizeRel|Android-arm64-v8a.ActiveCfg = MinSizeRel|Android-arm64-v8a
		{ACCB9CBF-98D3-3960-BF0E-AB7B3CE39423}.MinSizeRel|Android-arm64-v8a.Build.0 = MinSizeRel|Android-arm64-v8a
		{ACCB9CBF-98D3-3960-BF0E-AB7B3CE39423}.MinSizeRel|ARM64.ActiveCfg = MinSizeRel|ARM64
		{ACCB9CBF-98D3-3960-BF0E-AB7B3CE39423}.MinSizeRel|ARM64.Build.0 = MinSizeRel|ARM64
		{ACCB9CBF-98D3-3960-BF0E-AB7B3CE39423}.Release|Android-arm64-v8a.ActiveCfg = Release|Android-arm64-v8a
		{ACCB9CBF-98D3-3960-BF0E-AB7B3CE39423}.Release|Android-arm64-v8a.Build.0 = Release|Android-arm64-v8a
		{ACCB9CBF-98D3-3960-BF0E-AB7B3CE39423}.Release|ARM64.ActiveCfg = Release|ARM64
		{ACCB9CBF-98D3-3960-BF0E-AB7B3CE39423}.Release|ARM64.Build.0 = Release|ARM64
		{ACCB9CBF-98D3-3960-BF0E-AB7B3CE39423}.RelWithDebInfo|Android-arm64-v8a.ActiveCfg = RelWithDebInfo|Android-arm64-v8a
		{ACCB9CBF-98D3-3960-BF0E-AB7B3CE39423}.RelWithDebInfo|Android-arm64-v8a.Build.0 = RelWithDebInfo|Android-arm64-v8a
		{ACCB9CBF-98D3-3960-BF0E-AB7B3CE39423}.RelWithDebInfo|ARM64.ActiveCfg = RelWithDebInfo|ARM64
		{ACCB9CBF-98D3-3960-BF0E-AB7B3CE39423}.RelWithDebInfo|ARM64.Build.0 = RelWithDebInfo|ARM64
		{8808F4C5-04C8-3798-A3ED-81FBAB198FB5}.Debug|Android-arm64-v8a.ActiveCfg = Debug|Android-arm64-v8a
		{8808F4C5-04C8-3798-A3ED-81FBAB198FB5}.Debug|Android-arm64-v8a.Build.0 = Debug|Android-arm64-v8a
		{8808F4C5-04C8-3798-A3ED-81FBAB198FB5}.Debug|ARM64.ActiveCfg = Debug|ARM64
		{8808F4C5-04C8-3798-A3ED-81FBAB198FB5}.Debug|ARM64.Build.0 = Debug|ARM64
		{8808F4C5-04C8-3798-A3ED-81FBAB198FB5}.MinSizeRel|Android-arm64-v8a.ActiveCfg = MinSizeRel|Android-arm64-v8a
		{8808F4C5-04C8-3798-A3ED-81FBAB198FB5}.MinSizeRel|Android-arm64-v8a.Build.0 = MinSizeRel|Android-arm64-v8a
		{8808F4C5-04C8-3798-A3ED-81FBAB198FB5}.MinSizeRel|ARM64.ActiveCfg = MinSizeRel|ARM64
		{8808F4C5-04C8-3798-A3ED-81FBAB198FB5}.MinSizeRel|ARM64.Build.0 = MinSizeRel|ARM64
		{8808F4C5-04C8-3798-A3ED-81FBAB198FB5}.Release|Android-arm64-v8a.ActiveCfg = Release|Android-arm64-v8a
		{8808F4C5-04C8-3798-A3ED-81FBAB198FB5}.Release|Android-arm64-v8a.Build.0 = Release|Android-arm64-v8a
		{8808F4C5-04C8-3798-A3ED-81FBAB198FB5}.Release|ARM64.ActiveCfg = Release|ARM64
		{8808F4C5-04C8-3798-A3ED-81FBAB198FB5}.Release|ARM64.Build.0 = Release|ARM64
		{8808F4C5-04C8-3798-A3ED-81FBAB198FB5}.RelWithDebInfo|Android-arm64-v8a.ActiveCfg = RelWithDebInfo|Android-arm64-v8a
		{8808F4C5-04C8-3798-A3ED-81FBAB198FB5}.RelWithDebInfo|Android-arm64-v8a.Build.0 = RelWithDebInfo|Android-arm64-v8a
		{8808F4C5-04C8-3798-A3ED-81FBAB198FB5}.RelWithDebInfo|ARM64.ActiveCfg = RelWithDebInfo|ARM64
		{8808F4C5-04C8-3798-A3ED-81FBAB198FB5}.RelWithDebInfo|ARM64.Build.0 = RelWithDebInfo|ARM64
		{C41B53D5-C5EF-376D-9214-8E4523BFCBBD}.Debug|Android-arm64-v8a.ActiveCfg = Debug|Android-arm64-v8a
		{C41B53D5-C5EF-376D-9214-8E4523BFCBBD}.Debug|Android-arm64-v8a.Build.0 = Debug|Android-arm64-v8a
		{C41B53D5-C5EF-376D-9214-8E4523BFCBBD}.Debug|ARM64.ActiveCfg = Debug|ARM64
		{C41B53D5-C5EF-376D-9214-8E4523BFCBBD}.Debug|ARM64.Build.0 = Debug|ARM64
		{C41B53D5-C5EF-376D-9214-8E4523BFCBBD}.MinSizeRel|Android-arm64-v8a.ActiveCfg = MinSizeRel|Android-arm64-v8a
		{C41B53D5-C5EF-376D-9214-8E4523BFCBBD}.MinSizeRel|Android-arm64-v8a.Build.0 = MinSizeRel|Android-arm64-v8a
		{C41B53D5-C5EF-376D-9214-8E4523BFCBBD}.MinSizeRel|ARM64.ActiveCfg = MinSizeRel|ARM64
		{C41B53D5-C5EF-376D-9214-8E4523BFCBBD}.MinSizeRel|ARM64.Build.0 = MinSizeRel|ARM64
		{C41B53D5-C5EF-376D-9214-8E4523BFCBBD}.Release|Android-arm64-v8a.ActiveCfg = Release|Android-arm64-v8a
		{C41B53D5-C5EF-376D-9214-8E4523BFCBBD}.Release|Android-arm64-v8a.Build.0 = Release|Android-arm64-v8a
		{C41B53D5-C5EF-376D-9214-8E4523BFCBBD}.Release|ARM64.ActiveCfg = Release|ARM64
		{C41B53D5-C5EF-376D-9214-8E4523BFCBBD}.Release|ARM64.Build.0 = Release|ARM64
		{C41B53D5-C5EF-376D-9214-8E4523BFCBBD}.RelWithDebInfo|Android-arm64-v8a.ActiveCfg = RelWithDebInfo|Android-arm64-v8a
		{C41B53D5-C5EF-376D-9214-8E4523BFCBBD}.RelWithDebInfo|Android-arm64-v8a.Build.0 = RelWithDebInfo|Android-arm64-v8a
		{C41B53D5-C5EF-376D-9214-8E4523BFCBBD}.RelWithDebInfo|ARM64.ActiveCfg = RelWithDebInfo|ARM64
		{C41B53D5-C5EF-376D-9214-8E4523BFCBBD}.RelWithDebInfo|ARM64.Build.0 = RelWithDebInfo|ARM64
		{B892366D-36A7-39C0-B447-199429701C7E}.Debug|Android-arm64-v8a.ActiveCfg = Debug|Android-arm64-v8a
		{B892366D-36A7-39C0-B447-199429701C7E}.Debug|Android-arm64-v8a.Build.0 = Debug|Android-arm64-v8a
		{B892366D-36A7-39C0-B447-199429701C7E}.Debug|ARM64.ActiveCfg = Debug|ARM64
		{B892366D-36A7-39C0-B447-199429701C7E}.Debug|ARM64.Build.0 = Debug|ARM64
		{B892366D-36A7-39C0-B447-199429701C7E}.MinSizeRel|Android-arm64-v8a.ActiveCfg = MinSizeRel|Android-arm64-v8a
		{B892366D-36A7-39C0-B447-199429701C7E}.MinSizeRel|Android-arm64-v8a.Build.0 = MinSizeRel|Android-arm64-v8a
		{B892366D-36A7-39C0-B447-199429701C7E}.MinSizeRel|ARM64.ActiveCfg = MinSizeRel|ARM64
		{B892366D-36A7-39C0-B447-199429701C7E}.MinSizeRel|ARM64.Build.0 = MinSizeRel|ARM64
		{B892366D-36A7-39C0-B447-199429701C7E}.Release|Android-arm64-v8a.ActiveCfg = Release|Android-arm64-v8a
		{B892366D-36A7-39C0-B447-199429701C7E}.Release|Android-arm64-v8a.Build.0 = Release|Android-arm64-v8a
		{B892366D-36A7-39C0-B447-199429701C7E}.Release|ARM64.ActiveCfg = Release|ARM64
		{B892366D-36A7-39C0-B447-199429701C7E}.Release|ARM64.Build.0 = Release|ARM64
		{B892366D-36A7-39C0-B447-199429701C7E}.RelWithDebInfo|Android-arm64-v8a.ActiveCfg = RelWithDebInfo|Android-arm64-v8a
		{B892366D-36A7-39C0-B447-199429701C7E}.RelWithDebInfo|Android-arm64-v8a.Build.0 = RelWithDebInfo|Android-arm64-v8a
		{B892366D-36A7-39C0-B447-199429701C7E}.RelWithDebInfo|ARM64.ActiveCfg = RelWithDebInfo|ARM64
		{B892366D-36A7-39C0-B447-199429701C7E}.RelWithDebInfo|ARM64.Build.0 = RelWithDebInfo|ARM64
		{980B194E-9D72-3355-A6C1-89BF7EBCEC34}.Debug|Android-arm64-v8a.ActiveCfg = Debug|Android-arm64-v8a
		{980B194E-9D72-3355-A6C1-89BF7EBCEC34}.Debug|Android-arm64-v8a.Build.0 = Debug|Android-arm64-v8a
		{980B194E-9D72-3355-A6C1-89BF7EBCEC34}.Debug|ARM64.ActiveCfg = Debug|ARM64
		{980B194E-9D72-3355-A6C1-89BF7EBCEC34}.Debug|ARM64.Build.0 = Debug|ARM64
		{980B194E-9D72-3355-A6C1-89BF7EBCEC34}.MinSizeRel|Android-arm64-v8a.ActiveCfg = MinSizeRel|Android-arm64-v8a
		{980B194E-9D72-3355-A6C1-89BF7EBCEC34}.MinSizeRel|Android-arm64-v8a.Build.0 = MinSizeRel|Android-arm64-v8a
		{980B194E-9D72-3355-A6C1-89BF7EBCEC34}.MinSizeRel|ARM64.ActiveCfg = MinSizeRel|ARM64
		{980B194E-9D72-3355-A6C1-89BF7EBCEC34}.MinSizeRel|ARM64.Build.0 = MinSizeRel|ARM64
		{980B194E-9D72-3355-A6C1-89BF7EBCEC34}.Release|Android-arm64-v8a.ActiveCfg = Release|Android-arm64-v8a
		{980B194E-9D72-3355-A6C1-89BF7EBCEC34}.Release|Android-arm64-v8a.Build.0 = Release|Android-arm64-v8a
		{980B194E-9D72-3355-A6C1-89BF7EBCEC34}.Release|ARM64.ActiveCfg = Release|ARM64
		{980B194E-9D72-3355-A6C1-89BF7EBCEC34}.Release|ARM64.Build.0 = Release|ARM64
		{980B194E-9D72-3355-A6C1-89BF7EBCEC34}.RelWithDebInfo|Android-arm64-v8a.ActiveCfg = RelWithDebInfo|Android-arm64-v8a
		{980B194E-9D72-3355-A6C1-89BF7EBCEC34}.RelWithDebInfo|Android-arm64-v8a.Build.0 = RelWithDebInfo|Android-arm64-v8a
		{980B194E-9D72-3355-A6C1-89BF7EBCEC34}.RelWithDebInfo|ARM64.ActiveCfg = RelWithDebInfo|ARM64
		{980B194E-9D72-3355-A6C1-89BF7EBCEC34}.RelWithDebInfo|ARM64.Build.0 = RelWithDebInfo|ARM64
		{DEFA5681-1732-3EFE-A3FE-F62C6541D475}.Debug|Android-arm64-v8a.ActiveCfg = Debug|Android-arm64-v8a
		{DEFA5681-1732-3EFE-A3FE-F62C6541D475}.Debug|Android-arm64-v8a.Build.0 = Debug|Android-arm64-v8a
		{DEFA5681-1732-3EFE-A3FE-F62C6541D475}.Debug|ARM64.ActiveCfg = Debug|ARM64
		{DEFA5681-1732-3EFE-A3FE-F62C6541D475}.Debug|ARM64.Build.0 = Debug|ARM64
		{DEFA5681-1732-3EFE-A3FE-F62C6541D475}.MinSizeRel|Android-arm64-v8a.ActiveCfg = MinSizeRel|Android-arm64-v8a
		{DEFA5681-1732-3EFE-A3FE-F62C6541D475}.MinSizeRel|Android-arm64-v8a.Build.0 = MinSizeRel|Android-arm64-v8a
		{DEFA5681-1732-3EFE-A3FE-F62C6541D475}.MinSizeRel|ARM64.ActiveCfg = MinSizeRel|ARM64
		{DEFA5681-1732-3EFE-A3FE-F62C6541D475}.MinSizeRel|ARM64.Build.0 = MinSizeRel|ARM64
		{DEFA5681-1732-3EFE-A3FE-F62C6541D475}.Release|Android-arm64-v8a.ActiveCfg = Release|Android-arm64-v8a
		{DEFA5681-1732-3EFE-A3FE-F62C6541D475}.Release|Android-arm64-v8a.Build.0 = Release|Android-arm64-v8a
		{DEFA5681-1732-3EFE-A3FE-F62C6541D475}.Release|ARM64.ActiveCfg = Release|ARM64
		{DEFA5681-1732-3EFE-A3FE-F62C6541D475}.Release|ARM64.Build.0 = Release|ARM64
		{DEFA5681-1732-3EFE-A3FE-F62C6541D475}.RelWithDebInfo|Android-arm64-v8a.ActiveCfg = RelWithDebInfo|Android-arm64-v8a
		{DEFA5681-1732-3EFE-A3FE-F62C6541D475}.RelWithDebInfo|Android-arm64-v8a.Build.0 = RelWithDebInfo|Android-arm64-v8a
		{DEFA5681-1732-3EFE-A3FE-F62C6541D475}.RelWithDebInfo|ARM64.ActiveCfg = RelWithDebInfo|ARM64
		{DEFA5681-1732-3EFE-A3FE-F62C6541D475}.RelWithDebInfo|ARM64.Build.0 = RelWithDebInfo|ARM64
		{AB7EDB92-249A-34F0-8515-9AD815CB4BA9}.Debug|Android-arm64-v8a.ActiveCfg = Debug|Android-arm64-v8a
		{AB7EDB92-249A-34F0-8515-9AD815CB4BA9}.Debug|Android-arm64-v8a.Build.0 = Debug|Android-arm64-v8a
		{AB7EDB92-249A-34F0-8515-9AD815CB4BA9}.Debug|ARM64.ActiveCfg = Debug|ARM64
		{AB7EDB92-249A-34F0-8515-9AD815CB4BA9}.Debug|ARM64.Build.0 = Debug|ARM64
		{AB7EDB92-249A-34F0-8515-9AD815CB4BA9}.MinSizeRel|Android-arm64-v8a.ActiveCfg = MinSizeRel|Android-arm64-v8a
		{AB7EDB92-249A-34F0-8515-9AD815CB4BA9}.MinSizeRel|Android-arm64-v8a.Build.0 = MinSizeRel|Android-arm64-v8a
		{AB7EDB92-249A-34F0-8515-9AD815CB4BA9}.MinSizeRel|ARM64.ActiveCfg = MinSizeRel|ARM64
		{AB7EDB92-249A-34F0-8515-9AD815CB4BA9}.MinSizeRel|ARM64.Build.0 = MinSizeRel|ARM64
		{AB7EDB92-249A-34F0-8515-9AD815CB4BA9}.Release|Android-arm64-v8a.ActiveCfg = Release|Android-arm64-v8a
		{AB7EDB92-249A-34F0-8515-9AD815CB4BA9}.Release|Android-arm64-v8a.Build.0 = Release|Android-arm64-v8a
		{AB7EDB92-249A-34F0-8515-9AD815CB4BA9}.Release|ARM64.ActiveCfg = Release|ARM64
		{AB7EDB92-249A-34F0-8515-9AD815CB4BA9}.Release|ARM64.Build.0 = Release|ARM64
		{AB7EDB92-249A-34F0-8515-9AD815CB4BA9}.RelWithDebInfo|Android-arm64-v8a.ActiveCfg = RelWithDebInfo|Android-arm64-v8a
		{AB7EDB92-249A-34F0-8515-9AD815CB4BA9}.RelWithDebInfo|Android-arm64-v8a.Build.0 = RelWithDebInfo|Android-arm64-v8a
		{AB7EDB92-249A-34F0-8515-9AD815CB4BA9}.RelWithDebInfo|ARM64.ActiveCfg = RelWithDebInfo|ARM64
		{AB7EDB92-249A-34F0-8515-9AD815CB4BA9}.RelWithDebInfo|ARM64.Build.0 = RelWithDebInfo|ARM64
		{E80EDDF7-A067-3F2E-86A6-09D61556DA16}.Debug|Android-arm64-v8a.ActiveCfg = Debug|Android-arm64-v8a
		{E80EDDF7-A067-3F2E-86A6-09D61556DA16}.Debug|Android-arm64-v8a.Build.0 = Debug|Android-arm64-v8a
		{E80EDDF7-A067-3F2E-86A6-09D61556DA16}.Debug|ARM64.ActiveCfg = Debug|ARM64
		{E80EDDF7-A067-3F2E-86A6-09D61556DA16}.Debug|ARM64.Build.0 = Debug|ARM64
		{E80EDDF7-A067-3F2E-86A6-09D61556DA16}.MinSizeRel|Android-arm64-v8a.ActiveCfg = MinSizeRel|Android-arm64-v8a
		{E80EDDF7-A067-3F2E-86A6-09D61556DA16}.MinSizeRel|Android-arm64-v8a.Build.0 = MinSizeRel|Android-arm64-v8a
		{E80EDDF7-A067-3F2E-86A6-09D61556DA16}.MinSizeRel|ARM64.ActiveCfg = MinSizeRel|ARM64
		{E80EDDF7-A067-3F2E-86A6-09D61556DA16}.MinSizeRel|ARM64.Build.0 = MinSizeRel|ARM64
		{E80EDDF7-A067-3F2E-86A6-09D61556DA16}.Release|Android-arm64-v8a.ActiveCfg = Release|Android-arm64-v8a
		{E80EDDF7-A067-3F2E-86A6-09D61556DA16}.Release|Android-arm64-v8a.Build.0 = Release|Android-arm64-v8a
		{E80EDDF7-A067-3F2E-86A6-09D61556DA16}.Release|ARM64.ActiveCfg = Release|ARM64
		{E80EDDF7-A067-3F2E-86A6-09D61556DA16}.Release|ARM64.Build.0 = Release|ARM64
		{E80EDDF7-A067-3F2E-86A6-09D61556DA16}.RelWithDebInfo|Android-arm64-v8a.ActiveCfg = RelWithDebInfo|Android-arm64-v8a
		{E80EDDF7-A067-3F2E-86A6-09D61556DA16}.RelWithDebInfo|Android-arm64-v8a.Build.0 = RelWithDebInfo|Android-arm64-v8a
		{E80EDDF7-A067-3F2E-86A6-09D61556DA16}.RelWithDebInfo|ARM64.ActiveCfg = RelWithDebInfo|ARM64
		{E80EDDF7-A067-3F2E-86A6-09D61556DA16}.RelWithDebInfo|ARM64.Build.0 = RelWithDebInfo|ARM64
		{A78E9557-06A8-3EFC-BEB3-3B212CE25C61}.Debug|Android-arm64-v8a.ActiveCfg = Debug|Android-arm64-v8a
		{A78E9557-06A8-3EFC-BEB3-3B212CE25C61}.Debug|Android-arm64-v8a.Build.0 = Debug|Android-arm64-v8a
		{A78E9557-06A8-3EFC-BEB3-3B212CE25C61}.Debug|ARM64.ActiveCfg = Debug|ARM64
		{A78E9557-06A8-3EFC-BEB3-3B212CE25C61}.Debug|ARM64.Build.0 = Debug|ARM64
		{A78E9557-06A8-3EFC-BEB3-3B212CE25C61}.MinSizeRel|Android-arm64-v8a.ActiveCfg = MinSizeRel|Android-arm64-v8a
		{A78E9557-06A8-3EFC-BEB3-3B212CE25C61}.MinSizeRel|Android-arm64-v8a.Build.0 = MinSizeRel|Android-arm64-v8a
		{A78E9557-06A8-3EFC-BEB3-3B212CE25C61}.MinSizeRel|ARM64.ActiveCfg = MinSizeRel|ARM64
		{A78E9557-06A8-3EFC-BEB3-3B212CE25C61}.MinSizeRel|ARM64.Build.0 = MinSizeRel|ARM64
		{A78E9557-06A8-3EFC-BEB3-3B212CE25C61}.Release|Android-arm64-v8a.ActiveCfg = Release|Android-arm64-v8a
		{A78E9557-06A8-3EFC-BEB3-3B212CE25C61}.Release|Android-arm64-v8a.Build.0 = Release|Android-arm64-v8a
		{A78E9557-06A8-3EFC-BEB3-3B212CE25C61}.Release|ARM64.ActiveCfg = Release|ARM64
		{A78E9557-06A8-3EFC-BEB3-3B212CE25C61}.Release|ARM64.Build.0 = Release|ARM64
		{A78E9557-06A8-3EFC-BEB3-3B212CE25C61}.RelWithDebInfo|Android-arm64-v8a.ActiveCfg = RelWithDebInfo|Android-arm64-v8a
		{A78E9557-06A8-3EFC-BEB3-3B212CE25C61}.RelWithDebInfo|Android-arm64-v8a.Build.0 = RelWithDebInfo|Android-arm64-v8a
		{A78E9557-06A8-3EFC-BEB3-3B212CE25C61}.RelWithDebInfo|ARM64.ActiveCfg = RelWithDebInfo|ARM64
		{A78E9557-06A8-3EFC-BEB3-3B212CE25C61}.RelWithDebInfo|ARM64.Build.0 = RelWithDebInfo|ARM64
		{6D662EA7-5416-3459-8182-C3AB9445361A}.Debug|Android-arm64-v8a.ActiveCfg = Debug|Android-arm64-v8a
		{6D662EA7-5416-3459-8182-C3AB9445361A}.Debug|Android-arm64-v8a.Build.0 = Debug|Android-arm64-v8a
		{6D662EA7-5416-3459-8182-C3AB9445361A}.Debug|ARM64.ActiveCfg = Debug|ARM64
		{6D662EA7-5416-3459-8182-C3AB9445361A}.Debug|ARM64.Build.0 = Debug|ARM64
		{6D662EA7-5416-3459-8182-C3AB9445361A}.MinSizeRel|Android-arm64-v8a.ActiveCfg = MinSizeRel|Android-arm64-v8a
		{6D662EA7-5416-3459-8182-C3AB9445361A}.MinSizeRel|Android-arm64-v8a.Build.0 = MinSizeRel|Android-arm64-v8a
		{6D662EA7-5416-3459-8182-C3AB9445361A}.MinSizeRel|ARM64.ActiveCfg = MinSizeRel|ARM64
		{6D662EA7-5416-3459-8182-C3AB9445361A}.MinSizeRel|ARM64.Build.0 = MinSizeRel|ARM64
		{6D662EA7-5416-3459-8182-C3AB9445361A}.Release|Android-arm64-v8a.ActiveCfg = Release|Android-arm64-v8a
		{6D662EA7-5416-3459-8182-C3AB9445361A}.Release|Android-arm64-v8a.Build.0 = Release|Android-arm64-v8a
		{6D662EA7-5416-3459-8182-C3AB9445361A}.Release|ARM64.ActiveCfg = Release|ARM64
		{6D662EA7-5416-3459-8182-C3AB9445361A}.Release|ARM64.Build.0 = Release|ARM64
		{6D662EA7-5416-3459-8182-C3AB9445361A}.RelWithDebInfo|Android-arm64-v8a.ActiveCfg = RelWithDebInfo|Android-arm64-v8a
		{6D662EA7-5416-3459-8182-C3AB9445361A}.RelWithDebInfo|Android-arm64-v8a.Build.0 = RelWithDebInfo|Android-arm64-v8a
		{6D662EA7-5416-3459-8182-C3AB9445361A}.RelWithDebInfo|ARM64.ActiveCfg = RelWithDebInfo|ARM64
		{6D662EA7-5416-3459-8182-C3AB9445361A}.RelWithDebInfo|ARM64.Build.0 = RelWithDebInfo|ARM64
		{CCECECD4-3A18-3AB0-9223-88AF184227AC}.Debug|Android-arm64-v8a.ActiveCfg = Debug|Android-arm64-v8a
		{CCECECD4-3A18-3AB0-9223-88AF184227AC}.Debug|Android-arm64-v8a.Build.0 = Debug|Android-arm64-v8a
		{CCECECD4-3A18-3AB0-9223-88AF184227AC}.Debug|ARM64.ActiveCfg = Debug|ARM64
		{CCECECD4-3A18-3AB0-9223-88AF184227AC}.Debug|ARM64.Build.0 = Debug|ARM64
		{CCECECD4-3A18-3AB0-9223-88AF184227AC}.MinSizeRel|Android-arm64-v8a.ActiveCfg = MinSizeRel|Android-arm64-v8a
		{CCECECD4-3A18-3AB0-9223-88AF184227AC}.MinSizeRel|Android-arm64-v8a.Build.0 = MinSizeRel|Android-arm64-v8a
		{CCECECD4-3A18-3AB0-9223-88AF184227AC}.MinSizeRel|ARM64.ActiveCfg = MinSizeRel|ARM64
		{CCECECD4-3A18-3AB0-9223-88AF184227AC}.MinSizeRel|ARM64.Build.0 = MinSizeRel|ARM64
		{CCECECD4-3A18-3AB0-9223-88AF184227AC}.Release|Android-arm64-v8a.ActiveCfg = Release|Android-arm64-v8a
		{CCECECD4-3A18-3AB0-9223-88AF184227AC}.Release|Android-arm64-v8a.Build.0 = Release|Android-arm64-v8a
		{CCECECD4-3A18-3AB0-9223-88AF184227AC}.Release|ARM64.ActiveCfg = Release|ARM64
		{CCECECD4-3A18-3AB0-9223-88AF184227AC}.Release|ARM64.Build.0 = Release|ARM64
		{CCECECD4-3A18-3AB0-9223-88AF184227AC}.RelWithDebInfo|Android-arm64-v8a.ActiveCfg = RelWithDebInfo|Android-arm64-v8a
		{CCECECD4-3A18-3AB0-9223-88AF184227AC}.RelWithDebInfo|Android-arm64-v8a.Build.0 = RelWithDebInfo|Android-arm64-v8a
		{CCECECD4-3A18-3AB0-9223-88AF184227AC}.RelWithDebInfo|ARM64.ActiveCfg = RelWithDebInfo|ARM64
		{CCECECD4-3A18-3AB0-9223-88AF184227AC}.RelWithDebInfo|ARM64.Build.0 = RelWithDebInfo|ARM64
		{E8ECA0D7-1B1E-3027-A330-1F759378AFE9}.Debug|Android-arm64-v8a.ActiveCfg = Debug|Android-arm64-v8a
		{E8ECA0D7-1B1E-3027-A330-1F759378AFE9}.Debug|Android-arm64-v8a.Build.0 = Debug|Android-arm64-v8a
		{E8ECA0D7-1B1E-3027-A330-1F759378AFE9}.Debug|ARM64.ActiveCfg = Debug|ARM64
		{E8ECA0D7-1B1E-3027-A330-1F759378AFE9}.Debug|ARM64.Build.0 = Debug|ARM64
		{E8ECA0D7-1B1E-3027-A330-1F759378AFE9}.MinSizeRel|Android-arm64-v8a.ActiveCfg = MinSizeRel|Android-arm64-v8a
		{E8ECA0D7-1B1E-3027-A330-1F759378AFE9}.MinSizeRel|Android-arm64-v8a.Build.0 = MinSizeRel|Android-arm64-v8a
		{E8ECA0D7-1B1E-3027-A330-1F759378AFE9}.MinSizeRel|ARM64.ActiveCfg = MinSizeRel|ARM64
		{E8ECA0D7-1B1E-3027-A330-1F759378AFE9}.MinSizeRel|ARM64.Build.0 = MinSizeRel|ARM64
		{E8ECA0D7-1B1E-3027-A330-1F759378AFE9}.Release|Android-arm64-v8a.ActiveCfg = Release|Android-arm64-v8a
		{E8ECA0D7-1B1E-3027-A330-1F759378AFE9}.Release|Android-arm64-v8a.Build.0 = Release|Android-arm64-v8a
		{E8ECA0D7-1B1E-3027-A330-1F759378AFE9}.Release|ARM64.ActiveCfg = Release|ARM64
		{E8ECA0D7-1B1E-3027-A330-1F759378AFE9}.Release|ARM64.Build.0 = Release|ARM64
		{E8ECA0D7-1B1E-3027-A330-1F759378AFE9}.RelWithDebInfo|Android-arm64-v8a.ActiveCfg = RelWithDebInfo|Android-arm64-v8a
		{E8ECA0D7-1B1E-3027-A330-1F759378AFE9}.RelWithDebInfo|Android-arm64-v8a.Build.0 = RelWithDebInfo|Android-arm64-v8a
		{E8ECA0D7-1B1E-3027-A330-1F759378AFE9}.RelWithDebInfo|ARM64.ActiveCfg = RelWithDebInfo|ARM64
		{E8ECA0D7-1B1E-3027-A330-1F759378AFE9}.RelWithDebInfo|ARM64.Build.0 = RelWithDebInfo|ARM64
		{86BE5417-23C9-3643-94C2-5562C0E7A710}.Debug|Android-arm64-v8a.ActiveCfg = Debug|Android-arm64-v8a
		{86BE5417-23C9-3643-94C2-5562C0E7A710}.Debug|Android-arm64-v8a.Build.0 = Debug|Android-arm64-v8a
		{86BE5417-23C9-3643-94C2-5562C0E7A710}.Debug|ARM64.ActiveCfg = Debug|ARM64
		{86BE5417-23C9-3643-94C2-5562C0E7A710}.Debug|ARM64.Build.0 = Debug|ARM64
		{86BE5417-23C9-3643-94C2-5562C0E7A710}.MinSizeRel|Android-arm64-v8a.ActiveCfg = MinSizeRel|Android-arm64-v8a
		{86BE5417-23C9-3643-94C2-5562C0E7A710}.MinSizeRel|Android-arm64-v8a.Build.0 = MinSizeRel|Android-arm64-v8a
		{86BE5417-23C9-3643-94C2-5562C0E7A710}.MinSizeRel|ARM64.ActiveCfg = MinSizeRel|ARM64
		{86BE5417-23C9-3643-94C2-5562C0E7A710}.MinSizeRel|ARM64.Build.0 = MinSizeRel|ARM64
		{86BE5417-23C9-3643-94C2-5562C0E7A710}.Release|Android-arm64-v8a.ActiveCfg = Release|Android-arm64-v8a
		{86BE5417-23C9-3643-94C2-5562C0E7A710}.Release|Android-arm64-v8a.Build.0 = Release|Android-arm64-v8a
		{86BE5417-23C9-3643-94C2-5562C0E7A710}.Release|ARM64.ActiveCfg = Release|ARM64
		{86BE5417-23C9-3643-94C2-5562C0E7A710}.Release|ARM64.Build.0 = Release|ARM64
		{86BE5417-23C9-3643-94C2-5562C0E7A710}.RelWithDebInfo|Android-arm64-v8a.ActiveCfg = RelWithDebInfo|Android-arm64-v8a
		{86BE5417-23C9-3643-94C2-5562C0E7A710}.RelWithDebInfo|Android-arm64-v8a.Build.0 = RelWithDebInfo|Android-arm64-v8a
		{86BE5417-23C9-3643-94C2-5562C0E7A710}.RelWithDebInfo|ARM64.ActiveCfg = RelWithDebInfo|ARM64
		{86BE5417-23C9-3643-94C2-5562C0E7A710}.RelWithDebInfo|ARM64.Build.0 = RelWithDebInfo|ARM64
		{882E25EC-903A-32EA-98D0-890D6550B362}.Debug|Android-arm64-v8a.ActiveCfg = Debug|Android-arm64-v8a
		{882E25EC-903A-32EA-98D0-890D6550B362}.Debug|ARM64.ActiveCfg = Debug|ARM64
		{882E25EC-903A-32EA-98D0-890D6550B362}.MinSizeRel|Android-arm64-v8a.ActiveCfg = MinSizeRel|Android-arm64-v8a
		{882E25EC-903A-32EA-98D0-890D6550B362}.MinSizeRel|ARM64.ActiveCfg = MinSizeRel|ARM64
		{882E25EC-903A-32EA-98D0-890D6550B362}.Release|Android-arm64-v8a.ActiveCfg = Release|Android-arm64-v8a
		{882E25EC-903A-32EA-98D0-890D6550B362}.Release|ARM64.ActiveCfg = Release|ARM64
		{882E25EC-903A-32EA-98D0-890D6550B362}.RelWithDebInfo|Android-arm64-v8a.ActiveCfg = RelWithDebInfo|Android-arm64-v8a
		{882E25EC-903A-32EA-98D0-890D6550B362}.RelWithDebInfo|ARM64.ActiveCfg = RelWithDebInfo|ARM64
		{658C238F-873B-3A76-894D-51A1058FDA8D}.Debug|Android-arm64-v8a.ActiveCfg = Debug|Android-arm64-v8a
		{658C238F-873B-3A76-894D-51A1058FDA8D}.Debug|Android-arm64-v8a.Build.0 = Debug|Android-arm64-v8a
		{658C238F-873B-3A76-894D-51A1058FDA8D}.Debug|ARM64.ActiveCfg = Debug|ARM64
		{658C238F-873B-3A76-894D-51A1058FDA8D}.Debug|ARM64.Build.0 = Debug|ARM64
		{658C238F-873B-3A76-894D-51A1058FDA8D}.MinSizeRel|Android-arm64-v8a.ActiveCfg = MinSizeRel|Android-arm64-v8a
		{658C238F-873B-3A76-894D-51A1058FDA8D}.MinSizeRel|Android-arm64-v8a.Build.0 = MinSizeRel|Android-arm64-v8a
		{658C238F-873B-3A76-894D-51A1058FDA8D}.MinSizeRel|ARM64.ActiveCfg = MinSizeRel|ARM64
		{658C238F-873B-3A76-894D-51A1058FDA8D}.MinSizeRel|ARM64.Build.0 = MinSizeRel|ARM64
		{658C238F-873B-3A76-894D-51A1058FDA8D}.Release|Android-arm64-v8a.ActiveCfg = Release|Android-arm64-v8a
		{658C238F-873B-3A76-894D-51A1058FDA8D}.Release|Android-arm64-v8a.Build.0 = Release|Android-arm64-v8a
		{658C238F-873B-3A76-894D-51A1058FDA8D}.Release|ARM64.ActiveCfg = Release|ARM64
		{658C238F-873B-3A76-894D-51A1058FDA8D}.Release|ARM64.Build.0 = Release|ARM64
		{658C238F-873B-3A76-894D-51A1058FDA8D}.RelWithDebInfo|Android-arm64-v8a.ActiveCfg = RelWithDebInfo|Android-arm64-v8a
		{658C238F-873B-3A76-894D-51A1058FDA8D}.RelWithDebInfo|Android-arm64-v8a.Build.0 = RelWithDebInfo|Android-arm64-v8a
		{658C238F-873B-3A76-894D-51A1058FDA8D}.RelWithDebInfo|ARM64.ActiveCfg = RelWithDebInfo|ARM64
		{658C238F-873B-3A76-894D-51A1058FDA8D}.RelWithDebInfo|ARM64.Build.0 = RelWithDebInfo|ARM64
	EndGlobalSection
	GlobalSection(SolutionProperties) = preSolution
		HideSolutionNode = FALSE
	EndGlobalSection
	GlobalSection(NestedProjects) = preSolution
		{23BF88D9-0273-3BD3-A0D6-B0B30369DCB6} = {ADEF05BB-B0BB-34D2-98D2-BECD1C4FCC9A}
		{A64D5AB1-6553-348C-B664-5E3B28EC39DA} = {ADEF05BB-B0BB-34D2-98D2-BECD1C4FCC9A}
		{8A1EF4B6-06AE-3735-912A-766D182AA2DD} = {65BA8234-AE3D-3288-8BBB-4BB08782C62A}
		{6F494950-76F3-376A-8313-2C04378E2636} = {65BA8234-AE3D-3288-8BBB-4BB08782C62A}
		{ACCB9CBF-98D3-3960-BF0E-AB7B3CE39423} = {65BA8234-AE3D-3288-8BBB-4BB08782C62A}
		{B892366D-36A7-39C0-B447-199429701C7E} = {65BA8234-AE3D-3288-8BBB-4BB08782C62A}
		{AB7EDB92-249A-34F0-8515-9AD815CB4BA9} = {65BA8234-AE3D-3288-8BBB-4BB08782C62A}
	EndGlobalSection
	GlobalSection(ExtensibilityGlobals) = postSolution
		SolutionGuid = {04819718-E62A-3168-A635-00B598EDBBA8}
	EndGlobalSection
EndGlobal
