<?xml version="1.0" encoding="utf-8"?>
<Project ToolsVersion="17.0" xmlns="http://schemas.microsoft.com/developer/msbuild/2003">
  <ItemGroup>
    <ClCompile Include="C:\Esenthel\ThirdPartyLibs\AOM\Android\gen_src\aom_av1_encoder_ssse3_static_dummy.c">
      <Filter>Source Files</Filter>
    </ClCompile>
  </ItemGroup>
  <ItemGroup>
    <CustomBuild Include="C:\Esenthel\ThirdPartyLibs\AOM\lib\CMakeLists.txt" />
  </ItemGroup>
  <ItemGroup>
    <None Include="C:\Esenthel\ThirdPartyLibs\AOM\lib\av1\encoder\x86\av1_quantize_ssse3_x86_64.asm" />
  </ItemGroup>
  <ItemGroup>
    <Filter Include="Source Files">
      <UniqueIdentifier>{FA0D4B5A-40CC-360D-B316-1A2849B8BA5A}</UniqueIdentifier>
    </Filter>
  </ItemGroup>
</Project>
