<?xml version="1.0" encoding="utf-8"?>
<Project ToolsVersion="17.0" xmlns="http://schemas.microsoft.com/developer/msbuild/2003">
  <ItemGroup>
    <Filter Include="CMake Rules">
      <UniqueIdentifier>{82F11C6C-9A1D-3E4D-A60D-35698AF8BA5B}</UniqueIdentifier>
    </Filter>
  </ItemGroup>
</Project>
