<?xml version="1.0" encoding="utf-8"?>
<Project ToolsVersion="17.0" xmlns="http://schemas.microsoft.com/developer/msbuild/2003">
  <ItemGroup>
    <CustomBuild Include="C:\Esenthel\ThirdPartyLibs\JpegXL\Windows UWP\CMakeFiles\37fade7d14e799c9d3e2bc0b7c1fbc65\RUN_TESTS_force.rule">
      <Filter>CMake Rules</Filter>
    </CustomBuild>
  </ItemGroup>
  <ItemGroup>
    <Filter Include="CMake Rules">
      <UniqueIdentifier>{C64A548D-1A91-38E8-832D-702448A128F3}</UniqueIdentifier>
    </Filter>
  </ItemGroup>
</Project>
