
Microsoft Visual Studio Solution File, Format Version 12.00
# Visual Studio Version 17
Project("{8BC9CEB8-8B4A-11D0-8D11-00A0C91BC942}") = "ALL_BUILD", "ALL_BUILD.vcxproj", "{2CC53B2F-5A3A-325B-BCEA-6A0E63138C0E}"
	ProjectSection(ProjectDependencies) = postProject
		{2C31A2A9-F3D7-398A-BAE7-9957AE88FE4B} = {2C31A2A9-F3D7-398A-BAE7-9957AE88FE4B}
		{DF8EA2CA-965F-35C3-82F6-1088278C3CA0} = {DF8EA2CA-965F-35C3-82F6-1088278C3CA0}
		{1A6E6E50-6D20-34A0-8033-2BB61D211647} = {1A6E6E50-6D20-34A0-8033-2BB61D211647}
		{3B2591D3-BE97-3380-B268-594569241731} = {3B2591D3-BE97-3380-B268-594569241731}
		{E41E4F08-D071-3E7B-B742-B7256CD37F5A} = {E41E4F08-D071-3E7B-B742-B7256CD37F5A}
		{3557E6A3-CA84-37B7-9914-5109A01A760C} = {3557E6A3-CA84-37B7-9914-5109A01A760C}
		{8A38F7F7-45D8-380A-9245-0DEEF9105BC3} = {8A38F7F7-45D8-380A-9245-0DEEF9105BC3}
		{3E46E7B7-319F-3349-A2D4-F5404D780919} = {3E46E7B7-319F-3349-A2D4-F5404D780919}
		{2AEF5D64-5256-34CD-B7CD-E4F4D8B8F722} = {2AEF5D64-5256-34CD-B7CD-E4F4D8B8F722}
		{72037041-C47F-3C15-BE63-C27EF9C1725A} = {72037041-C47F-3C15-BE63-C27EF9C1725A}
		{790A2AC7-F4A2-396E-9E02-C5743309E871} = {790A2AC7-F4A2-396E-9E02-C5743309E871}
		{3ADE8035-651F-33BB-A0A7-F98A885627E8} = {3ADE8035-651F-33BB-A0A7-F98A885627E8}
		{17176D82-9032-3C70-AB6D-D8404B7C0175} = {17176D82-9032-3C70-AB6D-D8404B7C0175}
		{5477CEDA-79FD-398F-B2E4-3025350C1BEF} = {5477CEDA-79FD-398F-B2E4-3025350C1BEF}
		{93B5BCD9-AA72-3E04-89FA-43DD573FF1CC} = {93B5BCD9-AA72-3E04-89FA-43DD573FF1CC}
		{0BE63336-9C70-3989-9A0E-69E07F52AFD1} = {0BE63336-9C70-3989-9A0E-69E07F52AFD1}
	EndProjectSection
EndProject
Project("{8BC9CEB8-8B4A-11D0-8D11-00A0C91BC942}") = "INSTALL", "INSTALL.vcxproj", "{89D57182-ED64-3FD0-8199-B4BA75DE9D00}"
	ProjectSection(ProjectDependencies) = postProject
		{2CC53B2F-5A3A-325B-BCEA-6A0E63138C0E} = {2CC53B2F-5A3A-325B-BCEA-6A0E63138C0E}
	EndProjectSection
EndProject
Project("{8BC9CEB8-8B4A-11D0-8D11-00A0C91BC942}") = "RUN_TESTS", "RUN_TESTS.vcxproj", "{C2845E53-CA11-351B-8467-4CB80F935CEC}"
	ProjectSection(ProjectDependencies) = postProject
	EndProjectSection
EndProject
Project("{8BC9CEB8-8B4A-11D0-8D11-00A0C91BC942}") = "box", "tools\box\box.vcxproj", "{4CDA7ABD-EC08-3FEE-96EF-B4C6EE109D57}"
	ProjectSection(ProjectDependencies) = postProject
		{1A6E6E50-6D20-34A0-8033-2BB61D211647} = {1A6E6E50-6D20-34A0-8033-2BB61D211647}
		{8A38F7F7-45D8-380A-9245-0DEEF9105BC3} = {8A38F7F7-45D8-380A-9245-0DEEF9105BC3}
		{3E46E7B7-319F-3349-A2D4-F5404D780919} = {3E46E7B7-319F-3349-A2D4-F5404D780919}
		{790A2AC7-F4A2-396E-9E02-C5743309E871} = {790A2AC7-F4A2-396E-9E02-C5743309E871}
		{0BE63336-9C70-3989-9A0E-69E07F52AFD1} = {0BE63336-9C70-3989-9A0E-69E07F52AFD1}
	EndProjectSection
EndProject
Project("{8BC9CEB8-8B4A-11D0-8D11-00A0C91BC942}") = "brotli", "third_party\brotli\brotli.vcxproj", "{2C31A2A9-F3D7-398A-BAE7-9957AE88FE4B}"
	ProjectSection(ProjectDependencies) = postProject
		{1A6E6E50-6D20-34A0-8033-2BB61D211647} = {1A6E6E50-6D20-34A0-8033-2BB61D211647}
		{E41E4F08-D071-3E7B-B742-B7256CD37F5A} = {E41E4F08-D071-3E7B-B742-B7256CD37F5A}
		{8A38F7F7-45D8-380A-9245-0DEEF9105BC3} = {8A38F7F7-45D8-380A-9245-0DEEF9105BC3}
	EndProjectSection
EndProject
Project("{8BC9CEB8-8B4A-11D0-8D11-00A0C91BC942}") = "brotlicommon", "third_party\brotli\brotlicommon.vcxproj", "{DF8EA2CA-965F-35C3-82F6-1088278C3CA0}"
	ProjectSection(ProjectDependencies) = postProject
	EndProjectSection
EndProject
Project("{8BC9CEB8-8B4A-11D0-8D11-00A0C91BC942}") = "brotlicommon-static", "third_party\brotli\brotlicommon-static.vcxproj", "{1A6E6E50-6D20-34A0-8033-2BB61D211647}"
	ProjectSection(ProjectDependencies) = postProject
	EndProjectSection
EndProject
Project("{8BC9CEB8-8B4A-11D0-8D11-00A0C91BC942}") = "brotlidec", "third_party\brotli\brotlidec.vcxproj", "{3B2591D3-BE97-3380-B268-594569241731}"
	ProjectSection(ProjectDependencies) = postProject
		{DF8EA2CA-965F-35C3-82F6-1088278C3CA0} = {DF8EA2CA-965F-35C3-82F6-1088278C3CA0}
	EndProjectSection
EndProject
Project("{8BC9CEB8-8B4A-11D0-8D11-00A0C91BC942}") = "brotlidec-static", "third_party\brotli\brotlidec-static.vcxproj", "{E41E4F08-D071-3E7B-B742-B7256CD37F5A}"
	ProjectSection(ProjectDependencies) = postProject
		{1A6E6E50-6D20-34A0-8033-2BB61D211647} = {1A6E6E50-6D20-34A0-8033-2BB61D211647}
	EndProjectSection
EndProject
Project("{8BC9CEB8-8B4A-11D0-8D11-00A0C91BC942}") = "brotlienc", "third_party\brotli\brotlienc.vcxproj", "{3557E6A3-CA84-37B7-9914-5109A01A760C}"
	ProjectSection(ProjectDependencies) = postProject
		{DF8EA2CA-965F-35C3-82F6-1088278C3CA0} = {DF8EA2CA-965F-35C3-82F6-1088278C3CA0}
	EndProjectSection
EndProject
Project("{8BC9CEB8-8B4A-11D0-8D11-00A0C91BC942}") = "brotlienc-static", "third_party\brotli\brotlienc-static.vcxproj", "{8A38F7F7-45D8-380A-9245-0DEEF9105BC3}"
	ProjectSection(ProjectDependencies) = postProject
		{1A6E6E50-6D20-34A0-8033-2BB61D211647} = {1A6E6E50-6D20-34A0-8033-2BB61D211647}
	EndProjectSection
EndProject
Project("{8BC9CEB8-8B4A-11D0-8D11-00A0C91BC942}") = "cjxl_fuzzer_runner", "tools\cjxl_fuzzer_runner.vcxproj", "{1C6694D6-C0A3-3E5C-82E5-1981CDAA8461}"
	ProjectSection(ProjectDependencies) = postProject
		{3E46E7B7-319F-3349-A2D4-F5404D780919} = {3E46E7B7-319F-3349-A2D4-F5404D780919}
		{7C18E6E5-21EB-3B4D-9260-0AD66941D9ED} = {7C18E6E5-21EB-3B4D-9260-0AD66941D9ED}
	EndProjectSection
EndProject
Project("{8BC9CEB8-8B4A-11D0-8D11-00A0C91BC942}") = "color_encoding_fuzzer_runner", "tools\color_encoding_fuzzer_runner.vcxproj", "{AAE743AC-79C9-3C1D-9B7D-C45F81BA9E16}"
	ProjectSection(ProjectDependencies) = postProject
		{3E46E7B7-319F-3349-A2D4-F5404D780919} = {3E46E7B7-319F-3349-A2D4-F5404D780919}
		{7C18E6E5-21EB-3B4D-9260-0AD66941D9ED} = {7C18E6E5-21EB-3B4D-9260-0AD66941D9ED}
	EndProjectSection
EndProject
Project("{8BC9CEB8-8B4A-11D0-8D11-00A0C91BC942}") = "decode_basic_info_fuzzer_runner", "tools\decode_basic_info_fuzzer_runner.vcxproj", "{E9CC8232-5E78-32F3-A9E7-73B21ECBD8C7}"
	ProjectSection(ProjectDependencies) = postProject
		{3E46E7B7-319F-3349-A2D4-F5404D780919} = {3E46E7B7-319F-3349-A2D4-F5404D780919}
		{7C18E6E5-21EB-3B4D-9260-0AD66941D9ED} = {7C18E6E5-21EB-3B4D-9260-0AD66941D9ED}
	EndProjectSection
EndProject
Project("{8BC9CEB8-8B4A-11D0-8D11-00A0C91BC942}") = "djxl_fuzzer_runner", "tools\djxl_fuzzer_runner.vcxproj", "{972DE746-F98C-3CC9-991C-F257FB80B6F3}"
	ProjectSection(ProjectDependencies) = postProject
		{3E46E7B7-319F-3349-A2D4-F5404D780919} = {3E46E7B7-319F-3349-A2D4-F5404D780919}
		{17176D82-9032-3C70-AB6D-D8404B7C0175} = {17176D82-9032-3C70-AB6D-D8404B7C0175}
		{0BE63336-9C70-3989-9A0E-69E07F52AFD1} = {0BE63336-9C70-3989-9A0E-69E07F52AFD1}
	EndProjectSection
EndProject
Project("{8BC9CEB8-8B4A-11D0-8D11-00A0C91BC942}") = "fields_fuzzer_runner", "tools\fields_fuzzer_runner.vcxproj", "{B10CB785-912B-34AC-AF98-B8F9FFFA089A}"
	ProjectSection(ProjectDependencies) = postProject
		{3E46E7B7-319F-3349-A2D4-F5404D780919} = {3E46E7B7-319F-3349-A2D4-F5404D780919}
		{7C18E6E5-21EB-3B4D-9260-0AD66941D9ED} = {7C18E6E5-21EB-3B4D-9260-0AD66941D9ED}
	EndProjectSection
EndProject
Project("{8BC9CEB8-8B4A-11D0-8D11-00A0C91BC942}") = "hwy", "third_party\highway\hwy.vcxproj", "{3E46E7B7-319F-3349-A2D4-F5404D780919}"
	ProjectSection(ProjectDependencies) = postProject
	EndProjectSection
EndProject
Project("{8BC9CEB8-8B4A-11D0-8D11-00A0C91BC942}") = "hwy_list_targets", "third_party\highway\hwy_list_targets.vcxproj", "{2AEF5D64-5256-34CD-B7CD-E4F4D8B8F722}"
	ProjectSection(ProjectDependencies) = postProject
		{3E46E7B7-319F-3349-A2D4-F5404D780919} = {3E46E7B7-319F-3349-A2D4-F5404D780919}
	EndProjectSection
EndProject
Project("{8BC9CEB8-8B4A-11D0-8D11-00A0C91BC942}") = "hwy_test", "third_party\highway\hwy_test.vcxproj", "{72037041-C47F-3C15-BE63-C27EF9C1725A}"
	ProjectSection(ProjectDependencies) = postProject
		{3E46E7B7-319F-3349-A2D4-F5404D780919} = {3E46E7B7-319F-3349-A2D4-F5404D780919}
	EndProjectSection
EndProject
Project("{8BC9CEB8-8B4A-11D0-8D11-00A0C91BC942}") = "icc_codec_fuzzer_runner", "tools\icc_codec_fuzzer_runner.vcxproj", "{A6528BB2-08AD-3E50-B51B-95E1FE49DACD}"
	ProjectSection(ProjectDependencies) = postProject
		{3E46E7B7-319F-3349-A2D4-F5404D780919} = {3E46E7B7-319F-3349-A2D4-F5404D780919}
		{7C18E6E5-21EB-3B4D-9260-0AD66941D9ED} = {7C18E6E5-21EB-3B4D-9260-0AD66941D9ED}
	EndProjectSection
EndProject
Project("{8BC9CEB8-8B4A-11D0-8D11-00A0C91BC942}") = "jxl-static", "lib\jxl-static.vcxproj", "{790A2AC7-F4A2-396E-9E02-C5743309E871}"
	ProjectSection(ProjectDependencies) = postProject
		{1A6E6E50-6D20-34A0-8033-2BB61D211647} = {1A6E6E50-6D20-34A0-8033-2BB61D211647}
		{8A38F7F7-45D8-380A-9245-0DEEF9105BC3} = {8A38F7F7-45D8-380A-9245-0DEEF9105BC3}
		{3E46E7B7-319F-3349-A2D4-F5404D780919} = {3E46E7B7-319F-3349-A2D4-F5404D780919}
		{3ADE8035-651F-33BB-A0A7-F98A885627E8} = {3ADE8035-651F-33BB-A0A7-F98A885627E8}
		{5477CEDA-79FD-398F-B2E4-3025350C1BEF} = {5477CEDA-79FD-398F-B2E4-3025350C1BEF}
		{28FD23E5-7B42-36AD-9410-D1162F50D0D0} = {28FD23E5-7B42-36AD-9410-D1162F50D0D0}
	EndProjectSection
EndProject
Project("{8BC9CEB8-8B4A-11D0-8D11-00A0C91BC942}") = "jxl_dec-obj", "lib\jxl_dec-obj.vcxproj", "{3ADE8035-651F-33BB-A0A7-F98A885627E8}"
	ProjectSection(ProjectDependencies) = postProject
	EndProjectSection
EndProject
Project("{8BC9CEB8-8B4A-11D0-8D11-00A0C91BC942}") = "jxl_dec-static", "lib\jxl_dec-static.vcxproj", "{17176D82-9032-3C70-AB6D-D8404B7C0175}"
	ProjectSection(ProjectDependencies) = postProject
		{3E46E7B7-319F-3349-A2D4-F5404D780919} = {3E46E7B7-319F-3349-A2D4-F5404D780919}
		{3ADE8035-651F-33BB-A0A7-F98A885627E8} = {3ADE8035-651F-33BB-A0A7-F98A885627E8}
	EndProjectSection
EndProject
Project("{8BC9CEB8-8B4A-11D0-8D11-00A0C91BC942}") = "jxl_enc-obj", "lib\jxl_enc-obj.vcxproj", "{5477CEDA-79FD-398F-B2E4-3025350C1BEF}"
	ProjectSection(ProjectDependencies) = postProject
	EndProjectSection
EndProject
Project("{8BC9CEB8-8B4A-11D0-8D11-00A0C91BC942}") = "jxl_profiler", "lib\jxl_profiler.vcxproj", "{93B5BCD9-AA72-3E04-89FA-43DD573FF1CC}"
	ProjectSection(ProjectDependencies) = postProject
		{3E46E7B7-319F-3349-A2D4-F5404D780919} = {3E46E7B7-319F-3349-A2D4-F5404D780919}
	EndProjectSection
EndProject
Project("{8BC9CEB8-8B4A-11D0-8D11-00A0C91BC942}") = "jxl_threads-static", "lib\jxl_threads-static.vcxproj", "{0BE63336-9C70-3989-9A0E-69E07F52AFD1}"
	ProjectSection(ProjectDependencies) = postProject
	EndProjectSection
EndProject
Project("{8BC9CEB8-8B4A-11D0-8D11-00A0C91BC942}") = "jxl_tool", "tools\jxl_tool.vcxproj", "{7C18E6E5-21EB-3B4D-9260-0AD66941D9ED}"
	ProjectSection(ProjectDependencies) = postProject
		{3E46E7B7-319F-3349-A2D4-F5404D780919} = {3E46E7B7-319F-3349-A2D4-F5404D780919}
		{A25D0A3A-548E-3E45-B821-2410CCE8D164} = {A25D0A3A-548E-3E45-B821-2410CCE8D164}
	EndProjectSection
EndProject
Project("{8BC9CEB8-8B4A-11D0-8D11-00A0C91BC942}") = "rans_fuzzer_runner", "tools\rans_fuzzer_runner.vcxproj", "{E2ACF03A-85A9-382F-84D1-4E8FD8ED8409}"
	ProjectSection(ProjectDependencies) = postProject
		{3E46E7B7-319F-3349-A2D4-F5404D780919} = {3E46E7B7-319F-3349-A2D4-F5404D780919}
		{7C18E6E5-21EB-3B4D-9260-0AD66941D9ED} = {7C18E6E5-21EB-3B4D-9260-0AD66941D9ED}
	EndProjectSection
EndProject
Project("{8BC9CEB8-8B4A-11D0-8D11-00A0C91BC942}") = "set_from_bytes_fuzzer_runner", "tools\set_from_bytes_fuzzer_runner.vcxproj", "{6FCA191B-888B-397E-A67C-5407CE840A70}"
	ProjectSection(ProjectDependencies) = postProject
		{3E46E7B7-319F-3349-A2D4-F5404D780919} = {3E46E7B7-319F-3349-A2D4-F5404D780919}
		{7C18E6E5-21EB-3B4D-9260-0AD66941D9ED} = {7C18E6E5-21EB-3B4D-9260-0AD66941D9ED}
	EndProjectSection
EndProject
Project("{8BC9CEB8-8B4A-11D0-8D11-00A0C91BC942}") = "skcms", "third_party\skcms.vcxproj", "{7C11A9C5-7CBD-3139-8BD5-C3BA4D49DBFA}"
	ProjectSection(ProjectDependencies) = postProject
		{28FD23E5-7B42-36AD-9410-D1162F50D0D0} = {28FD23E5-7B42-36AD-9410-D1162F50D0D0}
	EndProjectSection
EndProject
Project("{8BC9CEB8-8B4A-11D0-8D11-00A0C91BC942}") = "skcms-obj", "third_party\skcms-obj.vcxproj", "{28FD23E5-7B42-36AD-9410-D1162F50D0D0}"
	ProjectSection(ProjectDependencies) = postProject
	EndProjectSection
EndProject
Project("{8BC9CEB8-8B4A-11D0-8D11-00A0C91BC942}") = "tool_version_git", "tools\tool_version_git.vcxproj", "{A25D0A3A-548E-3E45-B821-2410CCE8D164}"
	ProjectSection(ProjectDependencies) = postProject
	EndProjectSection
EndProject
Project("{8BC9CEB8-8B4A-11D0-8D11-00A0C91BC942}") = "transforms_fuzzer_runner", "tools\transforms_fuzzer_runner.vcxproj", "{FEA65E76-D562-31D9-9AB3-5962D5F1DD34}"
	ProjectSection(ProjectDependencies) = postProject
		{3E46E7B7-319F-3349-A2D4-F5404D780919} = {3E46E7B7-319F-3349-A2D4-F5404D780919}
		{7C18E6E5-21EB-3B4D-9260-0AD66941D9ED} = {7C18E6E5-21EB-3B4D-9260-0AD66941D9ED}
	EndProjectSection
EndProject
Global
	GlobalSection(SolutionConfigurationPlatforms) = preSolution
		Debug|x64 = Debug|x64
		Release|x64 = Release|x64
		MinSizeRel|x64 = MinSizeRel|x64
		RelWithDebInfo|x64 = RelWithDebInfo|x64
	EndGlobalSection
	GlobalSection(ProjectConfigurationPlatforms) = postSolution
		{2CC53B2F-5A3A-325B-BCEA-6A0E63138C0E}.Debug|x64.ActiveCfg = Debug|x64
		{2CC53B2F-5A3A-325B-BCEA-6A0E63138C0E}.Debug|x64.Build.0 = Debug|x64
		{2CC53B2F-5A3A-325B-BCEA-6A0E63138C0E}.Release|x64.ActiveCfg = Release|x64
		{2CC53B2F-5A3A-325B-BCEA-6A0E63138C0E}.Release|x64.Build.0 = Release|x64
		{2CC53B2F-5A3A-325B-BCEA-6A0E63138C0E}.MinSizeRel|x64.ActiveCfg = MinSizeRel|x64
		{2CC53B2F-5A3A-325B-BCEA-6A0E63138C0E}.MinSizeRel|x64.Build.0 = MinSizeRel|x64
		{2CC53B2F-5A3A-325B-BCEA-6A0E63138C0E}.RelWithDebInfo|x64.ActiveCfg = RelWithDebInfo|x64
		{2CC53B2F-5A3A-325B-BCEA-6A0E63138C0E}.RelWithDebInfo|x64.Build.0 = RelWithDebInfo|x64
		{89D57182-ED64-3FD0-8199-B4BA75DE9D00}.Debug|x64.ActiveCfg = Debug|x64
		{89D57182-ED64-3FD0-8199-B4BA75DE9D00}.Release|x64.ActiveCfg = Release|x64
		{89D57182-ED64-3FD0-8199-B4BA75DE9D00}.MinSizeRel|x64.ActiveCfg = MinSizeRel|x64
		{89D57182-ED64-3FD0-8199-B4BA75DE9D00}.RelWithDebInfo|x64.ActiveCfg = RelWithDebInfo|x64
		{C2845E53-CA11-351B-8467-4CB80F935CEC}.Debug|x64.ActiveCfg = Debug|x64
		{C2845E53-CA11-351B-8467-4CB80F935CEC}.Release|x64.ActiveCfg = Release|x64
		{C2845E53-CA11-351B-8467-4CB80F935CEC}.MinSizeRel|x64.ActiveCfg = MinSizeRel|x64
		{C2845E53-CA11-351B-8467-4CB80F935CEC}.RelWithDebInfo|x64.ActiveCfg = RelWithDebInfo|x64
		{4CDA7ABD-EC08-3FEE-96EF-B4C6EE109D57}.Debug|x64.ActiveCfg = Debug|x64
		{4CDA7ABD-EC08-3FEE-96EF-B4C6EE109D57}.Debug|x64.Build.0 = Debug|x64
		{4CDA7ABD-EC08-3FEE-96EF-B4C6EE109D57}.Release|x64.ActiveCfg = Release|x64
		{4CDA7ABD-EC08-3FEE-96EF-B4C6EE109D57}.Release|x64.Build.0 = Release|x64
		{4CDA7ABD-EC08-3FEE-96EF-B4C6EE109D57}.MinSizeRel|x64.ActiveCfg = MinSizeRel|x64
		{4CDA7ABD-EC08-3FEE-96EF-B4C6EE109D57}.MinSizeRel|x64.Build.0 = MinSizeRel|x64
		{4CDA7ABD-EC08-3FEE-96EF-B4C6EE109D57}.RelWithDebInfo|x64.ActiveCfg = RelWithDebInfo|x64
		{4CDA7ABD-EC08-3FEE-96EF-B4C6EE109D57}.RelWithDebInfo|x64.Build.0 = RelWithDebInfo|x64
		{2C31A2A9-F3D7-398A-BAE7-9957AE88FE4B}.Debug|x64.ActiveCfg = Debug|x64
		{2C31A2A9-F3D7-398A-BAE7-9957AE88FE4B}.Debug|x64.Build.0 = Debug|x64
		{2C31A2A9-F3D7-398A-BAE7-9957AE88FE4B}.Release|x64.ActiveCfg = Release|x64
		{2C31A2A9-F3D7-398A-BAE7-9957AE88FE4B}.Release|x64.Build.0 = Release|x64
		{2C31A2A9-F3D7-398A-BAE7-9957AE88FE4B}.MinSizeRel|x64.ActiveCfg = MinSizeRel|x64
		{2C31A2A9-F3D7-398A-BAE7-9957AE88FE4B}.MinSizeRel|x64.Build.0 = MinSizeRel|x64
		{2C31A2A9-F3D7-398A-BAE7-9957AE88FE4B}.RelWithDebInfo|x64.ActiveCfg = RelWithDebInfo|x64
		{2C31A2A9-F3D7-398A-BAE7-9957AE88FE4B}.RelWithDebInfo|x64.Build.0 = RelWithDebInfo|x64
		{DF8EA2CA-965F-35C3-82F6-1088278C3CA0}.Debug|x64.ActiveCfg = Debug|x64
		{DF8EA2CA-965F-35C3-82F6-1088278C3CA0}.Debug|x64.Build.0 = Debug|x64
		{DF8EA2CA-965F-35C3-82F6-1088278C3CA0}.Release|x64.ActiveCfg = Release|x64
		{DF8EA2CA-965F-35C3-82F6-1088278C3CA0}.Release|x64.Build.0 = Release|x64
		{DF8EA2CA-965F-35C3-82F6-1088278C3CA0}.MinSizeRel|x64.ActiveCfg = MinSizeRel|x64
		{DF8EA2CA-965F-35C3-82F6-1088278C3CA0}.MinSizeRel|x64.Build.0 = MinSizeRel|x64
		{DF8EA2CA-965F-35C3-82F6-1088278C3CA0}.RelWithDebInfo|x64.ActiveCfg = RelWithDebInfo|x64
		{DF8EA2CA-965F-35C3-82F6-1088278C3CA0}.RelWithDebInfo|x64.Build.0 = RelWithDebInfo|x64
		{1A6E6E50-6D20-34A0-8033-2BB61D211647}.Debug|x64.ActiveCfg = Debug|x64
		{1A6E6E50-6D20-34A0-8033-2BB61D211647}.Debug|x64.Build.0 = Debug|x64
		{1A6E6E50-6D20-34A0-8033-2BB61D211647}.Release|x64.ActiveCfg = Release|x64
		{1A6E6E50-6D20-34A0-8033-2BB61D211647}.Release|x64.Build.0 = Release|x64
		{1A6E6E50-6D20-34A0-8033-2BB61D211647}.MinSizeRel|x64.ActiveCfg = MinSizeRel|x64
		{1A6E6E50-6D20-34A0-8033-2BB61D211647}.MinSizeRel|x64.Build.0 = MinSizeRel|x64
		{1A6E6E50-6D20-34A0-8033-2BB61D211647}.RelWithDebInfo|x64.ActiveCfg = RelWithDebInfo|x64
		{1A6E6E50-6D20-34A0-8033-2BB61D211647}.RelWithDebInfo|x64.Build.0 = RelWithDebInfo|x64
		{3B2591D3-BE97-3380-B268-594569241731}.Debug|x64.ActiveCfg = Debug|x64
		{3B2591D3-BE97-3380-B268-594569241731}.Debug|x64.Build.0 = Debug|x64
		{3B2591D3-BE97-3380-B268-594569241731}.Release|x64.ActiveCfg = Release|x64
		{3B2591D3-BE97-3380-B268-594569241731}.Release|x64.Build.0 = Release|x64
		{3B2591D3-BE97-3380-B268-594569241731}.MinSizeRel|x64.ActiveCfg = MinSizeRel|x64
		{3B2591D3-BE97-3380-B268-594569241731}.MinSizeRel|x64.Build.0 = MinSizeRel|x64
		{3B2591D3-BE97-3380-B268-594569241731}.RelWithDebInfo|x64.ActiveCfg = RelWithDebInfo|x64
		{3B2591D3-BE97-3380-B268-594569241731}.RelWithDebInfo|x64.Build.0 = RelWithDebInfo|x64
		{E41E4F08-D071-3E7B-B742-B7256CD37F5A}.Debug|x64.ActiveCfg = Debug|x64
		{E41E4F08-D071-3E7B-B742-B7256CD37F5A}.Debug|x64.Build.0 = Debug|x64
		{E41E4F08-D071-3E7B-B742-B7256CD37F5A}.Release|x64.ActiveCfg = Release|x64
		{E41E4F08-D071-3E7B-B742-B7256CD37F5A}.Release|x64.Build.0 = Release|x64
		{E41E4F08-D071-3E7B-B742-B7256CD37F5A}.MinSizeRel|x64.ActiveCfg = MinSizeRel|x64
		{E41E4F08-D071-3E7B-B742-B7256CD37F5A}.MinSizeRel|x64.Build.0 = MinSizeRel|x64
		{E41E4F08-D071-3E7B-B742-B7256CD37F5A}.RelWithDebInfo|x64.ActiveCfg = RelWithDebInfo|x64
		{E41E4F08-D071-3E7B-B742-B7256CD37F5A}.RelWithDebInfo|x64.Build.0 = RelWithDebInfo|x64
		{3557E6A3-CA84-37B7-9914-5109A01A760C}.Debug|x64.ActiveCfg = Debug|x64
		{3557E6A3-CA84-37B7-9914-5109A01A760C}.Debug|x64.Build.0 = Debug|x64
		{3557E6A3-CA84-37B7-9914-5109A01A760C}.Release|x64.ActiveCfg = Release|x64
		{3557E6A3-CA84-37B7-9914-5109A01A760C}.Release|x64.Build.0 = Release|x64
		{3557E6A3-CA84-37B7-9914-5109A01A760C}.MinSizeRel|x64.ActiveCfg = MinSizeRel|x64
		{3557E6A3-CA84-37B7-9914-5109A01A760C}.MinSizeRel|x64.Build.0 = MinSizeRel|x64
		{3557E6A3-CA84-37B7-9914-5109A01A760C}.RelWithDebInfo|x64.ActiveCfg = RelWithDebInfo|x64
		{3557E6A3-CA84-37B7-9914-5109A01A760C}.RelWithDebInfo|x64.Build.0 = RelWithDebInfo|x64
		{8A38F7F7-45D8-380A-9245-0DEEF9105BC3}.Debug|x64.ActiveCfg = Debug|x64
		{8A38F7F7-45D8-380A-9245-0DEEF9105BC3}.Debug|x64.Build.0 = Debug|x64
		{8A38F7F7-45D8-380A-9245-0DEEF9105BC3}.Release|x64.ActiveCfg = Release|x64
		{8A38F7F7-45D8-380A-9245-0DEEF9105BC3}.Release|x64.Build.0 = Release|x64
		{8A38F7F7-45D8-380A-9245-0DEEF9105BC3}.MinSizeRel|x64.ActiveCfg = MinSizeRel|x64
		{8A38F7F7-45D8-380A-9245-0DEEF9105BC3}.MinSizeRel|x64.Build.0 = MinSizeRel|x64
		{8A38F7F7-45D8-380A-9245-0DEEF9105BC3}.RelWithDebInfo|x64.ActiveCfg = RelWithDebInfo|x64
		{8A38F7F7-45D8-380A-9245-0DEEF9105BC3}.RelWithDebInfo|x64.Build.0 = RelWithDebInfo|x64
		{1C6694D6-C0A3-3E5C-82E5-1981CDAA8461}.Debug|x64.ActiveCfg = Debug|x64
		{1C6694D6-C0A3-3E5C-82E5-1981CDAA8461}.Debug|x64.Build.0 = Debug|x64
		{1C6694D6-C0A3-3E5C-82E5-1981CDAA8461}.Release|x64.ActiveCfg = Release|x64
		{1C6694D6-C0A3-3E5C-82E5-1981CDAA8461}.Release|x64.Build.0 = Release|x64
		{1C6694D6-C0A3-3E5C-82E5-1981CDAA8461}.MinSizeRel|x64.ActiveCfg = MinSizeRel|x64
		{1C6694D6-C0A3-3E5C-82E5-1981CDAA8461}.MinSizeRel|x64.Build.0 = MinSizeRel|x64
		{1C6694D6-C0A3-3E5C-82E5-1981CDAA8461}.RelWithDebInfo|x64.ActiveCfg = RelWithDebInfo|x64
		{1C6694D6-C0A3-3E5C-82E5-1981CDAA8461}.RelWithDebInfo|x64.Build.0 = RelWithDebInfo|x64
		{AAE743AC-79C9-3C1D-9B7D-C45F81BA9E16}.Debug|x64.ActiveCfg = Debug|x64
		{AAE743AC-79C9-3C1D-9B7D-C45F81BA9E16}.Debug|x64.Build.0 = Debug|x64
		{AAE743AC-79C9-3C1D-9B7D-C45F81BA9E16}.Release|x64.ActiveCfg = Release|x64
		{AAE743AC-79C9-3C1D-9B7D-C45F81BA9E16}.Release|x64.Build.0 = Release|x64
		{AAE743AC-79C9-3C1D-9B7D-C45F81BA9E16}.MinSizeRel|x64.ActiveCfg = MinSizeRel|x64
		{AAE743AC-79C9-3C1D-9B7D-C45F81BA9E16}.MinSizeRel|x64.Build.0 = MinSizeRel|x64
		{AAE743AC-79C9-3C1D-9B7D-C45F81BA9E16}.RelWithDebInfo|x64.ActiveCfg = RelWithDebInfo|x64
		{AAE743AC-79C9-3C1D-9B7D-C45F81BA9E16}.RelWithDebInfo|x64.Build.0 = RelWithDebInfo|x64
		{E9CC8232-5E78-32F3-A9E7-73B21ECBD8C7}.Debug|x64.ActiveCfg = Debug|x64
		{E9CC8232-5E78-32F3-A9E7-73B21ECBD8C7}.Debug|x64.Build.0 = Debug|x64
		{E9CC8232-5E78-32F3-A9E7-73B21ECBD8C7}.Release|x64.ActiveCfg = Release|x64
		{E9CC8232-5E78-32F3-A9E7-73B21ECBD8C7}.Release|x64.Build.0 = Release|x64
		{E9CC8232-5E78-32F3-A9E7-73B21ECBD8C7}.MinSizeRel|x64.ActiveCfg = MinSizeRel|x64
		{E9CC8232-5E78-32F3-A9E7-73B21ECBD8C7}.MinSizeRel|x64.Build.0 = MinSizeRel|x64
		{E9CC8232-5E78-32F3-A9E7-73B21ECBD8C7}.RelWithDebInfo|x64.ActiveCfg = RelWithDebInfo|x64
		{E9CC8232-5E78-32F3-A9E7-73B21ECBD8C7}.RelWithDebInfo|x64.Build.0 = RelWithDebInfo|x64
		{972DE746-F98C-3CC9-991C-F257FB80B6F3}.Debug|x64.ActiveCfg = Debug|x64
		{972DE746-F98C-3CC9-991C-F257FB80B6F3}.Debug|x64.Build.0 = Debug|x64
		{972DE746-F98C-3CC9-991C-F257FB80B6F3}.Release|x64.ActiveCfg = Release|x64
		{972DE746-F98C-3CC9-991C-F257FB80B6F3}.Release|x64.Build.0 = Release|x64
		{972DE746-F98C-3CC9-991C-F257FB80B6F3}.MinSizeRel|x64.ActiveCfg = MinSizeRel|x64
		{972DE746-F98C-3CC9-991C-F257FB80B6F3}.MinSizeRel|x64.Build.0 = MinSizeRel|x64
		{972DE746-F98C-3CC9-991C-F257FB80B6F3}.RelWithDebInfo|x64.ActiveCfg = RelWithDebInfo|x64
		{972DE746-F98C-3CC9-991C-F257FB80B6F3}.RelWithDebInfo|x64.Build.0 = RelWithDebInfo|x64
		{B10CB785-912B-34AC-AF98-B8F9FFFA089A}.Debug|x64.ActiveCfg = Debug|x64
		{B10CB785-912B-34AC-AF98-B8F9FFFA089A}.Debug|x64.Build.0 = Debug|x64
		{B10CB785-912B-34AC-AF98-B8F9FFFA089A}.Release|x64.ActiveCfg = Release|x64
		{B10CB785-912B-34AC-AF98-B8F9FFFA089A}.Release|x64.Build.0 = Release|x64
		{B10CB785-912B-34AC-AF98-B8F9FFFA089A}.MinSizeRel|x64.ActiveCfg = MinSizeRel|x64
		{B10CB785-912B-34AC-AF98-B8F9FFFA089A}.MinSizeRel|x64.Build.0 = MinSizeRel|x64
		{B10CB785-912B-34AC-AF98-B8F9FFFA089A}.RelWithDebInfo|x64.ActiveCfg = RelWithDebInfo|x64
		{B10CB785-912B-34AC-AF98-B8F9FFFA089A}.RelWithDebInfo|x64.Build.0 = RelWithDebInfo|x64
		{3E46E7B7-319F-3349-A2D4-F5404D780919}.Debug|x64.ActiveCfg = Debug|x64
		{3E46E7B7-319F-3349-A2D4-F5404D780919}.Debug|x64.Build.0 = Debug|x64
		{3E46E7B7-319F-3349-A2D4-F5404D780919}.Release|x64.ActiveCfg = Release|x64
		{3E46E7B7-319F-3349-A2D4-F5404D780919}.Release|x64.Build.0 = Release|x64
		{3E46E7B7-319F-3349-A2D4-F5404D780919}.MinSizeRel|x64.ActiveCfg = MinSizeRel|x64
		{3E46E7B7-319F-3349-A2D4-F5404D780919}.MinSizeRel|x64.Build.0 = MinSizeRel|x64
		{3E46E7B7-319F-3349-A2D4-F5404D780919}.RelWithDebInfo|x64.ActiveCfg = RelWithDebInfo|x64
		{3E46E7B7-319F-3349-A2D4-F5404D780919}.RelWithDebInfo|x64.Build.0 = RelWithDebInfo|x64
		{2AEF5D64-5256-34CD-B7CD-E4F4D8B8F722}.Debug|x64.ActiveCfg = Debug|x64
		{2AEF5D64-5256-34CD-B7CD-E4F4D8B8F722}.Debug|x64.Build.0 = Debug|x64
		{2AEF5D64-5256-34CD-B7CD-E4F4D8B8F722}.Release|x64.ActiveCfg = Release|x64
		{2AEF5D64-5256-34CD-B7CD-E4F4D8B8F722}.Release|x64.Build.0 = Release|x64
		{2AEF5D64-5256-34CD-B7CD-E4F4D8B8F722}.MinSizeRel|x64.ActiveCfg = MinSizeRel|x64
		{2AEF5D64-5256-34CD-B7CD-E4F4D8B8F722}.MinSizeRel|x64.Build.0 = MinSizeRel|x64
		{2AEF5D64-5256-34CD-B7CD-E4F4D8B8F722}.RelWithDebInfo|x64.ActiveCfg = RelWithDebInfo|x64
		{2AEF5D64-5256-34CD-B7CD-E4F4D8B8F722}.RelWithDebInfo|x64.Build.0 = RelWithDebInfo|x64
		{72037041-C47F-3C15-BE63-C27EF9C1725A}.Debug|x64.ActiveCfg = Debug|x64
		{72037041-C47F-3C15-BE63-C27EF9C1725A}.Debug|x64.Build.0 = Debug|x64
		{72037041-C47F-3C15-BE63-C27EF9C1725A}.Release|x64.ActiveCfg = Release|x64
		{72037041-C47F-3C15-BE63-C27EF9C1725A}.Release|x64.Build.0 = Release|x64
		{72037041-C47F-3C15-BE63-C27EF9C1725A}.MinSizeRel|x64.ActiveCfg = MinSizeRel|x64
		{72037041-C47F-3C15-BE63-C27EF9C1725A}.MinSizeRel|x64.Build.0 = MinSizeRel|x64
		{72037041-C47F-3C15-BE63-C27EF9C1725A}.RelWithDebInfo|x64.ActiveCfg = RelWithDebInfo|x64
		{72037041-C47F-3C15-BE63-C27EF9C1725A}.RelWithDebInfo|x64.Build.0 = RelWithDebInfo|x64
		{A6528BB2-08AD-3E50-B51B-95E1FE49DACD}.Debug|x64.ActiveCfg = Debug|x64
		{A6528BB2-08AD-3E50-B51B-95E1FE49DACD}.Debug|x64.Build.0 = Debug|x64
		{A6528BB2-08AD-3E50-B51B-95E1FE49DACD}.Release|x64.ActiveCfg = Release|x64
		{A6528BB2-08AD-3E50-B51B-95E1FE49DACD}.Release|x64.Build.0 = Release|x64
		{A6528BB2-08AD-3E50-B51B-95E1FE49DACD}.MinSizeRel|x64.ActiveCfg = MinSizeRel|x64
		{A6528BB2-08AD-3E50-B51B-95E1FE49DACD}.MinSizeRel|x64.Build.0 = MinSizeRel|x64
		{A6528BB2-08AD-3E50-B51B-95E1FE49DACD}.RelWithDebInfo|x64.ActiveCfg = RelWithDebInfo|x64
		{A6528BB2-08AD-3E50-B51B-95E1FE49DACD}.RelWithDebInfo|x64.Build.0 = RelWithDebInfo|x64
		{790A2AC7-F4A2-396E-9E02-C5743309E871}.Debug|x64.ActiveCfg = Debug|x64
		{790A2AC7-F4A2-396E-9E02-C5743309E871}.Debug|x64.Build.0 = Debug|x64
		{790A2AC7-F4A2-396E-9E02-C5743309E871}.Release|x64.ActiveCfg = Release|x64
		{790A2AC7-F4A2-396E-9E02-C5743309E871}.Release|x64.Build.0 = Release|x64
		{790A2AC7-F4A2-396E-9E02-C5743309E871}.MinSizeRel|x64.ActiveCfg = MinSizeRel|x64
		{790A2AC7-F4A2-396E-9E02-C5743309E871}.MinSizeRel|x64.Build.0 = MinSizeRel|x64
		{790A2AC7-F4A2-396E-9E02-C5743309E871}.RelWithDebInfo|x64.ActiveCfg = RelWithDebInfo|x64
		{790A2AC7-F4A2-396E-9E02-C5743309E871}.RelWithDebInfo|x64.Build.0 = RelWithDebInfo|x64
		{3ADE8035-651F-33BB-A0A7-F98A885627E8}.Debug|x64.ActiveCfg = Debug|x64
		{3ADE8035-651F-33BB-A0A7-F98A885627E8}.Debug|x64.Build.0 = Debug|x64
		{3ADE8035-651F-33BB-A0A7-F98A885627E8}.Release|x64.ActiveCfg = Release|x64
		{3ADE8035-651F-33BB-A0A7-F98A885627E8}.Release|x64.Build.0 = Release|x64
		{3ADE8035-651F-33BB-A0A7-F98A885627E8}.MinSizeRel|x64.ActiveCfg = MinSizeRel|x64
		{3ADE8035-651F-33BB-A0A7-F98A885627E8}.MinSizeRel|x64.Build.0 = MinSizeRel|x64
		{3ADE8035-651F-33BB-A0A7-F98A885627E8}.RelWithDebInfo|x64.ActiveCfg = RelWithDebInfo|x64
		{3ADE8035-651F-33BB-A0A7-F98A885627E8}.RelWithDebInfo|x64.Build.0 = RelWithDebInfo|x64
		{17176D82-9032-3C70-AB6D-D8404B7C0175}.Debug|x64.ActiveCfg = Debug|x64
		{17176D82-9032-3C70-AB6D-D8404B7C0175}.Debug|x64.Build.0 = Debug|x64
		{17176D82-9032-3C70-AB6D-D8404B7C0175}.Release|x64.ActiveCfg = Release|x64
		{17176D82-9032-3C70-AB6D-D8404B7C0175}.Release|x64.Build.0 = Release|x64
		{17176D82-9032-3C70-AB6D-D8404B7C0175}.MinSizeRel|x64.ActiveCfg = MinSizeRel|x64
		{17176D82-9032-3C70-AB6D-D8404B7C0175}.MinSizeRel|x64.Build.0 = MinSizeRel|x64
		{17176D82-9032-3C70-AB6D-D8404B7C0175}.RelWithDebInfo|x64.ActiveCfg = RelWithDebInfo|x64
		{17176D82-9032-3C70-AB6D-D8404B7C0175}.RelWithDebInfo|x64.Build.0 = RelWithDebInfo|x64
		{5477CEDA-79FD-398F-B2E4-3025350C1BEF}.Debug|x64.ActiveCfg = Debug|x64
		{5477CEDA-79FD-398F-B2E4-3025350C1BEF}.Debug|x64.Build.0 = Debug|x64
		{5477CEDA-79FD-398F-B2E4-3025350C1BEF}.Release|x64.ActiveCfg = Release|x64
		{5477CEDA-79FD-398F-B2E4-3025350C1BEF}.Release|x64.Build.0 = Release|x64
		{5477CEDA-79FD-398F-B2E4-3025350C1BEF}.MinSizeRel|x64.ActiveCfg = MinSizeRel|x64
		{5477CEDA-79FD-398F-B2E4-3025350C1BEF}.MinSizeRel|x64.Build.0 = MinSizeRel|x64
		{5477CEDA-79FD-398F-B2E4-3025350C1BEF}.RelWithDebInfo|x64.ActiveCfg = RelWithDebInfo|x64
		{5477CEDA-79FD-398F-B2E4-3025350C1BEF}.RelWithDebInfo|x64.Build.0 = RelWithDebInfo|x64
		{93B5BCD9-AA72-3E04-89FA-43DD573FF1CC}.Debug|x64.ActiveCfg = Debug|x64
		{93B5BCD9-AA72-3E04-89FA-43DD573FF1CC}.Debug|x64.Build.0 = Debug|x64
		{93B5BCD9-AA72-3E04-89FA-43DD573FF1CC}.Release|x64.ActiveCfg = Release|x64
		{93B5BCD9-AA72-3E04-89FA-43DD573FF1CC}.Release|x64.Build.0 = Release|x64
		{93B5BCD9-AA72-3E04-89FA-43DD573FF1CC}.MinSizeRel|x64.ActiveCfg = MinSizeRel|x64
		{93B5BCD9-AA72-3E04-89FA-43DD573FF1CC}.MinSizeRel|x64.Build.0 = MinSizeRel|x64
		{93B5BCD9-AA72-3E04-89FA-43DD573FF1CC}.RelWithDebInfo|x64.ActiveCfg = RelWithDebInfo|x64
		{93B5BCD9-AA72-3E04-89FA-43DD573FF1CC}.RelWithDebInfo|x64.Build.0 = RelWithDebInfo|x64
		{0BE63336-9C70-3989-9A0E-69E07F52AFD1}.Debug|x64.ActiveCfg = Debug|x64
		{0BE63336-9C70-3989-9A0E-69E07F52AFD1}.Debug|x64.Build.0 = Debug|x64
		{0BE63336-9C70-3989-9A0E-69E07F52AFD1}.Release|x64.ActiveCfg = Release|x64
		{0BE63336-9C70-3989-9A0E-69E07F52AFD1}.Release|x64.Build.0 = Release|x64
		{0BE63336-9C70-3989-9A0E-69E07F52AFD1}.MinSizeRel|x64.ActiveCfg = MinSizeRel|x64
		{0BE63336-9C70-3989-9A0E-69E07F52AFD1}.MinSizeRel|x64.Build.0 = MinSizeRel|x64
		{0BE63336-9C70-3989-9A0E-69E07F52AFD1}.RelWithDebInfo|x64.ActiveCfg = RelWithDebInfo|x64
		{0BE63336-9C70-3989-9A0E-69E07F52AFD1}.RelWithDebInfo|x64.Build.0 = RelWithDebInfo|x64
		{7C18E6E5-21EB-3B4D-9260-0AD66941D9ED}.Debug|x64.ActiveCfg = Debug|x64
		{7C18E6E5-21EB-3B4D-9260-0AD66941D9ED}.Debug|x64.Build.0 = Debug|x64
		{7C18E6E5-21EB-3B4D-9260-0AD66941D9ED}.Release|x64.ActiveCfg = Release|x64
		{7C18E6E5-21EB-3B4D-9260-0AD66941D9ED}.Release|x64.Build.0 = Release|x64
		{7C18E6E5-21EB-3B4D-9260-0AD66941D9ED}.MinSizeRel|x64.ActiveCfg = MinSizeRel|x64
		{7C18E6E5-21EB-3B4D-9260-0AD66941D9ED}.MinSizeRel|x64.Build.0 = MinSizeRel|x64
		{7C18E6E5-21EB-3B4D-9260-0AD66941D9ED}.RelWithDebInfo|x64.ActiveCfg = RelWithDebInfo|x64
		{7C18E6E5-21EB-3B4D-9260-0AD66941D9ED}.RelWithDebInfo|x64.Build.0 = RelWithDebInfo|x64
		{E2ACF03A-85A9-382F-84D1-4E8FD8ED8409}.Debug|x64.ActiveCfg = Debug|x64
		{E2ACF03A-85A9-382F-84D1-4E8FD8ED8409}.Debug|x64.Build.0 = Debug|x64
		{E2ACF03A-85A9-382F-84D1-4E8FD8ED8409}.Release|x64.ActiveCfg = Release|x64
		{E2ACF03A-85A9-382F-84D1-4E8FD8ED8409}.Release|x64.Build.0 = Release|x64
		{E2ACF03A-85A9-382F-84D1-4E8FD8ED8409}.MinSizeRel|x64.ActiveCfg = MinSizeRel|x64
		{E2ACF03A-85A9-382F-84D1-4E8FD8ED8409}.MinSizeRel|x64.Build.0 = MinSizeRel|x64
		{E2ACF03A-85A9-382F-84D1-4E8FD8ED8409}.RelWithDebInfo|x64.ActiveCfg = RelWithDebInfo|x64
		{E2ACF03A-85A9-382F-84D1-4E8FD8ED8409}.RelWithDebInfo|x64.Build.0 = RelWithDebInfo|x64
		{6FCA191B-888B-397E-A67C-5407CE840A70}.Debug|x64.ActiveCfg = Debug|x64
		{6FCA191B-888B-397E-A67C-5407CE840A70}.Debug|x64.Build.0 = Debug|x64
		{6FCA191B-888B-397E-A67C-5407CE840A70}.Release|x64.ActiveCfg = Release|x64
		{6FCA191B-888B-397E-A67C-5407CE840A70}.Release|x64.Build.0 = Release|x64
		{6FCA191B-888B-397E-A67C-5407CE840A70}.MinSizeRel|x64.ActiveCfg = MinSizeRel|x64
		{6FCA191B-888B-397E-A67C-5407CE840A70}.MinSizeRel|x64.Build.0 = MinSizeRel|x64
		{6FCA191B-888B-397E-A67C-5407CE840A70}.RelWithDebInfo|x64.ActiveCfg = RelWithDebInfo|x64
		{6FCA191B-888B-397E-A67C-5407CE840A70}.RelWithDebInfo|x64.Build.0 = RelWithDebInfo|x64
		{7C11A9C5-7CBD-3139-8BD5-C3BA4D49DBFA}.Debug|x64.ActiveCfg = Debug|x64
		{7C11A9C5-7CBD-3139-8BD5-C3BA4D49DBFA}.Debug|x64.Build.0 = Debug|x64
		{7C11A9C5-7CBD-3139-8BD5-C3BA4D49DBFA}.Release|x64.ActiveCfg = Release|x64
		{7C11A9C5-7CBD-3139-8BD5-C3BA4D49DBFA}.Release|x64.Build.0 = Release|x64
		{7C11A9C5-7CBD-3139-8BD5-C3BA4D49DBFA}.MinSizeRel|x64.ActiveCfg = MinSizeRel|x64
		{7C11A9C5-7CBD-3139-8BD5-C3BA4D49DBFA}.MinSizeRel|x64.Build.0 = MinSizeRel|x64
		{7C11A9C5-7CBD-3139-8BD5-C3BA4D49DBFA}.RelWithDebInfo|x64.ActiveCfg = RelWithDebInfo|x64
		{7C11A9C5-7CBD-3139-8BD5-C3BA4D49DBFA}.RelWithDebInfo|x64.Build.0 = RelWithDebInfo|x64
		{28FD23E5-7B42-36AD-9410-D1162F50D0D0}.Debug|x64.ActiveCfg = Debug|x64
		{28FD23E5-7B42-36AD-9410-D1162F50D0D0}.Debug|x64.Build.0 = Debug|x64
		{28FD23E5-7B42-36AD-9410-D1162F50D0D0}.Release|x64.ActiveCfg = Release|x64
		{28FD23E5-7B42-36AD-9410-D1162F50D0D0}.Release|x64.Build.0 = Release|x64
		{28FD23E5-7B42-36AD-9410-D1162F50D0D0}.MinSizeRel|x64.ActiveCfg = MinSizeRel|x64
		{28FD23E5-7B42-36AD-9410-D1162F50D0D0}.MinSizeRel|x64.Build.0 = MinSizeRel|x64
		{28FD23E5-7B42-36AD-9410-D1162F50D0D0}.RelWithDebInfo|x64.ActiveCfg = RelWithDebInfo|x64
		{28FD23E5-7B42-36AD-9410-D1162F50D0D0}.RelWithDebInfo|x64.Build.0 = RelWithDebInfo|x64
		{A25D0A3A-548E-3E45-B821-2410CCE8D164}.Debug|x64.ActiveCfg = Debug|x64
		{A25D0A3A-548E-3E45-B821-2410CCE8D164}.Debug|x64.Build.0 = Debug|x64
		{A25D0A3A-548E-3E45-B821-2410CCE8D164}.Release|x64.ActiveCfg = Release|x64
		{A25D0A3A-548E-3E45-B821-2410CCE8D164}.Release|x64.Build.0 = Release|x64
		{A25D0A3A-548E-3E45-B821-2410CCE8D164}.MinSizeRel|x64.ActiveCfg = MinSizeRel|x64
		{A25D0A3A-548E-3E45-B821-2410CCE8D164}.MinSizeRel|x64.Build.0 = MinSizeRel|x64
		{A25D0A3A-548E-3E45-B821-2410CCE8D164}.RelWithDebInfo|x64.ActiveCfg = RelWithDebInfo|x64
		{A25D0A3A-548E-3E45-B821-2410CCE8D164}.RelWithDebInfo|x64.Build.0 = RelWithDebInfo|x64
		{FEA65E76-D562-31D9-9AB3-5962D5F1DD34}.Debug|x64.ActiveCfg = Debug|x64
		{FEA65E76-D562-31D9-9AB3-5962D5F1DD34}.Debug|x64.Build.0 = Debug|x64
		{FEA65E76-D562-31D9-9AB3-5962D5F1DD34}.Release|x64.ActiveCfg = Release|x64
		{FEA65E76-D562-31D9-9AB3-5962D5F1DD34}.Release|x64.Build.0 = Release|x64
		{FEA65E76-D562-31D9-9AB3-5962D5F1DD34}.MinSizeRel|x64.ActiveCfg = MinSizeRel|x64
		{FEA65E76-D562-31D9-9AB3-5962D5F1DD34}.MinSizeRel|x64.Build.0 = MinSizeRel|x64
		{FEA65E76-D562-31D9-9AB3-5962D5F1DD34}.RelWithDebInfo|x64.ActiveCfg = RelWithDebInfo|x64
		{FEA65E76-D562-31D9-9AB3-5962D5F1DD34}.RelWithDebInfo|x64.Build.0 = RelWithDebInfo|x64
	EndGlobalSection
	GlobalSection(ExtensibilityGlobals) = postSolution
		SolutionGuid = {131057AD-C448-31F1-A635-08F960E8FF21}
	EndGlobalSection
	GlobalSection(ExtensibilityAddIns) = postSolution
	EndGlobalSection
EndGlobal
